{
  "name": "edtf",
  "version": "0.1.0",
  "lockfileVersion": 2,
  "requires": true,
  "packages": {
    "": {
      "name": "edtf",
      "version": "0.1.0",
      "license": "Apache-2.0",
      "dependencies": {
        "edtf": "^3.1.0"
      }
    },
    "node_modules/commander": {
      "version": "2.20.3",
      "resolved": "https://registry.npmjs.org/commander/-/commander-2.20.3.tgz",
      "integrity": "sha512-GpVkmM8vF2vQUkj2LvZmD35JxeJOLCwJ9cUkugyk2nuhbv3+mJvpLYYt+0+USMxE+oj+ey/lJEnhZw75x/OMcQ=="
    },
    "node_modules/discontinuous-range": {
      "version": "1.0.0",
      "resolved": "https://registry.npmjs.org/discontinuous-range/-/discontinuous-range-1.0.0.tgz",
      "integrity": "sha1-44Mx8IRLukm5qctxx3FYWqsbxlo="
    },
    "node_modules/drange": {
      "version": "1.1.1",
      "resolved": "https://registry.npmjs.org/drange/-/drange-1.1.1.tgz",
      "integrity": "sha512-pYxfDYpued//QpnLIm4Avk7rsNtAtQkUES2cwAYSvD/wd2pKD71gN2Ebj3e7klzXwjocvE8c5vx/1fxwpqmSxA==",
      "optional": true,
      "engines": {
        "node": ">=4"
      }
    },
    "node_modules/edtf": {
      "version": "3.1.0",
      "resolved": "https://registry.npmjs.org/edtf/-/edtf-3.1.0.tgz",
      "integrity": "sha512-m9pPUyBb/REAYraG/+l+D7HRHpCwK+8jaZyBrO0BP0elRSRxt0O+4ttbpY5SyctkLL/hF/AMEaco36m74ZxQIw==",
      "dependencies": {
        "nearley": "^2.19.7"
      },
      "optionalDependencies": {
        "randexp": "^0.5.3"
      }
    },
    "node_modules/moo": {
      "version": "0.5.1",
      "resolved": "https://registry.npmjs.org/moo/-/moo-0.5.1.tgz",
      "integrity": "sha512-I1mnb5xn4fO80BH9BLcF0yLypy2UKl+Cb01Fu0hJRkJjlCRtxZMWkTdAtDd5ZqCOxtCkhmRwyI57vWT+1iZ67w=="
    },
    "node_modules/nearley": {
      "version": "2.20.1",
      "resolved": "https://registry.npmjs.org/nearley/-/nearley-2.20.1.tgz",
      "integrity": "sha512-+Mc8UaAebFzgV+KpI5n7DasuuQCHA89dmwm7JXw3TV43ukfNQ9DnBH3Mdb2g/I4Fdxc26pwimBWvjIw0UAILSQ==",
      "dependencies": {
        "commander": "^2.19.0",
        "moo": "^0.5.0",
        "railroad-diagrams": "^1.0.0",
        "randexp": "0.4.6"
      },
      "bin": {
        "nearley-railroad": "bin/nearley-railroad.js",
        "nearley-test": "bin/nearley-test.js",
        "nearley-unparse": "bin/nearley-unparse.js",
        "nearleyc": "bin/nearleyc.js"
      },
      "funding": {
        "type": "individual",
        "url": "https://nearley.js.org/#give-to-nearley"
      }
    },
    "node_modules/nearley/node_modules/randexp": {
      "version": "0.4.6",
      "resolved": "https://registry.npmjs.org/randexp/-/randexp-0.4.6.tgz",
      "integrity": "sha512-80WNmd9DA0tmZrw9qQa62GPPWfuXJknrmVmLcxvq4uZBdYqb1wYoKTmnlGUchvVWe0XiLupYkBoXVOxz3C8DYQ==",
      "dependencies": {
        "discontinuous-range": "1.0.0",
        "ret": "~0.1.10"
      },
      "engines": {
        "node": ">=0.12"
      }
    },
    "node_modules/railroad-diagrams": {
      "version": "1.0.0",
      "resolved": "https://registry.npmjs.org/railroad-diagrams/-/railroad-diagrams-1.0.0.tgz",
      "integrity": "sha1-635iZ1SN3t+4mcG5Dlc3RVnN234="
    },
    "node_modules/randexp": {
      "version": "0.5.3",
      "resolved": "https://registry.npmjs.org/randexp/-/randexp-0.5.3.tgz",
      "integrity": "sha512-U+5l2KrcMNOUPYvazA3h5ekF80FHTUG+87SEAmHZmolh1M+i/WyTCxVzmi+tidIa1tM4BSe8g2Y/D3loWDjj+w==",
      "optional": true,
      "dependencies": {
        "drange": "^1.0.2",
        "ret": "^0.2.0"
      },
      "engines": {
        "node": ">=4"
      }
    },
    "node_modules/randexp/node_modules/ret": {
      "version": "0.2.2",
      "resolved": "https://registry.npmjs.org/ret/-/ret-0.2.2.tgz",
      "integrity": "sha512-M0b3YWQs7R3Z917WRQy1HHA7Ba7D8hvZg6UE5mLykJxQVE2ju0IXbGlaHPPlkY+WN7wFP+wUMXmBFA0aV6vYGQ==",
      "optional": true,
      "engines": {
        "node": ">=4"
      }
    },
    "node_modules/ret": {
      "version": "0.1.15",
      "resolved": "https://registry.npmjs.org/ret/-/ret-0.1.15.tgz",
      "integrity": "sha512-TTlYpa+OL+vMMNG24xSlQGEJ3B/RzEfUlLct7b5G/ytav+wPrplCpVMFuwzXbkecJrb6IYo1iFb0S9v37754mg==",
      "engines": {
        "node": ">=0.12"
      }
    }
  },
  "dependencies": {
    "commander": {
      "version": "2.20.3",
      "resolved": "https://registry.npmjs.org/commander/-/commander-2.20.3.tgz",
      "integrity": "sha512-GpVkmM8vF2vQUkj2LvZmD35JxeJOLCwJ9cUkugyk2nuhbv3+mJvpLYYt+0+USMxE+oj+ey/lJEnhZw75x/OMcQ=="
    },
    "discontinuous-range": {
      "version": "1.0.0",
      "resolved": "https://registry.npmjs.org/discontinuous-range/-/discontinuous-range-1.0.0.tgz",
      "integrity": "sha1-44Mx8IRLukm5qctxx3FYWqsbxlo="
    },
    "drange": {
      "version": "1.1.1",
      "resolved": "https://registry.npmjs.org/drange/-/drange-1.1.1.tgz",
      "integrity": "sha512-pYxfDYpued//QpnLIm4Avk7rsNtAtQkUES2cwAYSvD/wd2pKD71gN2Ebj3e7klzXwjocvE8c5vx/1fxwpqmSxA==",
      "optional": true
    },
    "edtf": {
      "version": "3.1.0",
      "resolved": "https://registry.npmjs.org/edtf/-/edtf-3.1.0.tgz",
      "integrity": "sha512-m9pPUyBb/REAYraG/+l+D7HRHpCwK+8jaZyBrO0BP0elRSRxt0O+4ttbpY5SyctkLL/hF/AMEaco36m74ZxQIw==",
      "requires": {
        "nearley": "^2.19.7",
        "randexp": "^0.5.3"
      }
    },
    "moo": {
      "version": "0.5.1",
      "resolved": "https://registry.npmjs.org/moo/-/moo-0.5.1.tgz",
      "integrity": "sha512-I1mnb5xn4fO80BH9BLcF0yLypy2UKl+Cb01Fu0hJRkJjlCRtxZMWkTdAtDd5ZqCOxtCkhmRwyI57vWT+1iZ67w=="
    },
    "nearley": {
      "version": "2.20.1",
      "resolved": "https://registry.npmjs.org/nearley/-/nearley-2.20.1.tgz",
      "integrity": "sha512-+Mc8UaAebFzgV+KpI5n7DasuuQCHA89dmwm7JXw3TV43ukfNQ9DnBH3Mdb2g/I4Fdxc26pwimBWvjIw0UAILSQ==",
      "requires": {
        "commander": "^2.19.0",
        "moo": "^0.5.0",
        "railroad-diagrams": "^1.0.0",
        "randexp": "0.4.6"
      },
      "dependencies": {
        "randexp": {
          "version": "0.4.6",
          "resolved": "https://registry.npmjs.org/randexp/-/randexp-0.4.6.tgz",
          "integrity": "sha512-80WNmd9DA0tmZrw9qQa62GPPWfuXJknrmVmLcxvq4uZBdYqb1wYoKTmnlGUchvVWe0XiLupYkBoXVOxz3C8DYQ==",
          "requires": {
            "discontinuous-range": "1.0.0",
            "ret": "~0.1.10"
          }
        }
      }
    },
    "railroad-diagrams": {
      "version": "1.0.0",
      "resolved": "https://registry.npmjs.org/railroad-diagrams/-/railroad-diagrams-1.0.0.tgz",
      "integrity": "sha1-635iZ1SN3t+4mcG5Dlc3RVnN234="
    },
    "randexp": {
      "version": "0.5.3",
      "resolved": "https://registry.npmjs.org/randexp/-/randexp-0.5.3.tgz",
      "integrity": "sha512-U+5l2KrcMNOUPYvazA3h5ekF80FHTUG+87SEAmHZmolh1M+i/WyTCxVzmi+tidIa1tM4BSe8g2Y/D3loWDjj+w==",
      "optional": true,
      "requires": {
        "drange": "^1.0.2",
        "ret": "^0.2.0"
      },
      "dependencies": {
        "ret": {
          "version": "0.2.2",
          "resolved": "https://registry.npmjs.org/ret/-/ret-0.2.2.tgz",
          "integrity": "sha512-M0b3YWQs7R3Z917WRQy1HHA7Ba7D8hvZg6UE5mLykJxQVE2ju0IXbGlaHPPlkY+WN7wFP+wUMXmBFA0aV6vYGQ==",
          "optional": true
        }
      }
    },
    "ret": {
      "version": "0.1.15",
      "resolved": "https://registry.npmjs.org/ret/-/ret-0.1.15.tgz",
      "integrity": "sha512-TTlYpa+OL+vMMNG24xSlQGEJ3B/RzEfUlLct7b5G/ytav+wPrplCpVMFuwzXbkecJrb6IYo1iFb0S9v37754mg=="
    }
  }
}
