{
  "name": "execute-fixity",
  "version": "0.1.0",
  "lockfileVersion": 3,
  "requires": true,
  "packages": {
    "": {
      "name": "execute-fixity",
      "version": "0.1.0",
      "license": "Apache-2.0",
      "dependencies": {
        "aws-shim": "../aws-shim"
      }
    },
    "../aws-shim": {
      "version": "0.1.0",
      "license": "Apache2",
      "devDependencies": {
        "aws-sdk": "^2.1354.0"
      }
    },
    "node_modules/aws-shim": {
      "resolved": "../aws-shim",
      "link": true
    }
  }
}
