{
  "lockfileVersion": 1,
  "configVersion": 1,
  "workspaces": {
    "": {
      "name": "node-pyramid",
      "dependencies": {
        "@aws-sdk/client-s3": "^3.987.0",
        "@aws-sdk/client-secrets-manager": "^3.987.0",
        "@aws-sdk/lib-storage": "^3.987.0",
        "@contentauth/c2pa-node": "~0.9.8",
        "@nulib/c2pa-signing": "~0.1.2",
        "concat-stream": "^2.0.0",
        "sharp": "^0.35.3",
        "source-map-support": "^0.5.21",
      },
      "devDependencies": {
        "@node-cli/parser": "^3.1.1",
      },
    },
  },
  "trustedDependencies": [
    "@contentauth/c2pa-node",
  ],
  "packages": {
    "@aws-sdk/checksums": ["@aws-sdk/checksums@3.1001.1", "", { "dependencies": { "@aws-sdk/core": "^3.978.1", "@aws-sdk/types": "^3.974.6", "@smithy/core": "^3.35.0", "@smithy/types": "^4.19.0", "tslib": "^2.6.2" } }, "sha512-x12Q17KYlJAd3nKf8LV5LV0vt8sh8/6YfQLGPtrGnQf/tW4jqxPGq5GPpuVitpQYM3eUR4XB7CbxZf751NMbLw=="],

    "@aws-sdk/client-s3": ["@aws-sdk/client-s3@3.1142.0", "", { "dependencies": { "@aws-sdk/checksums": "^3.1001.1", "@aws-sdk/core": "^3.978.1", "@aws-sdk/credential-provider-node": "^3.972.84", "@aws-sdk/middleware-sdk-s3": "^3.972.77", "@aws-sdk/signature-v4-multi-region": "^3.996.47", "@aws-sdk/types": "^3.974.6", "@smithy/core": "^3.35.0", "@smithy/fetch-http-handler": "^5.8.0", "@smithy/node-http-handler": "^4.12.1", "@smithy/types": "^4.19.0", "tslib": "^2.6.2" } }, "sha512-OC9AcGMFOsBc95YSPWH3O7DE6RUTy7jqeOpVvzO2Dv3rw3w4vQRK+YdLXIbO2yXfmx3N59Y55yAJdDRJFMQK3Q=="],

    "@aws-sdk/client-secrets-manager": ["@aws-sdk/client-secrets-manager@3.1142.0", "", { "dependencies": { "@aws-sdk/core": "^3.978.1", "@aws-sdk/credential-provider-node": "^3.972.84", "@aws-sdk/types": "^3.974.6", "@smithy/core": "^3.35.0", "@smithy/fetch-http-handler": "^5.8.0", "@smithy/node-http-handler": "^4.12.1", "@smithy/types": "^4.19.0", "tslib": "^2.6.2" } }, "sha512-oYcVufrwTo594OphwaN+FGJRd0dy9N+nialpb6Pt1ykvp03+vDqbA5VYkpDDGNG/0+FBYgZp/1O064R3Vpm+UA=="],

    "@aws-sdk/core": ["@aws-sdk/core@3.978.1", "", { "dependencies": { "@aws-sdk/types": "^3.974.6", "@aws-sdk/xml-builder": "^3.972.41", "@aws/lambda-invoke-store": "^0.3.0", "@smithy/core": "^3.35.0", "@smithy/signature-v4": "^5.7.3", "@smithy/types": "^4.19.0", "bowser": "^2.11.0", "tslib": "^2.6.2" } }, "sha512-LbY9aGsEiznDWmUc30Nwv3aIX/+dbwTx8KfS0yOC3NPYMO+O91e6jkT1azf34FwjOndq8/Q+RcVVZz5xnerwdg=="],

    "@aws-sdk/credential-provider-env": ["@aws-sdk/credential-provider-env@3.972.72", "", { "dependencies": { "@aws-sdk/core": "^3.978.1", "@aws-sdk/types": "^3.974.6", "@smithy/core": "^3.35.0", "@smithy/types": "^4.19.0", "tslib": "^2.6.2" } }, "sha512-xTKO/FWJPozTIXbozVnVGoNBhaGba8TBcx+KyUjRVeOlXE+dUc7GTR1cLvu0uTdIdmemzaFbqqCshXeZA1fZew=="],

    "@aws-sdk/credential-provider-http": ["@aws-sdk/credential-provider-http@3.972.74", "", { "dependencies": { "@aws-sdk/core": "^3.978.1", "@aws-sdk/types": "^3.974.6", "@smithy/core": "^3.35.0", "@smithy/fetch-http-handler": "^5.8.0", "@smithy/node-http-handler": "^4.12.1", "@smithy/types": "^4.19.0", "tslib": "^2.6.2" } }, "sha512-u91E/hT8f4d1xy0Jl7VG4nVKJ3lxbrZkoBTeSVoJdWBiSEUMwMS/9+e0H/aJVQV//Lt5wuzP+E69v4aRSsNTmw=="],

    "@aws-sdk/credential-provider-ini": ["@aws-sdk/credential-provider-ini@3.973.17", "", { "dependencies": { "@aws-sdk/core": "^3.978.1", "@aws-sdk/credential-provider-env": "^3.972.72", "@aws-sdk/credential-provider-http": "^3.972.74", "@aws-sdk/credential-provider-login": "^3.972.79", "@aws-sdk/credential-provider-process": "^3.972.72", "@aws-sdk/credential-provider-sso": "^3.973.16", "@aws-sdk/credential-provider-web-identity": "^3.972.78", "@aws-sdk/nested-clients": "^3.997.46", "@aws-sdk/types": "^3.974.6", "@smithy/core": "^3.35.0", "@smithy/credential-provider-imds": "^4.5.2", "@smithy/types": "^4.19.0", "tslib": "^2.6.2" } }, "sha512-ged4KXdBkvIC81bLvNHHuQKdKak/VXhQTR1NWYTTqW0474nlmsxy9O/vlgTIohDDWH3xpBdtVMZRyjb+DnocDA=="],

    "@aws-sdk/credential-provider-login": ["@aws-sdk/credential-provider-login@3.972.79", "", { "dependencies": { "@aws-sdk/core": "^3.978.1", "@aws-sdk/nested-clients": "^3.997.46", "@aws-sdk/types": "^3.974.6", "@smithy/core": "^3.35.0", "@smithy/types": "^4.19.0", "tslib": "^2.6.2" } }, "sha512-L+Z85anONJd8MaiuraO4wRxATCdEejBZ3K3eymzWI5JPXa9sOS9CkIm72PBKqXKX+Z9p9NGMX5AIMXm0LEflgw=="],

    "@aws-sdk/credential-provider-node": ["@aws-sdk/credential-provider-node@3.972.84", "", { "dependencies": { "@aws-sdk/credential-provider-env": "^3.972.72", "@aws-sdk/credential-provider-http": "^3.972.74", "@aws-sdk/credential-provider-ini": "^3.973.17", "@aws-sdk/credential-provider-process": "^3.972.72", "@aws-sdk/credential-provider-sso": "^3.973.16", "@aws-sdk/credential-provider-web-identity": "^3.972.78", "@aws-sdk/types": "^3.974.6", "@smithy/core": "^3.35.0", "@smithy/credential-provider-imds": "^4.5.2", "@smithy/types": "^4.19.0", "tslib": "^2.6.2" } }, "sha512-oHt854odINVwzwsh+c5x69j0ajm4DbqqqVJ+O1ECsCIZeMDAbzFpXItaqP7UZstJj/ATdTk/KFSH0LaNAgV+kA=="],

    "@aws-sdk/credential-provider-process": ["@aws-sdk/credential-provider-process@3.972.72", "", { "dependencies": { "@aws-sdk/core": "^3.978.1", "@aws-sdk/types": "^3.974.6", "@smithy/core": "^3.35.0", "@smithy/types": "^4.19.0", "tslib": "^2.6.2" } }, "sha512-rLIp2xbMjX/k9/od7APpqq1ZgXXnV0pOL1Th3ZsL8Wu0TRtBsDTVS8iPqcfRFcHakFxPvR04OSTv2ka2qOb/2A=="],

    "@aws-sdk/credential-provider-sso": ["@aws-sdk/credential-provider-sso@3.973.16", "", { "dependencies": { "@aws-sdk/core": "^3.978.1", "@aws-sdk/nested-clients": "^3.997.46", "@aws-sdk/token-providers": "3.1138.0", "@aws-sdk/types": "^3.974.6", "@smithy/core": "^3.35.0", "@smithy/types": "^4.19.0", "tslib": "^2.6.2" } }, "sha512-IGihaJfFZYacJJr/odqILCoK7W/mvrZ7cuK7ECn3sAu4vLC6u0V8bS7mCGbdugJ8Aum2tnvqmx0F2MRFp2rn9g=="],

    "@aws-sdk/credential-provider-web-identity": ["@aws-sdk/credential-provider-web-identity@3.972.78", "", { "dependencies": { "@aws-sdk/core": "^3.978.1", "@aws-sdk/nested-clients": "^3.997.46", "@aws-sdk/types": "^3.974.6", "@smithy/core": "^3.35.0", "@smithy/types": "^4.19.0", "tslib": "^2.6.2" } }, "sha512-/y9WvNtlcPBGLR0qc1a+9J/xtYZfVczvLUOuXaVWylzttH7ewsxwHtjmiJSolNrVSDorIxHGHMU61CbonRkmwA=="],

    "@aws-sdk/lib-storage": ["@aws-sdk/lib-storage@3.1142.0", "", { "dependencies": { "@smithy/core": "^3.35.0", "@smithy/types": "^4.19.0", "buffer": "5.6.0", "events": "3.3.0", "stream-browserify": "3.0.0", "tslib": "^2.6.2" }, "peerDependencies": { "@aws-sdk/client-s3": "^3.1142.0" } }, "sha512-zNnJSH4VIsQD7Mu7HZ12EtcapHLRbSk1M/5ivfUbJHAb6wTq0jK3Ky/JJSuseGYgCIX1vGeYz273ZYML5CQaxw=="],

    "@aws-sdk/middleware-sdk-s3": ["@aws-sdk/middleware-sdk-s3@3.972.77", "", { "dependencies": { "@aws-sdk/core": "^3.978.1", "@aws-sdk/signature-v4-multi-region": "^3.996.47", "@aws-sdk/types": "^3.974.6", "@smithy/core": "^3.35.0", "@smithy/types": "^4.19.0", "tslib": "^2.6.2" } }, "sha512-E7W2UOeUoc+lg3uIfR/dM7ZwusHwhBQrKMnlkRv4EXRR+C0YtV1pg25xC7GdZIhXH+NAMgZPCbE7o5to2cjFiw=="],

    "@aws-sdk/nested-clients": ["@aws-sdk/nested-clients@3.997.46", "", { "dependencies": { "@aws-sdk/core": "^3.978.1", "@aws-sdk/signature-v4-multi-region": "^3.996.47", "@aws-sdk/types": "^3.974.6", "@smithy/core": "^3.35.0", "@smithy/fetch-http-handler": "^5.8.0", "@smithy/node-http-handler": "^4.12.1", "@smithy/types": "^4.19.0", "tslib": "^2.6.2" } }, "sha512-oRxtBcka/JGHGs9l9p9IVajGoTP8vTPmoAzdHGy4Qcy9P5vPnDf6nhIeM/COQNY9k/OahImTRaLkHftoXvfcmQ=="],

    "@aws-sdk/signature-v4-multi-region": ["@aws-sdk/signature-v4-multi-region@3.996.47", "", { "dependencies": { "@aws-sdk/types": "^3.974.6", "@smithy/signature-v4": "^5.7.3", "@smithy/types": "^4.19.0", "tslib": "^2.6.2" } }, "sha512-Zk08macMvQTHzQJCLJVkOlviVoqwYMrpXv4lmLN7b7sAbiMoOK7Go0NYdR5UeF+MW8LIbRmwrNy9u/5VvX1U5g=="],

    "@aws-sdk/token-providers": ["@aws-sdk/token-providers@3.1138.0", "", { "dependencies": { "@aws-sdk/core": "^3.978.1", "@aws-sdk/nested-clients": "^3.997.46", "@aws-sdk/types": "^3.974.6", "@smithy/core": "^3.35.0", "@smithy/types": "^4.19.0", "tslib": "^2.6.2" } }, "sha512-GpyAr0DD63YOEmYFM6Df+gJuIgC92MMTiBK4FTKfxii5MJ9ge20epR7LyroulscYlG89J+ZB2ivFDPjvfQhzdw=="],

    "@aws-sdk/types": ["@aws-sdk/types@3.974.6", "", { "dependencies": { "@smithy/types": "^4.19.0", "tslib": "^2.6.2" } }, "sha512-v/clNZzZnDxGyvpHMOGpJKVXFAExJzUNAAjaWGdcx8QAcXLGwTaOkw33p5SHAi0YAioK32xB3hWwOekRVfmfKg=="],

    "@aws-sdk/xml-builder": ["@aws-sdk/xml-builder@3.972.41", "", { "dependencies": { "@smithy/types": "^4.19.0", "tslib": "^2.6.2" } }, "sha512-ctjVSyCMegrWfXlx6VqzSBFI6UqmQ5ZlnfMhdLIiWmhoH8UAQxSCP5N3OpG7X3k4LnS7ou74C4mt20+bfTW2aQ=="],

    "@aws/lambda-invoke-store": ["@aws/lambda-invoke-store@0.3.0", "", {}, "sha512-sl4Bm6yiMNYrZKkqqDFWN0UfnWhlS8ivKxrYl+6t0gCLrqr8y3B2IqZZbFRkfaVVp7C/baApyh71P+LeE1A2sQ=="],

    "@cbor-extract/cbor-extract-darwin-arm64": ["@cbor-extract/cbor-extract-darwin-arm64@2.2.2", "", { "os": "darwin", "cpu": "arm64" }, "sha512-ZKZ/F8US7JR92J4DMct6cLW/Y66o2K576+zjlEN/MevH70bFIsB10wkZEQPLzl2oNh2SMGy55xpJ9JoBRl5DOA=="],

    "@cbor-extract/cbor-extract-darwin-x64": ["@cbor-extract/cbor-extract-darwin-x64@2.2.2", "", { "os": "darwin", "cpu": "x64" }, "sha512-32b1mgc+P61Js+KW9VZv/c+xRw5EfmOcPx990JbCBSkYJFY0l25VinvyyWfl+3KjibQmAcYwmyzKF9J4DyKP/Q=="],

    "@cbor-extract/cbor-extract-linux-arm": ["@cbor-extract/cbor-extract-linux-arm@2.2.2", "", { "os": "linux", "cpu": "arm" }, "sha512-tNg0za41TpQfkhWjptD+0gSD2fggMiDCSacuIeELyb2xZhr7PrhPe5h66Jc67B/5dmpIhI2QOUtv4SBsricyYQ=="],

    "@cbor-extract/cbor-extract-linux-arm64": ["@cbor-extract/cbor-extract-linux-arm64@2.2.2", "", { "os": "linux", "cpu": "arm64" }, "sha512-wfqgzqCAy/Vn8i6WVIh7qZd0DdBFaWBjPdB6ma+Wihcjv0gHqD/mw3ouVv7kbbUNrab6dKEx/w3xQZEdeXIlzg=="],

    "@cbor-extract/cbor-extract-linux-x64": ["@cbor-extract/cbor-extract-linux-x64@2.2.2", "", { "os": "linux", "cpu": "x64" }, "sha512-rpiLnVEsqtPJ+mXTdx1rfz4RtUGYIUg2rUAZgd1KjiC1SehYUSkJN7Yh+aVfSjvCGtVP0/bfkQkXpPXKbmSUaA=="],

    "@cbor-extract/cbor-extract-win32-x64": ["@cbor-extract/cbor-extract-win32-x64@2.2.2", "", { "os": "win32", "cpu": "x64" }, "sha512-dI+9P7cfWxkTQ+oE+7Aa6onEn92PHgfWXZivjNheCRmTBDBf2fx6RyTi0cmgpYLnD1KLZK9ZYrMxaPZ4oiXhGA=="],

    "@colors/colors": ["@colors/colors@1.5.0", "", {}, "sha512-ooWCrlZP11i8GImSjTHYHLkvFDP48nS4+204nGb1RiX/WXYHmJA2III9/e2DWVabCESdW7hBAEzHRqUn9OUVvQ=="],

    "@contentauth/c2pa-node": ["@contentauth/c2pa-node@0.9.8", "", { "dependencies": { "@contentauth/c2pa-types": "0.7.5", "@contentauth/c2pa-utilities": "0.3.1", "cargo-cp-artifact": "^0.1.9", "cli-progress": "^3.12.0", "debug": "^4.4.3", "fs-extra": "^11.3.4", "mkdirp": "^3.0.1", "node-fetch": "^3.3.2", "pkg-dir": "^8.0.0", "pretty-bytes": "^6.1.1", "unzipper": "^0.10.14" } }, "sha512-S909fQu1L32Ye57CFkA/QY8TNwXbyTSJgzThpqhq1gNW9sdeAp1/lY5IKolN4ZBrqOvPnbdmc37aWVaaIc31kQ=="],

    "@contentauth/c2pa-types": ["@contentauth/c2pa-types@0.7.5", "", {}, "sha512-5sK1GvBjC2YPpnbWrpC3RCSrbImgYWjlk9IIv7G7TYmrxt2o21X5jw/z7BrNZUuQDhS+G9LJ+9fTPN/mQQ2/rA=="],

    "@contentauth/c2pa-utilities": ["@contentauth/c2pa-utilities@0.3.1", "", { "dependencies": { "@contentauth/c2pa-types": "0.7.5", "ts-deepmerge": "^8.0.0" } }, "sha512-vNYXiKdHGLXTjKTGuXisG1DE9s3oXQ2Qwm/teGQ5zMuRMEEqQPUrQ0rYvB0+Po7eAoAxms/ZgX3oXmgp9jiBVg=="],

    "@emnapi/runtime": ["@emnapi/runtime@1.11.3", "", { "dependencies": { "tslib": "^2.4.0" } }, "sha512-Xz4Tpyki7XyrpbUK1jR1AhdAdaXyhhY4lZ3neLodmhpuWfy2PAQN5B46sAiU4liOXGLkHypn/qU+jvfWSCYYLA=="],

    "@img/colour": ["@img/colour@1.1.0", "", {}, "sha512-Td76q7j57o/tLVdgS746cYARfSyxk8iEfRxewL9h4OMzYhbW4TAcppl0mT4eyqXddh6L/jwoM75mo7ixa/pCeQ=="],

    "@img/sharp-darwin-arm64": ["@img/sharp-darwin-arm64@0.35.5", "", { "optionalDependencies": { "@img/sharp-libvips-darwin-arm64": "1.3.4" }, "os": "darwin", "cpu": "arm64" }, "sha512-QRUlFQ0WxvdWyqqG/WtI3iupfD5rBzmCHXSdPsY91sAtVtTo7Q4cb6zOccZ3gqEqkr0f1As1ehLqmEpDsRf+lg=="],

    "@img/sharp-darwin-x64": ["@img/sharp-darwin-x64@0.35.5", "", { "optionalDependencies": { "@img/sharp-libvips-darwin-x64": "1.3.4" }, "os": "darwin", "cpu": "x64" }, "sha512-+BR255RhDlpygUpOc/Jdt1nT6DQ3XG/ERo5wbcdOf5Q320dKtPCKPLR1LJs9VGXRaMa8l1uUa0tkCNOXiAxZUw=="],

    "@img/sharp-freebsd-wasm32": ["@img/sharp-freebsd-wasm32@0.35.5", "", { "dependencies": { "@img/sharp-wasm32": "0.35.5" }, "os": "freebsd" }, "sha512-Y/z91nEZ4uIBX5X3nfTovjU9lHNKFYbL2lpHCLVNmXQK03VIZvXBBt0KxbPGp2SdGSF+2mQU4e+hQaWOt86iAw=="],

    "@img/sharp-libvips-darwin-arm64": ["@img/sharp-libvips-darwin-arm64@1.3.4", "", { "os": "darwin", "cpu": "arm64" }, "sha512-5R89nBYiRdUlSWJxPhO+GVtaXzXSxKnRu/xqMn3KTA3L9EB9Oy/P+Nn2f2vlhPuUdy/Zusb2DarbyTpGCfEDuw=="],

    "@img/sharp-libvips-darwin-x64": ["@img/sharp-libvips-darwin-x64@1.3.4", "", { "os": "darwin", "cpu": "x64" }, "sha512-iR2OKH80yi0U+dUplyh3/xdpFvps6YkCwsXenIJxqxR1v9o+xtKTGbS9H7cps+2Vxjc8B1j96p75NmTGjIhtpQ=="],

    "@img/sharp-libvips-linux-arm": ["@img/sharp-libvips-linux-arm@1.3.4", "", { "os": "linux", "cpu": "arm" }, "sha512-LmRtTsOHuvM2+wlO2Db37dx5MiZhB0FvSunciw48YjdOkZz9KAiRbm8ujeMOA1INqmei5NapFxYEK1D1ZSidmw=="],

    "@img/sharp-libvips-linux-arm64": ["@img/sharp-libvips-linux-arm64@1.3.4", "", { "os": "linux", "cpu": "arm64" }, "sha512-Y3dgX/6lE2QhQb+Gxy0WZxfg9MEm/JBjamZpS2IklP7xIQoKN4hzAm7KcMVGtaVDt3neE9OKBC7vAfonA/Lr1A=="],

    "@img/sharp-libvips-linux-ppc64": ["@img/sharp-libvips-linux-ppc64@1.3.4", "", { "os": "linux", "cpu": "ppc64" }, "sha512-Le6boB8Tai0Nis+gIxIpKx68UDVVIqdR8Tin5Yf1z2LJJQLDJvCDRqRu+jC2qCoD+eIomonmOwB4smBRxfVpYQ=="],

    "@img/sharp-libvips-linux-riscv64": ["@img/sharp-libvips-linux-riscv64@1.3.4", "", { "os": "linux", "cpu": "none" }, "sha512-aHkkIEHPRdQEegJN20MLmGtxYD9R2wQr3Cwpddnu5+YKMt6Uzax7S9h5gpZTo8wyrGuZSlfQ63OevL5mTyOC7Q=="],

    "@img/sharp-libvips-linux-s390x": ["@img/sharp-libvips-linux-s390x@1.3.4", "", { "os": "linux", "cpu": "s390x" }, "sha512-ra/mB6MikESDUO7Yg+Mi95bFBb9GsObURuhnOv3OqknjGe9sZrG8tCe9q0xSIGrtLgvgw0gKnFWcK4blSgQOuQ=="],

    "@img/sharp-libvips-linux-x64": ["@img/sharp-libvips-linux-x64@1.3.4", "", { "os": "linux", "cpu": "x64" }, "sha512-GJ//SSXbnwSDes02umB3nDJLFcQzw8a18V8fyhqr6tV515tOEMdImjjxj1AoafMRz56F3PHgftnj1QEKSU1zkw=="],

    "@img/sharp-libvips-linuxmusl-arm64": ["@img/sharp-libvips-linuxmusl-arm64@1.3.4", "", { "os": "linux", "cpu": "arm64" }, "sha512-hvulFwtjUcagsis6BBxHwGFwWoNZjgYmULGVrZcyfNbjA8hKILbRxGg15/7w5HDyXHXUos/j6baAWqnCyQ2DWA=="],

    "@img/sharp-libvips-linuxmusl-x64": ["@img/sharp-libvips-linuxmusl-x64@1.3.4", "", { "os": "linux", "cpu": "x64" }, "sha512-6zXKeE/p39I1AmA3cJG35eyBGNqNddLnUXjhwBnsGjFPWqf5VKkDBEqaEkPDoTEtkxwi2vv8Tcr2mDyP4So7Fg=="],

    "@img/sharp-linux-arm": ["@img/sharp-linux-arm@0.35.5", "", { "optionalDependencies": { "@img/sharp-libvips-linux-arm": "1.3.4" }, "os": "linux", "cpu": "arm" }, "sha512-LEaXK2WdXVK5ykcw0buWyPMsmLLL2vpHLD6yrNSW+JGEL3BZPA4tpKN6iaMc4AxTTAoaX/sU1rOL51lcIz48ZQ=="],

    "@img/sharp-linux-arm64": ["@img/sharp-linux-arm64@0.35.5", "", { "optionalDependencies": { "@img/sharp-libvips-linux-arm64": "1.3.4" }, "os": "linux", "cpu": "arm64" }, "sha512-LYVx5JTsOM2CBzmxreh+nl64/3H6Xb09iSLknqH47z2T2DFFxDeFLP5y4dJwe6H7uGQlHPyEEtIqyo3DYsRwdQ=="],

    "@img/sharp-linux-ppc64": ["@img/sharp-linux-ppc64@0.35.5", "", { "optionalDependencies": { "@img/sharp-libvips-linux-ppc64": "1.3.4" }, "os": "linux", "cpu": "ppc64" }, "sha512-QVxAAq8evVRI9ia2vqgwrmWucn5Dfv+JdWzj75pD8omHLPSP7f8p20O8jxzjCcuCEQEOtYOZUmX1hkiZ0kdevA=="],

    "@img/sharp-linux-riscv64": ["@img/sharp-linux-riscv64@0.35.5", "", { "optionalDependencies": { "@img/sharp-libvips-linux-riscv64": "1.3.4" }, "os": "linux", "cpu": "none" }, "sha512-LtdreXguaavKODPIfzJ4kffx7UNt1omwtK0rch4EBbbSTXPnxWmYSayXdLJw0fJzQ97kHt1gL/yh4tvU+nCyRQ=="],

    "@img/sharp-linux-s390x": ["@img/sharp-linux-s390x@0.35.5", "", { "optionalDependencies": { "@img/sharp-libvips-linux-s390x": "1.3.4" }, "os": "linux", "cpu": "s390x" }, "sha512-UZasTOFiYzotTsGOCu42BfUzP6Tu6Do/947iRm1RsLKvlllxwGcn4RN27LibGWceix4Y+Pmw3jsnTcCQIgWjqA=="],

    "@img/sharp-linux-x64": ["@img/sharp-linux-x64@0.35.5", "", { "optionalDependencies": { "@img/sharp-libvips-linux-x64": "1.3.4" }, "os": "linux", "cpu": "x64" }, "sha512-SxFtLTeJInhAA9Q836kux2vZNeOBQEx658qvbboZScr0wIARym3IcGmW7KpVD5sbVg0Ojy+udFQdayYIZyoNog=="],

    "@img/sharp-linuxmusl-arm64": ["@img/sharp-linuxmusl-arm64@0.35.5", "", { "optionalDependencies": { "@img/sharp-libvips-linuxmusl-arm64": "1.3.4" }, "os": "linux", "cpu": "arm64" }, "sha512-9HbMclmI1zlNkFRs3z9/eBtDjfD0sGlrX1z6b1qwmiFY5ElDLh4BC0LPBdVp7z1DXFiKlIcznf+ZlsuZzLxQqg=="],

    "@img/sharp-linuxmusl-x64": ["@img/sharp-linuxmusl-x64@0.35.5", "", { "optionalDependencies": { "@img/sharp-libvips-linuxmusl-x64": "1.3.4" }, "os": "linux", "cpu": "x64" }, "sha512-4KOphqB035HrVdqLZfCgMzzERrQkkzOwRhl4OAkRO1YCldbaFjySXMaK534Mo0V+LndnlJk+sbUyLeU0ULyD1A=="],

    "@img/sharp-wasm32": ["@img/sharp-wasm32@0.35.5", "", { "dependencies": { "@emnapi/runtime": "^1.11.3" } }, "sha512-Ptsga1su4tQx+LLF1ECS9U6nz5kmrXKo6XVbtR48Ke3ZRxxgaWBu7IDtEe1quo8hiupwm6WFqxVlXaSf7IINGQ=="],

    "@img/sharp-webcontainers-wasm32": ["@img/sharp-webcontainers-wasm32@0.35.5", "", { "dependencies": { "@img/sharp-wasm32": "0.35.5" }, "cpu": "none" }, "sha512-hfhF/FmoQyTUkA0bIKFOtw536BQSeBMe6BF6QyWlrPxT754+TFLaZ7sKKTfvvM0yJgKgaYTwnFCIZ/GuDw5SUA=="],

    "@img/sharp-win32-arm64": ["@img/sharp-win32-arm64@0.35.5", "", { "os": "win32", "cpu": "arm64" }, "sha512-X4t7g+7ZA5DKblCBEXGjUqqemj4vczING/5viFwAL8h4N3qYeyjwdCvRLHi4EdOUI+2Z7UFlp1VM+p/AuEtm6Q=="],

    "@img/sharp-win32-ia32": ["@img/sharp-win32-ia32@0.35.5", "", { "os": "win32", "cpu": "ia32" }, "sha512-5Zm82LoBc43nhwNybZlG7Y1KO//Zhsn306fQl29ZOuStHLGTo3BWL83q3cznX0poxSAMuYL1On/BHBxkBeKr6A=="],

    "@img/sharp-win32-x64": ["@img/sharp-win32-x64@0.35.5", "", { "os": "win32", "cpu": "x64" }, "sha512-x76eH0vEiHlcMQu8Y8IenntaACtddpT6W0wmXtWrnKcnKI7ME5DdgqhAD6SEWOEl1v2zDvkZDhFA9KnURwpfqg=="],

    "@node-cli/logger": ["@node-cli/logger@2.1.1", "", { "dependencies": { "boxen": "8.0.1", "kleur": "4.1.5", "ora": "9.4.1" } }, "sha512-pJGQRAKu2t32NZi45Wc+NdzFZr/tV1j2VQ5RlSIu+CrDWSEBS+UANTp3j3d6T0cA5oYg6nSsLxiA5dLEHmbgqw=="],

    "@node-cli/parser": ["@node-cli/parser@3.1.1", "", { "dependencies": { "@node-cli/logger": "2.1.1", "@node-cli/utilities": "2.1.1", "cli-table3": "0.6.5", "kleur": "4.1.5", "meow": "14.1.0" } }, "sha512-20kYJtja4V7lwW5A0iEbdIN4tYGsPUBrBl0Hl5VN4tOvDFFM+K9E30n819me2k1O1ECeTEGmE9jsy0nAOkLShg=="],

    "@node-cli/utilities": ["@node-cli/utilities@2.1.1", "", { "dependencies": { "lodash-es": "4.18.1" } }, "sha512-4qx0+SQmpbc68fn71MNtKITwjyV6F9BYsg0KZFeKdzHBRPYj/oTAsj7WSw/YTUT73krJWyQh9TAqBpWdL7EbaQ=="],

    "@nulib/c2pa-signing": ["@nulib/c2pa-signing@0.1.2", "", { "dependencies": { "@contentauth/c2pa-types": "^0.7.5", "@peculiar/asn1-schema": "^2.10.0", "@peculiar/asn1-tsp": "^2.10.0", "@peculiar/asn1-x509": "^2.10.0", "cbor-x": "^1.6.6" }, "peerDependencies": { "@contentauth/c2pa-node": "~0.9.8", "sharp": ">=0.34.0" } }, "sha512-zyHKpShctP6YIDdNvUtmIrlOu/t2GS6XFeQdiovyjSHlsRbegkhcuHsbeJe+avodCHA16G7LxPHjb1QT7I5nyg=="],

    "@peculiar/asn1-cms": ["@peculiar/asn1-cms@2.10.0", "", { "dependencies": { "@peculiar/asn1-schema": "^2.10.0", "@peculiar/asn1-x509": "^2.10.0", "@peculiar/asn1-x509-attr": "^2.10.0", "asn1js": "^3.0.10", "tslib": "^2.8.1" } }, "sha512-CkX0H4NCIOMHOU3rh2xXZywinYZ/EnJlaOlJiGI0e5L4XjFqHf4iH30LMbXWChVppdA9ljbanjtzQFOhDNfTWg=="],

    "@peculiar/asn1-schema": ["@peculiar/asn1-schema@2.10.0", "", { "dependencies": { "@peculiar/utils": "^2.0.2", "asn1js": "^3.0.10", "tslib": "^2.8.1" } }, "sha512-GhokD41lV4gQrrLYm3wCkHfBOnJrnhDMgt4XeMW8gzfE1UdJqIuSwsE+ggf82XBjUXRJylcm+KIGQFa4utIVLw=="],

    "@peculiar/asn1-tsp": ["@peculiar/asn1-tsp@2.10.0", "", { "dependencies": { "@peculiar/asn1-cms": "^2.10.0", "@peculiar/asn1-schema": "^2.10.0", "@peculiar/asn1-x509": "^2.10.0", "asn1js": "^3.0.10", "tslib": "^2.8.1" } }, "sha512-gMVQWcthWBn2H+JnPNv/FYqzEWZc0igLGTGCrXPIcgNSsWdKb2fVbWiEit7dnDB7biAYkXBgg6+AafddznI2Aw=="],

    "@peculiar/asn1-x509": ["@peculiar/asn1-x509@2.10.0", "", { "dependencies": { "@peculiar/asn1-schema": "^2.10.0", "@peculiar/utils": "^2.0.2", "asn1js": "^3.0.10", "tslib": "^2.8.1" } }, "sha512-ucNVg8+ANveTpMN3fy9lA2alryONdXc2A4cEG2hMniWbvQt+YOZoe8BI80YYNO8FBcuDY1qbDQ4uQGQVraHxGA=="],

    "@peculiar/asn1-x509-attr": ["@peculiar/asn1-x509-attr@2.10.0", "", { "dependencies": { "@peculiar/asn1-schema": "^2.10.0", "@peculiar/asn1-x509": "^2.10.0", "asn1js": "^3.0.10", "tslib": "^2.8.1" } }, "sha512-/85GtKOKmgvuSJNlaFfwGWNdRSZZ+hpF02NyM01XiCdzpaZONiBltDyfluFPvFx966CR+ZHNSG1jniwpy07oGg=="],

    "@peculiar/utils": ["@peculiar/utils@2.0.3", "", { "dependencies": { "tslib": "^2.8.1" } }, "sha512-+oL3HPFRIZ1St2K50lWCXiioIgSoxzz7R1J3uF6neO2yl1sgmpgY6XXJH4BdpoDkMWznQTeYF6oWNDZLCdQ4eQ=="],

    "@smithy/core": ["@smithy/core@3.35.0", "", { "dependencies": { "@smithy/types": "^4.19.0", "tslib": "^2.6.2" } }, "sha512-zRMhfkByhT2snNdr1si24vJitU6Cr9ix2MikUfWmkAgp4jrNP0GcKSP5YvwQ+TlI8AZXER5QOGJn3JsVtSD9/A=="],

    "@smithy/credential-provider-imds": ["@smithy/credential-provider-imds@4.5.2", "", { "dependencies": { "@smithy/core": "^3.33.2", "@smithy/types": "^4.17.2", "tslib": "^2.6.2" } }, "sha512-A9uSdn72ozbRUSit0eib0TW7nXuNPlaeM0zcGkJ+nE6tFcSDbnmtwoxbTCFBukVQcszDAyvsd7+rTduPTXpygg=="],

    "@smithy/fetch-http-handler": ["@smithy/fetch-http-handler@5.8.0", "", { "dependencies": { "@smithy/core": "^3.33.3", "@smithy/types": "^4.18.0", "tslib": "^2.6.2" } }, "sha512-ycSJu3tFAQ4v04CBB0agqFMVsSQ1iG3yw+SpgxRqKfaURpQD4CZ8Wn0zPMmSnOuTpTh65Vz+EA0rMrw089wvkA=="],

    "@smithy/node-http-handler": ["@smithy/node-http-handler@4.12.1", "", { "dependencies": { "@smithy/core": "^3.33.3", "@smithy/types": "^4.18.0", "tslib": "^2.6.2" } }, "sha512-ThMkboGeONWXAelq9FvGsuJC4rOi+qyC4/zhUF58xYpxUg5sQKx2VXZYJmtNjr4dSuBJ1HeJXETQILCz3wOHvw=="],

    "@smithy/signature-v4": ["@smithy/signature-v4@5.7.4", "", { "dependencies": { "@smithy/core": "^3.35.0", "@smithy/types": "^4.19.0", "tslib": "^2.6.2" } }, "sha512-tHy0K0VtqNd5Y7Y41h0a0Lhh0L1GzC08dTWg0F7vRJWFtTENg7IZikf3wQkanYIRdb7ngoIPMTmqgUi401fEeQ=="],

    "@smithy/types": ["@smithy/types@4.19.0", "", { "dependencies": { "tslib": "^2.6.2" } }, "sha512-r7jh49VJxGerfAcTQA6gXcKc+98zOp/tqRwzYjgOE+iSQsP6cEU1hq2QzbuipmP68QtYdY9wKEhiCQZIzHgZ4Q=="],

    "ansi-align": ["ansi-align@3.0.1", "", { "dependencies": { "string-width": "^4.1.0" } }, "sha512-IOfwwBF5iczOjp/WeY4YxyjqAFMQoZufdQWDd19SEExbVLNXqvpzSJ/M7Za4/sCPmQ0+GRquoA7bGcINcxew6w=="],

    "ansi-regex": ["ansi-regex@5.0.1", "", {}, "sha512-quJQXlTSUGL2LH9SUXo8VwsY4soanhgo6LNSm84E1LBcE8s3O0wpdiRzyR9z/ZZJMlMWv37qOOb9pdJlMUEKFQ=="],

    "ansi-styles": ["ansi-styles@6.2.3", "", {}, "sha512-4Dj6M28JB+oAH8kFkTLUo+a2jwOFkuqb3yucU0CANcRRUbxS0cP0nZYCGjcc3BNXwRIsUVmDGgzawme7zvJHvg=="],

    "asn1js": ["asn1js@3.0.10", "", { "dependencies": { "pvtsutils": "^1.3.6", "pvutils": "^1.1.5", "tslib": "^2.8.1" } }, "sha512-S2s3aOytiKdFRdulw2qPE51MzjzVOisppcVv7jVFR+Kw0kxwvFrDcYA0h7Ndqbmj0HkMIXYWaoj7fli8kgx1eg=="],

    "balanced-match": ["balanced-match@1.0.2", "", {}, "sha512-3oSeUO0TMV67hN1AmbXsK4yaqU7tjiHlbxRDZOpH0KW9+CeX4bRAaX0Anxt0tx2MrpRpWwQaPwIlISEJhYU5Pw=="],

    "base64-js": ["base64-js@1.5.1", "", {}, "sha512-AKpaYlHn8t4SVbOHCy+b5+KKgvR4vrsD8vbvrbiQJps7fKDTkjkDry6ji0rUJjC0kzbNePLwzxq8iypo41qeWA=="],

    "big-integer": ["big-integer@1.6.52", "", {}, "sha512-QxD8cf2eVqJOOz63z6JIN9BzvVs/dlySa5HGSBH5xtR8dPteIRQnBxxKqkNTiT6jbDTF6jAfrd4oMcND9RGbQg=="],

    "binary": ["binary@0.3.0", "", { "dependencies": { "buffers": "~0.1.1", "chainsaw": "~0.1.0" } }, "sha512-D4H1y5KYwpJgK8wk1Cue5LLPgmwHKYSChkbspQg5JtVuR5ulGckxfR62H3AE9UDkdMC8yyXlqYihuz3Aqg2XZg=="],

    "bluebird": ["bluebird@3.4.7", "", {}, "sha512-iD3898SR7sWVRHbiQv+sHUtHnMvC1o3nW5rAcqnq3uOn07DSAppZYUkIGslDz6gXC7HfunPe7YVBgoEJASPcHA=="],

    "bowser": ["bowser@2.14.1", "", {}, "sha512-tzPjzCxygAKWFOJP011oxFHs57HzIhOEracIgAePE4pqB3LikALKnSzUyU4MGs9/iCEUuHlAJTjTc5M+u7YEGg=="],

    "boxen": ["boxen@8.0.1", "", { "dependencies": { "ansi-align": "^3.0.1", "camelcase": "^8.0.0", "chalk": "^5.3.0", "cli-boxes": "^3.0.0", "string-width": "^7.2.0", "type-fest": "^4.21.0", "widest-line": "^5.0.0", "wrap-ansi": "^9.0.0" } }, "sha512-F3PH5k5juxom4xktynS7MoFY+NUWH5LC4CnH11YB8NPew+HLpmBLCybSAEyb2F+4pRXhuhWqFesoQd6DAyc2hw=="],

    "brace-expansion": ["brace-expansion@1.1.21", "", { "dependencies": { "balanced-match": "^1.0.0", "concat-map": "0.0.1" } }, "sha512-9zeA+KLZNNzglF2TPKRQEDyx6Yby7daAkuy8MiPzpXPsYDWi/DRM8jmwUDxokQjYqBpv5DgPiwD4h4ZZSy1Ujw=="],

    "buffer": ["buffer@5.6.0", "", { "dependencies": { "base64-js": "^1.0.2", "ieee754": "^1.1.4" } }, "sha512-/gDYp/UtU0eA1ys8bOs9J6a+E/KWIY+DZ+Q2WESNUA0jFRsJOc0SNUO6xJ5SGA1xueg3NL65W6s+NY5l9cunuw=="],

    "buffer-from": ["buffer-from@1.1.2", "", {}, "sha512-E+XQCRwSbaaiChtv6k6Dwgc+bx+Bs6vuKJHHl5kox/BaKbhiXzqQOwK4cO22yElGp2OCmjwVhT3HmxgyPGnJfQ=="],

    "buffer-indexof-polyfill": ["buffer-indexof-polyfill@1.0.2", "", {}, "sha512-I7wzHwA3t1/lwXQh+A5PbNvJxgfo5r3xulgpYDB5zckTu/Z9oUK9biouBKQUjEqzaz3HnAT6TYoovmE+GqSf7A=="],

    "buffers": ["buffers@0.1.1", "", {}, "sha512-9q/rDEGSb/Qsvv2qvzIzdluL5k7AaJOTrw23z9reQthrbF7is4CtlT0DXyO1oei2DCp4uojjzQ7igaSHp1kAEQ=="],

    "camelcase": ["camelcase@8.0.0", "", {}, "sha512-8WB3Jcas3swSvjIeA2yvCJ+Miyz5l1ZmB6HFb9R1317dt9LCQoswg/BGrmAmkWVEszSrrg4RwmO46qIm2OEnSA=="],

    "cargo-cp-artifact": ["cargo-cp-artifact@0.1.9", "", { "bin": { "cargo-cp-artifact": "bin/cargo-cp-artifact.js" } }, "sha512-6F+UYzTaGB+awsTXg0uSJA1/b/B3DDJzpKVRu0UmyI7DmNeaAl2RFHuTGIN6fEgpadRxoXGb7gbC1xo4C3IdyA=="],

    "cbor-extract": ["cbor-extract@2.2.2", "", { "dependencies": { "node-gyp-build-optional-packages": "5.1.1" }, "optionalDependencies": { "@cbor-extract/cbor-extract-darwin-arm64": "2.2.2", "@cbor-extract/cbor-extract-darwin-x64": "2.2.2", "@cbor-extract/cbor-extract-linux-arm": "2.2.2", "@cbor-extract/cbor-extract-linux-arm64": "2.2.2", "@cbor-extract/cbor-extract-linux-x64": "2.2.2", "@cbor-extract/cbor-extract-win32-x64": "2.2.2" }, "bin": { "download-cbor-prebuilds": "bin/download-prebuilds.js" } }, "sha512-hlSxxI9XO2yQfe9g6msd3g4xCfDqK5T5P0fRMLuaLHhxn4ViPrm+a+MUfhrvH2W962RGxcBwEGzLQyjbDG1gng=="],

    "cbor-x": ["cbor-x@1.6.6", "", { "optionalDependencies": { "cbor-extract": "^2.2.2" } }, "sha512-8QiD9PGOxyQHo7s2pzwTBH6lTjqekxPdl9Aq6fXvZgCuCJHOht1puDEA/fTr6mciB76c+M+Gi0qT2i1a4pm4Wg=="],

    "chainsaw": ["chainsaw@0.1.0", "", { "dependencies": { "traverse": ">=0.3.0 <0.4" } }, "sha512-75kWfWt6MEKNC8xYXIdRpDehRYY/tNSgwKaJq+dbbDcxORuVrrQ+SEHoWsniVn9XPYfP4gmdWIeDk/4YNp1rNQ=="],

    "chalk": ["chalk@5.6.2", "", {}, "sha512-7NzBL0rN6fMUW+f7A6Io4h40qQlG+xGmtMxfbnH/K7TAtt8JQWVQK+6g0UXKMeVJoyV5EkkNsErQ8pVD3bLHbA=="],

    "cli-boxes": ["cli-boxes@3.0.0", "", {}, "sha512-/lzGpEWL/8PfI0BmBOPRwp0c/wFNX1RdUML3jK/RcSBA9T8mZDdQpqYBKtCFTOfQbwPqWEOpjqW+Fnayc0969g=="],

    "cli-cursor": ["cli-cursor@5.0.0", "", { "dependencies": { "restore-cursor": "^5.0.0" } }, "sha512-aCj4O5wKyszjMmDT4tZj93kxyydN/K5zPWSCe6/0AV/AA1pqe5ZBIw0a2ZfPQV7lL5/yb5HsUreJ6UFAF1tEQw=="],

    "cli-progress": ["cli-progress@3.12.0", "", { "dependencies": { "string-width": "^4.2.3" } }, "sha512-tRkV3HJ1ASwm19THiiLIXLO7Im7wlTuKnvkYaTkyoAPefqjNg7W7DHKUlGRxy9vxDvbyCYQkQozvptuMkGCg8A=="],

    "cli-spinners": ["cli-spinners@3.4.0", "", {}, "sha512-bXfOC4QcT1tKXGorxL3wbJm6XJPDqEnij2gQ2m7ESQuE+/z9YFIWnl/5RpTiKWbMq3EVKR4fRLJGn6DVfu0mpw=="],

    "cli-table3": ["cli-table3@0.6.5", "", { "dependencies": { "string-width": "^4.2.0" }, "optionalDependencies": { "@colors/colors": "1.5.0" } }, "sha512-+W/5efTR7y5HRD7gACw9yQjqMVvEMLBHmboM/kPWam+H+Hmyrgjh6YncVKK122YZkXrLudzTuAukUw9FnMf7IQ=="],

    "concat-map": ["concat-map@0.0.1", "", {}, "sha512-/Srv4dswyQNBfohGpz9o6Yb3Gz3SrUDqBH5rTuhGR7ahtlbYKnVxw2bCFMRljaA7EXHaXZ8wsHdodFvbkhKmqg=="],

    "concat-stream": ["concat-stream@2.0.0", "", { "dependencies": { "buffer-from": "^1.0.0", "inherits": "^2.0.3", "readable-stream": "^3.0.2", "typedarray": "^0.0.6" } }, "sha512-MWufYdFw53ccGjCA+Ol7XJYpAlW6/prSMzuPOTRnJGcGzuhLn4Scrz7qf6o8bROZ514ltazcIFJZevcfbo0x7A=="],

    "core-util-is": ["core-util-is@1.0.3", "", {}, "sha512-ZQBvi1DcpJ4GDqanjucZ2Hj3wEO5pZDS89BWbkcrvdxksJorwUDDZamX9ldFkp9aw2lmBDLgkObEA4DWNJ9FYQ=="],

    "data-uri-to-buffer": ["data-uri-to-buffer@4.0.1", "", {}, "sha512-0R9ikRb668HB7QDxT1vkpuUBtqc53YyAwMwGeUFKRojY/NWKvdZ+9UYtRfGmhqNbRkTSVpMbmyhXipFFv2cb/A=="],

    "debug": ["debug@4.4.3", "", { "dependencies": { "ms": "^2.1.3" }, "peerDependencies": { "supports-color": "*" }, "optionalPeers": ["supports-color"] }, "sha512-RGwwWnwQvkVfavKVt22FGLw+xYSdzARwm0ru6DhTVA3umU5hZc28V3kO4stgYryrTlLpuvgI9GiijltAjNbcqA=="],

    "detect-libc": ["detect-libc@2.1.2", "", {}, "sha512-Btj2BOOO83o3WyH59e8MgXsxEQVcarkUOpEYrubB0urwnN10yQ364rsiByU11nZlqWYZm05i/of7io4mzihBtQ=="],

    "duplexer2": ["duplexer2@0.1.4", "", { "dependencies": { "readable-stream": "^2.0.2" } }, "sha512-asLFVfWWtJ90ZyOUHMqk7/S2w2guQKxUI2itj3d92ADHhxUSbCMGi1f1cBcJ7xM1To+pE/Khbwo1yuNbMEPKeA=="],

    "emoji-regex": ["emoji-regex@8.0.0", "", {}, "sha512-MSjYzcWNOA0ewAHpz0MxpYFvwg6yjy1NG3xteoqz644VCo/RPgnr1/GGt+ic3iJTzQ8Eu3TdM14SawnVUmGE6A=="],

    "events": ["events@3.3.0", "", {}, "sha512-mQw+2fkQbALzQ7V0MY0IqdnXNOeTtP4r0lN9z7AAawCXgqea7bDii20AYrIBrFd/Hx0M2Ocz6S111CaFkUcb0Q=="],

    "fetch-blob": ["fetch-blob@3.2.0", "", { "dependencies": { "node-domexception": "^1.0.0", "web-streams-polyfill": "^3.0.3" } }, "sha512-7yAQpD2UMJzLi1Dqv7qFYnPbaPx7ZfFK6PiIxQ4PfkGPyNyl2Ugx+a/umUonmKqjhM4DnfbMvdX6otXq83soQQ=="],

    "find-up-simple": ["find-up-simple@1.0.1", "", {}, "sha512-afd4O7zpqHeRyg4PfDQsXmlDe2PfdHtJt6Akt8jOWaApLOZk5JXs6VMR29lz03pRe9mpykrRCYIYxaJYcfpncQ=="],

    "formdata-polyfill": ["formdata-polyfill@4.0.10", "", { "dependencies": { "fetch-blob": "^3.1.2" } }, "sha512-buewHzMvYL29jdeQTVILecSaZKnt/RJWjoZCF5OW60Z67/GmSLBkOFM7qh1PI3zFNtJbaZL5eQu1vLfazOwj4g=="],

    "fs-extra": ["fs-extra@11.4.1", "", { "dependencies": { "graceful-fs": "^4.2.0", "jsonfile": "^6.0.1", "universalify": "^2.0.0" } }, "sha512-KYAb4c9BJQI6QqGKthV68OHe0badztdXJWKo0WtBA9IuCFPTKvE5ZdUBglP833aMjhaSPNO4A5j/EkzZtGlKjA=="],

    "fs.realpath": ["fs.realpath@1.0.0", "", {}, "sha512-OO0pH2lK6a0hZnAdau5ItzHPI6pUlvI7jMVnxUQRtw4owF2wk8lOSabtGDCTP4Ggrg2MbGnWO9X8K1t4+fGMDw=="],

    "fstream": ["fstream@1.0.12", "", { "dependencies": { "graceful-fs": "^4.1.2", "inherits": "~2.0.0", "mkdirp": ">=0.5 0", "rimraf": "2" } }, "sha512-WvJ193OHa0GHPEL+AycEJgxvBEwyfRkN1vhjca23OaPVMCaLCXTd5qAu82AjTcgP1UJmytkOKb63Ypde7raDIg=="],

    "get-east-asian-width": ["get-east-asian-width@1.7.0", "", {}, "sha512-XjH1AECxf0giL2V1aU8vKyRR2ppRUb5c0EvT7zuJTokQ74bNo52zOtghqdWIqrhUD79fo3x0WfKZdOqxF6LG1Q=="],

    "glob": ["glob@7.2.3", "", { "dependencies": { "fs.realpath": "^1.0.0", "inflight": "^1.0.4", "inherits": "2", "minimatch": "^3.1.1", "once": "^1.3.0", "path-is-absolute": "^1.0.0" } }, "sha512-nFR0zLpU2YCaRxwoCJvL6UvCH2JFyFVIvwTLsIf21AuHlMskA1hhTdk+LlYJtOlYt9v6dvszD2BGRqBL+iQK9Q=="],

    "graceful-fs": ["graceful-fs@4.2.11", "", {}, "sha512-RbJ5/jmFcNNCcDV5o9eTnBLJ/HszWV0P73bc+Ff4nS/rJj+YaS6IGyiOL0VoBYX+l1Wrl3k63h/KrH+nhJ0XvQ=="],

    "ieee754": ["ieee754@1.2.1", "", {}, "sha512-dcyqhDvX1C46lXZcVqCpK+FtMRQVdIMN6/Df5js2zouUsqG7I6sFxitIC+7KYK29KdXOLHdu9zL4sFnoVQnqaA=="],

    "inflight": ["inflight@1.0.6", "", { "dependencies": { "once": "^1.3.0", "wrappy": "1" } }, "sha512-k92I/b08q4wvFscXCLvqfsHCrjrF7yiXsQuIVvVE7N82W3+aqpzuUdBbfhWcy/FZR3/4IgflMgKLOsvPDrGCJA=="],

    "inherits": ["inherits@2.0.4", "", {}, "sha512-k/vGaX4/Yla3WzyMCvTQOXYeIHvqOKtnqBduzTHpzpQZzAskKMhZ2K+EnBiSM9zGSoIFeMpXKxa4dYeZIQqewQ=="],

    "is-fullwidth-code-point": ["is-fullwidth-code-point@3.0.0", "", {}, "sha512-zymm5+u+sCsSWyD9qNaejV3DFvhCKclKdizYaJUuHA83RLjb7nSuGnddCHGv0hk+KY7BMAlsWeK4Ueg6EV6XQg=="],

    "is-interactive": ["is-interactive@2.0.0", "", {}, "sha512-qP1vozQRI+BMOPcjFzrjXuQvdak2pHNUMZoeG2eRbiSqyvbEf/wQtEOTOX1guk6E3t36RkaqiSt8A/6YElNxLQ=="],

    "is-unicode-supported": ["is-unicode-supported@2.1.0", "", {}, "sha512-mE00Gnza5EEB3Ds0HfMyllZzbBrmLOX3vfWoj9A9PEnTfratQ/BcaJOuMhnkhjXvb2+FkY3VuHqtAGpTPmglFQ=="],

    "isarray": ["isarray@1.0.0", "", {}, "sha512-VLghIWNM6ELQzo7zwmcg0NmTVyWKYjvIeM83yjp0wRDTmUnrM678fQbcKBo6n2CJEF0szoG//ytg+TKla89ALQ=="],

    "jsonfile": ["jsonfile@6.2.1", "", { "dependencies": { "universalify": "^2.0.0" }, "optionalDependencies": { "graceful-fs": "^4.1.6" } }, "sha512-zwOTdL3rFQ/lRdBnntKVOX6k5cKJwEc1HdilT71BWEu7J41gXIB2MRp+vxduPSwZJPWBxEzv4yH1wYLJGUHX4Q=="],

    "kleur": ["kleur@4.1.5", "", {}, "sha512-o+NO+8WrRiQEE4/7nwRJhN1HWpVmJm511pBHUxPLtp0BUISzlBplORYSmTclCnJvQq2tKu/sgl3xVpkc7ZWuQQ=="],

    "listenercount": ["listenercount@1.0.1", "", {}, "sha512-3mk/Zag0+IJxeDrxSgaDPy4zZ3w05PRZeJNnlWhzFz5OkX49J4krc+A8X2d2M69vGMBEX0uyl8M+W+8gH+kBqQ=="],

    "lodash-es": ["lodash-es@4.18.1", "", {}, "sha512-J8xewKD/Gk22OZbhpOVSwcs60zhd95ESDwezOFuA3/099925PdHJ7OFHNTGtajL3AlZkykD32HykiMo+BIBI8A=="],

    "log-symbols": ["log-symbols@7.0.1", "", { "dependencies": { "is-unicode-supported": "^2.0.0", "yoctocolors": "^2.1.1" } }, "sha512-ja1E3yCr9i/0hmBVaM0bfwDjnGy8I/s6PP4DFp+yP+a+mrHO4Rm7DtmnqROTUkHIkqffC84YY7AeqX6oFk0WFg=="],

    "meow": ["meow@14.1.0", "", {}, "sha512-EDYo6VlmtnumlcBCbh1gLJ//9jvM/ndXHfVXIFrZVr6fGcwTUyCTFNTLCKuY3ffbK8L/+3Mzqnd58RojiZqHVw=="],

    "mimic-function": ["mimic-function@5.0.1", "", {}, "sha512-VP79XUPxV2CigYP3jWwAUFSku2aKqBH7uTAapFWCBqutsbmDo96KY5o8uh6U+/YSIn5OxJnXp73beVkpqMIGhA=="],

    "minimatch": ["minimatch@3.1.5", "", { "dependencies": { "brace-expansion": "^1.1.7" } }, "sha512-VgjWUsnnT6n+NUk6eZq77zeFdpW2LWDzP6zFGrCbHXiYNul5Dzqk2HHQ5uFH2DNW5Xbp8+jVzaeNt94ssEEl4w=="],

    "mkdirp": ["mkdirp@3.0.1", "", { "bin": { "mkdirp": "dist/cjs/src/bin.js" } }, "sha512-+NsyUUAZDmo6YVHzL/stxSu3t9YS1iljliy3BSDrXJ/dkn1KYdmtZODGGjLcc9XLgVVpH4KshHB8XmZgMhaBXg=="],

    "ms": ["ms@2.1.3", "", {}, "sha512-6FlzubTLZG3J2a/NVCAleEhjzq5oxgHyaCU9yYXvcLsvoVaHJq/s5xXI6/XXP6tz7R9xAOtHnSO/tXtF3WRTlA=="],

    "node-domexception": ["node-domexception@1.0.0", "", {}, "sha512-/jKZoMpw0F8GRwl4/eLROPA3cfcXtLApP0QzLmUT/HuPCZWyB7IY9ZrMeKw2O/nFIqPQB3PVM9aYm0F312AXDQ=="],

    "node-fetch": ["node-fetch@3.3.2", "", { "dependencies": { "data-uri-to-buffer": "^4.0.0", "fetch-blob": "^3.1.4", "formdata-polyfill": "^4.0.10" } }, "sha512-dRB78srN/l6gqWulah9SrxeYnxeddIG30+GOqK/9OlLVyLg3HPnr6SqOWTWOXKRwC2eGYCkZ59NNuSgvSrpgOA=="],

    "node-gyp-build-optional-packages": ["node-gyp-build-optional-packages@5.1.1", "", { "dependencies": { "detect-libc": "^2.0.1" }, "bin": { "node-gyp-build-optional-packages": "bin.js", "node-gyp-build-optional-packages-test": "build-test.js", "node-gyp-build-optional-packages-optional": "optional.js" } }, "sha512-+P72GAjVAbTxjjwUmwjVrqrdZROD4nf8KgpBoDxqXXTiYZZt/ud60dE5yvCSr9lRO8e8yv6kgJIC0K0PfZFVQw=="],

    "once": ["once@1.4.0", "", { "dependencies": { "wrappy": "1" } }, "sha512-lNaJgI+2Q5URQBkccEKHTQOPaXdUxnZZElQTZY0MFUAuaEqe1E+Nyvgdz/aIyNi6Z9MzO5dv1H8n58/GELp3+w=="],

    "onetime": ["onetime@7.0.0", "", { "dependencies": { "mimic-function": "^5.0.0" } }, "sha512-VXJjc87FScF88uafS3JllDgvAm+c/Slfz06lorj2uAY34rlUu0Nt+v8wreiImcrgAjjIHp1rXpTDlLOGw29WwQ=="],

    "ora": ["ora@9.4.1", "", { "dependencies": { "chalk": "^5.6.2", "cli-cursor": "^5.0.0", "cli-spinners": "^3.2.0", "is-interactive": "^2.0.0", "is-unicode-supported": "^2.1.0", "log-symbols": "^7.0.1", "stdin-discarder": "^0.3.2", "string-width": "^8.1.0" } }, "sha512-6VlU9MLXbjVQD04AZCMX28hVtA5bUoadvUqO76MUCVA0ilwJbMiHsITRPfyVm6p/BC0Av/BXMujx39WCe1LEqw=="],

    "path-is-absolute": ["path-is-absolute@1.0.1", "", {}, "sha512-AVbw3UJ2e9bq64vSaS9Am0fje1Pa8pbGqTTsmXfaIiMpnr5DlDhfJOuLj9Sf95ZPVDAUerDfEk88MPmPe7UCQg=="],

    "pkg-dir": ["pkg-dir@8.0.0", "", { "dependencies": { "find-up-simple": "^1.0.0" } }, "sha512-4peoBq4Wks0riS0z8741NVv+/8IiTvqnZAr8QGgtdifrtpdXbNw/FxRS1l6NFqm4EMzuS0EDqNNx4XGaz8cuyQ=="],

    "pretty-bytes": ["pretty-bytes@6.1.1", "", {}, "sha512-mQUvGU6aUFQ+rNvTIAcZuWGRT9a6f6Yrg9bHs4ImKF+HZCEK+plBvnAZYSIQztknZF2qnzNtr6F8s0+IuptdlQ=="],

    "process-nextick-args": ["process-nextick-args@2.0.1", "", {}, "sha512-3ouUOpQhtgrbOa17J7+uxOTpITYWaGP7/AhoR3+A+/1e9skrzelGi/dXzEYyvbxubEF6Wn2ypscTKiKJFFn1ag=="],

    "pvtsutils": ["pvtsutils@1.3.6", "", { "dependencies": { "tslib": "^2.8.1" } }, "sha512-PLgQXQ6H2FWCaeRak8vvk1GW462lMxB5s3Jm673N82zI4vqtVUPuZdffdZbPDFRoU8kAhItWFtPCWiPpp4/EDg=="],

    "pvutils": ["pvutils@1.2.0", "", {}, "sha512-BbubeCEyTuQjVMakvJQ/Sxbc93F2pwmbsxONT/ZRrwU7Ua38d8unYTwXpTVLAKJ4BDuH9IGztCjQcd/N/39Dvg=="],

    "readable-stream": ["readable-stream@3.6.2", "", { "dependencies": { "inherits": "^2.0.3", "string_decoder": "^1.1.1", "util-deprecate": "^1.0.1" } }, "sha512-9u/sniCrY3D5WdsERHzHE4G2YCXqoG5FTHUiCC4SIbr6XcLZBY05ya9EKjYek9O5xOAwjGq+1JdGBAS7Q9ScoA=="],

    "restore-cursor": ["restore-cursor@5.1.0", "", { "dependencies": { "onetime": "^7.0.0", "signal-exit": "^4.1.0" } }, "sha512-oMA2dcrw6u0YfxJQXm342bFKX/E4sG9rbTzO9ptUcR/e8A33cHuvStiYOwH7fszkZlZ1z/ta9AAoPk2F4qIOHA=="],

    "rimraf": ["rimraf@2.7.1", "", { "dependencies": { "glob": "^7.1.3" }, "bin": { "rimraf": "./bin.js" } }, "sha512-uWjbaKIK3T1OSVptzX7Nl6PvQ3qAGtKEtVRjRuazjfL3Bx5eI409VZSqgND+4UNnmzLVdPj9FqFJNPqBZFve4w=="],

    "safe-buffer": ["safe-buffer@5.1.2", "", {}, "sha512-Gd2UZBJDkXlY7GbJxfsE8/nvKkUEU1G38c1siN6QP6a9PT9MmHB8GnpscSmMJSoF8LOIrt8ud/wPtojys4G6+g=="],

    "semver": ["semver@7.8.5", "", { "bin": { "semver": "bin/semver.js" } }, "sha512-Y7/KDsb8LjooZpwaqGyulO6DQlksgCncchHGk+sZIY4SBvUocMBEFH5Ur1fI4dV+Jvl0w6cjvucaIi40puRioA=="],

    "setimmediate": ["setimmediate@1.0.5", "", {}, "sha512-MATJdZp8sLqDl/68LfQmbP8zKPLQNV6BIZoIgrscFDQ+RsvK/BxeDQOgyxKKoh0y/8h3BqVFnCqQ/gd+reiIXA=="],

    "sharp": ["sharp@0.35.5", "", { "dependencies": { "@img/colour": "^1.1.0", "detect-libc": "^2.1.2", "semver": "^7.8.5" }, "optionalDependencies": { "@img/sharp-darwin-arm64": "0.35.5", "@img/sharp-darwin-x64": "0.35.5", "@img/sharp-freebsd-wasm32": "0.35.5", "@img/sharp-libvips-darwin-arm64": "1.3.4", "@img/sharp-libvips-darwin-x64": "1.3.4", "@img/sharp-libvips-linux-arm": "1.3.4", "@img/sharp-libvips-linux-arm64": "1.3.4", "@img/sharp-libvips-linux-ppc64": "1.3.4", "@img/sharp-libvips-linux-riscv64": "1.3.4", "@img/sharp-libvips-linux-s390x": "1.3.4", "@img/sharp-libvips-linux-x64": "1.3.4", "@img/sharp-libvips-linuxmusl-arm64": "1.3.4", "@img/sharp-libvips-linuxmusl-x64": "1.3.4", "@img/sharp-linux-arm": "0.35.5", "@img/sharp-linux-arm64": "0.35.5", "@img/sharp-linux-ppc64": "0.35.5", "@img/sharp-linux-riscv64": "0.35.5", "@img/sharp-linux-s390x": "0.35.5", "@img/sharp-linux-x64": "0.35.5", "@img/sharp-linuxmusl-arm64": "0.35.5", "@img/sharp-linuxmusl-x64": "0.35.5", "@img/sharp-webcontainers-wasm32": "0.35.5", "@img/sharp-win32-arm64": "0.35.5", "@img/sharp-win32-ia32": "0.35.5", "@img/sharp-win32-x64": "0.35.5" }, "peerDependencies": { "@types/node": "*" }, "optionalPeers": ["@types/node"] }, "sha512-Ywn4OnzGukp7CDMrp08RQ50YKmuwG47brZgIVPTvBaaAfQlRlygrRqSrxdCiL9M+LlzLBiJ68IR1QqvzHyjC7g=="],

    "signal-exit": ["signal-exit@4.1.0", "", {}, "sha512-bzyZ1e88w9O1iNJbKnOlvYTrWPDl46O1bG0D3XInv+9tkPrxrN8jUUTiFlDkkmKWgn1M6CfIA13SuGqOa9Korw=="],

    "source-map": ["source-map@0.6.1", "", {}, "sha512-UjgapumWlbMhkBgzT7Ykc5YXUT46F0iKu8SGXq0bcwP5dz/h0Plj6enJqjz1Zbq2l5WaqYnrVbwWOWMyF3F47g=="],

    "source-map-support": ["source-map-support@0.5.21", "", { "dependencies": { "buffer-from": "^1.0.0", "source-map": "^0.6.0" } }, "sha512-uBHU3L3czsIyYXKX88fdrGovxdSCoTGDRZ6SYXtSRxLZUzHg5P/66Ht6uoUlHu9EZod+inXhKo3qQgwXUT/y1w=="],

    "stdin-discarder": ["stdin-discarder@0.3.2", "", {}, "sha512-eCPu1qRxPVkl5605OTWF8Wz40b4Mf45NY5LQmVPQ599knfs5QhASUm9GbJ5BDMDOXgrnh0wyEdvzmL//YMlw0A=="],

    "stream-browserify": ["stream-browserify@3.0.0", "", { "dependencies": { "inherits": "~2.0.4", "readable-stream": "^3.5.0" } }, "sha512-H73RAHsVBapbim0tU2JwwOiXUj+fikfiaoYAKHF3VJfA0pe2BCzkhAHBlLG6REzE+2WNZcxOXjK7lkso+9euLA=="],

    "string-width": ["string-width@4.2.3", "", { "dependencies": { "emoji-regex": "^8.0.0", "is-fullwidth-code-point": "^3.0.0", "strip-ansi": "^6.0.1" } }, "sha512-wKyQRQpjJ0sIp62ErSZdGsjMJWsap5oRNihHhu6G7JVO/9jIB6UyevL+tXuOqrng8j/cxKTWyWUwvSTriiZz/g=="],

    "string_decoder": ["string_decoder@1.3.0", "", { "dependencies": { "safe-buffer": "~5.2.0" } }, "sha512-hkRX8U1WjJFd8LsDJ2yQ/wWWxaopEsABU1XfkM8A+j0+85JAGppt16cr1Whg6KIbb4okU6Mql6BOj+uup/wKeA=="],

    "strip-ansi": ["strip-ansi@6.0.1", "", { "dependencies": { "ansi-regex": "^5.0.1" } }, "sha512-Y38VPSHcqkFrCpFnQ9vuSXmquuv5oXOKpGeT6aGrr3o3Gc9AlVa6JBfUSOCnbxGGZF+/0ooI7KrPuUSztUdU5A=="],

    "traverse": ["traverse@0.3.9", "", {}, "sha512-iawgk0hLP3SxGKDfnDJf8wTz4p2qImnyihM5Hh/sGvQ3K37dPi/w8sRhdNIxYA1TwFwc5mDhIJq+O0RsvXBKdQ=="],

    "ts-deepmerge": ["ts-deepmerge@8.0.0", "", {}, "sha512-133O+10nJmVI8w5xeVZPEv5PIrv7iaUae07wv1aH8XJH95Ur6YIhWAPhPyP1YPlbPS9fCVcNIZTu7m8urRVF0A=="],

    "tslib": ["tslib@2.8.1", "", {}, "sha512-oJFu94HQb+KVduSUQL7wnpmqnfmLsOA/nAh6b6EH0wCEoK0/mPeXU6c3wKDV83MkOuHPRHtSXKKU99IBazS/2w=="],

    "type-fest": ["type-fest@4.41.0", "", {}, "sha512-TeTSQ6H5YHvpqVwBRcnLDCBnDOHWYu7IvGbHT6N8AOymcr9PJGjc1GTtiWZTYg0NCgYwvnYWEkVChQAr9bjfwA=="],

    "typedarray": ["typedarray@0.0.6", "", {}, "sha512-/aCDEGatGvZ2BIk+HmLf4ifCJFwvKFNb9/JeZPMulfgFracn9QFcAf5GO8B/mweUjSoblS5In0cWhqpfs/5PQA=="],

    "universalify": ["universalify@2.0.1", "", {}, "sha512-gptHNQghINnc/vTGIk0SOFGFNXw7JVrlRUtConJRlvaw6DuX0wO5Jeko9sWrMBhh+PsYAZ7oXAiOnf/UKogyiw=="],

    "unzipper": ["unzipper@0.10.14", "", { "dependencies": { "big-integer": "^1.6.17", "binary": "~0.3.0", "bluebird": "~3.4.1", "buffer-indexof-polyfill": "~1.0.0", "duplexer2": "~0.1.4", "fstream": "^1.0.12", "graceful-fs": "^4.2.2", "listenercount": "~1.0.1", "readable-stream": "~2.3.6", "setimmediate": "~1.0.4" } }, "sha512-ti4wZj+0bQTiX2KmKWuwj7lhV+2n//uXEotUmGuQqrbVZSEGFMbI68+c6JCQ8aAmUWYvtHEz2A8K6wXvueR/6g=="],

    "util-deprecate": ["util-deprecate@1.0.2", "", {}, "sha512-EPD5q1uXyFxJpCrLnCc1nHnq3gOa6DZBocAIiI2TaSCA7VCJ1UJDMagCzIkXNsUYfD1daK//LTEQ8xiIbrHtcw=="],

    "web-streams-polyfill": ["web-streams-polyfill@3.3.3", "", {}, "sha512-d2JWLCivmZYTSIoge9MsgFCZrt571BikcWGYkjC1khllbTeDlGqZ2D8vD8E/lJa8WGWbb7Plm8/XJYV7IJHZZw=="],

    "widest-line": ["widest-line@5.0.0", "", { "dependencies": { "string-width": "^7.0.0" } }, "sha512-c9bZp7b5YtRj2wOe6dlj32MK+Bx/M/d+9VB2SHM1OtsUHR0aV0tdP6DWh/iMt0kWi1t5g1Iudu6hQRNd1A4PVA=="],

    "wrap-ansi": ["wrap-ansi@9.0.2", "", { "dependencies": { "ansi-styles": "^6.2.1", "string-width": "^7.0.0", "strip-ansi": "^7.1.0" } }, "sha512-42AtmgqjV+X1VpdOfyTGOYRi0/zsoLqtXQckTmqTeybT+BDIbM/Guxo7x3pE2vtpr1ok6xRqM9OpBe+Jyoqyww=="],

    "wrappy": ["wrappy@1.0.2", "", {}, "sha512-l4Sp/DRseor9wL6EvV2+TuQn63dMkPjZ/sp9XkghTEbV9KlPS1xUsZ3u7/IQO4wxtcFB4bgpQPRcR3QCvezPcQ=="],

    "yoctocolors": ["yoctocolors@2.2.0", "", {}, "sha512-xYqdZFUK/VYazNl/oCDYN+3WloWQwMfZxBoiNt6qNyk+xfOdi598muWE42rNZFp1kNOiqW936q5RhUdnpqElSg=="],

    "boxen/string-width": ["string-width@7.2.0", "", { "dependencies": { "emoji-regex": "^10.3.0", "get-east-asian-width": "^1.0.0", "strip-ansi": "^7.1.0" } }, "sha512-tsaTIkKW9b4N+AEj+SVA+WhJzV7/zMhcSu78mLKWSk7cXMOSHsBKFWUs0fWwq8QyK3MgJBQRX6Gbi4kYbdvGkQ=="],

    "duplexer2/readable-stream": ["readable-stream@2.3.8", "", { "dependencies": { "core-util-is": "~1.0.0", "inherits": "~2.0.3", "isarray": "~1.0.0", "process-nextick-args": "~2.0.0", "safe-buffer": "~5.1.1", "string_decoder": "~1.1.1", "util-deprecate": "~1.0.1" } }, "sha512-8p0AUk4XODgIewSi0l8Epjs+EVnWiK7NoDIEGU0HhE7+ZyY8D1IMY7odu5lRrFXGg71L15KG8QrPmum45RTtdA=="],

    "ora/string-width": ["string-width@8.3.0", "", { "dependencies": { "get-east-asian-width": "^1.5.0", "strip-ansi": "^7.1.2" } }, "sha512-ZbmZM0JCihQN91dWnxoipT2KOEyHqEyfRXUyjuRhW8b/xnqPDoq4gWEVApTVa9db2wN8mmoikgFBbjh71+cGeQ=="],

    "string_decoder/safe-buffer": ["safe-buffer@5.2.1", "", {}, "sha512-rp3So07KcdmmKbGvgaNxQSJr7bGVSVk5S9Eq1F+ppbRo70+YeaDxkw5Dd8NPN+GD6bjnYm2VuPuCXmpuYvmCXQ=="],

    "unzipper/readable-stream": ["readable-stream@2.3.8", "", { "dependencies": { "core-util-is": "~1.0.0", "inherits": "~2.0.3", "isarray": "~1.0.0", "process-nextick-args": "~2.0.0", "safe-buffer": "~5.1.1", "string_decoder": "~1.1.1", "util-deprecate": "~1.0.1" } }, "sha512-8p0AUk4XODgIewSi0l8Epjs+EVnWiK7NoDIEGU0HhE7+ZyY8D1IMY7odu5lRrFXGg71L15KG8QrPmum45RTtdA=="],

    "widest-line/string-width": ["string-width@7.2.0", "", { "dependencies": { "emoji-regex": "^10.3.0", "get-east-asian-width": "^1.0.0", "strip-ansi": "^7.1.0" } }, "sha512-tsaTIkKW9b4N+AEj+SVA+WhJzV7/zMhcSu78mLKWSk7cXMOSHsBKFWUs0fWwq8QyK3MgJBQRX6Gbi4kYbdvGkQ=="],

    "wrap-ansi/string-width": ["string-width@7.2.0", "", { "dependencies": { "emoji-regex": "^10.3.0", "get-east-asian-width": "^1.0.0", "strip-ansi": "^7.1.0" } }, "sha512-tsaTIkKW9b4N+AEj+SVA+WhJzV7/zMhcSu78mLKWSk7cXMOSHsBKFWUs0fWwq8QyK3MgJBQRX6Gbi4kYbdvGkQ=="],

    "wrap-ansi/strip-ansi": ["strip-ansi@7.2.0", "", { "dependencies": { "ansi-regex": "^6.2.2" } }, "sha512-yDPMNjp4WyfYBkHnjIRLfca1i6KMyGCtsVgoKe/z1+6vukgaENdgGBZt+ZmKPc4gavvEZ5OgHfHdrazhgNyG7w=="],

    "boxen/string-width/emoji-regex": ["emoji-regex@10.6.0", "", {}, "sha512-toUI84YS5YmxW219erniWD0CIVOo46xGKColeNQRgOzDorgBi1v4D71/OFzgD9GO2UGKIv1C3Sp8DAn0+j5w7A=="],

    "boxen/string-width/strip-ansi": ["strip-ansi@7.2.0", "", { "dependencies": { "ansi-regex": "^6.2.2" } }, "sha512-yDPMNjp4WyfYBkHnjIRLfca1i6KMyGCtsVgoKe/z1+6vukgaENdgGBZt+ZmKPc4gavvEZ5OgHfHdrazhgNyG7w=="],

    "duplexer2/readable-stream/string_decoder": ["string_decoder@1.1.1", "", { "dependencies": { "safe-buffer": "~5.1.0" } }, "sha512-n/ShnvDi6FHbbVfviro+WojiFzv+s8MPMHBczVePfUpDJLwoLT0ht1l4YwBCbi8pJAveEEdnkHyPyTP/mzRfwg=="],

    "ora/string-width/strip-ansi": ["strip-ansi@7.2.0", "", { "dependencies": { "ansi-regex": "^6.2.2" } }, "sha512-yDPMNjp4WyfYBkHnjIRLfca1i6KMyGCtsVgoKe/z1+6vukgaENdgGBZt+ZmKPc4gavvEZ5OgHfHdrazhgNyG7w=="],

    "unzipper/readable-stream/string_decoder": ["string_decoder@1.1.1", "", { "dependencies": { "safe-buffer": "~5.1.0" } }, "sha512-n/ShnvDi6FHbbVfviro+WojiFzv+s8MPMHBczVePfUpDJLwoLT0ht1l4YwBCbi8pJAveEEdnkHyPyTP/mzRfwg=="],

    "widest-line/string-width/emoji-regex": ["emoji-regex@10.6.0", "", {}, "sha512-toUI84YS5YmxW219erniWD0CIVOo46xGKColeNQRgOzDorgBi1v4D71/OFzgD9GO2UGKIv1C3Sp8DAn0+j5w7A=="],

    "widest-line/string-width/strip-ansi": ["strip-ansi@7.2.0", "", { "dependencies": { "ansi-regex": "^6.2.2" } }, "sha512-yDPMNjp4WyfYBkHnjIRLfca1i6KMyGCtsVgoKe/z1+6vukgaENdgGBZt+ZmKPc4gavvEZ5OgHfHdrazhgNyG7w=="],

    "wrap-ansi/string-width/emoji-regex": ["emoji-regex@10.6.0", "", {}, "sha512-toUI84YS5YmxW219erniWD0CIVOo46xGKColeNQRgOzDorgBi1v4D71/OFzgD9GO2UGKIv1C3Sp8DAn0+j5w7A=="],

    "wrap-ansi/strip-ansi/ansi-regex": ["ansi-regex@6.4.0", "", {}, "sha512-KzTVk2tCWAHtYrvvvaP8bJKJq2pVinhLcGEQdtLIYPbmNGNyYe8QwNaTUYQp2J7/vIsUKt5QCqAfUkYyG9DkOw=="],

    "boxen/string-width/strip-ansi/ansi-regex": ["ansi-regex@6.4.0", "", {}, "sha512-KzTVk2tCWAHtYrvvvaP8bJKJq2pVinhLcGEQdtLIYPbmNGNyYe8QwNaTUYQp2J7/vIsUKt5QCqAfUkYyG9DkOw=="],

    "ora/string-width/strip-ansi/ansi-regex": ["ansi-regex@6.4.0", "", {}, "sha512-KzTVk2tCWAHtYrvvvaP8bJKJq2pVinhLcGEQdtLIYPbmNGNyYe8QwNaTUYQp2J7/vIsUKt5QCqAfUkYyG9DkOw=="],

    "widest-line/string-width/strip-ansi/ansi-regex": ["ansi-regex@6.4.0", "", {}, "sha512-KzTVk2tCWAHtYrvvvaP8bJKJq2pVinhLcGEQdtLIYPbmNGNyYe8QwNaTUYQp2J7/vIsUKt5QCqAfUkYyG9DkOw=="],
  }
}
