%{
  "absinthe": {:hex, :absinthe, "1.7.11", "c8118eab5dd7c680087d47379784aab866661a5bbdb250a2c085b5234d9e6e38", [:mix], [{:dataloader, "~> 1.0.0 or ~> 2.0", [hex: :dataloader, repo: "hexpm", optional: true]}, {:decimal, "~> 2.0", [hex: :decimal, repo: "hexpm", optional: true]}, {:nimble_parsec, "~> 1.2.2 or ~> 1.3", [hex: :nimble_parsec, repo: "hexpm", optional: false]}, {:opentelemetry_process_propagator, "~> 0.2.1 or ~> 0.3", [hex: :opentelemetry_process_propagator, repo: "hexpm", optional: true]}, {:telemetry, "~> 0.4 or ~> 1.0", [hex: :telemetry, repo: "hexpm", optional: false]}], "hexpm", "04c128cb55238742ca30fe735a1584c282acd83fe8b7681ee33ab70dc058baeb"},
  "absinthe_phoenix": {:hex, :absinthe_phoenix, "2.0.3", "74e0862f280424b7bc290f6f69e133268bce0b4e7db0218c7e129c5c2b1d3fd4", [:mix], [{:absinthe, "~> 1.5", [hex: :absinthe, repo: "hexpm", optional: false]}, {:absinthe_plug, "~> 1.5", [hex: :absinthe_plug, repo: "hexpm", optional: false]}, {:decimal, "~> 1.0 or ~> 2.0", [hex: :decimal, repo: "hexpm", optional: false]}, {:phoenix, "~> 1.5", [hex: :phoenix, repo: "hexpm", optional: false]}, {:phoenix_html, "~> 2.13 or ~> 3.0 or ~> 4.0", [hex: :phoenix_html, repo: "hexpm", optional: true]}, {:phoenix_pubsub, "~> 2.0", [hex: :phoenix_pubsub, repo: "hexpm", optional: false]}], "hexpm", "caffaea03c17ea7419fe07e4bc04c2399c47f0d8736900623dbf4749a826fd2c"},
  "absinthe_plug": {:hex, :absinthe_plug, "1.5.9", "4f66fd46aecf969b349dd94853e6132db6d832ae6a4b951312b6926ad4ee7ca3", [:mix], [{:absinthe, "~> 1.7", [hex: :absinthe, repo: "hexpm", optional: false]}, {:plug, "~> 1.4", [hex: :plug, repo: "hexpm", optional: false]}], "hexpm", "dcdc84334b0e9e2cd439bd2653678a822623f212c71088edf0a4a7d03f1fa225"},
  "assertions": {:hex, :assertions, "0.21.0", "8399787560b99b70e8a24e6dc57c449120104c1573ff2552859ed29058b2081b", [:mix], [], "hexpm", "6f93cc9f04d0948dde372f8d765c14db2757444c9e9973669391b9680b0762d3"},
  "atomic_map": {:hex, :atomic_map, "0.9.3", "3c7f1302e0590164732d08ca999708efbb2cd768abf2911cf140280ce2dc499d", [:mix], [], "hexpm", "c237babf301bd2435bd85b96cffc973022b4cbb7721537059ee0dd3bb74938d2"},
  "authoritex": {:hex, :authoritex, "1.3.0", "b1c3265188731db1e5bc8efc0e7fb31fefd6fd8d58b5743d22b0a00fc467f624", [:mix], [{:httpoison, "~> 1.8.0", [hex: :httpoison, repo: "hexpm", optional: false]}, {:httpoison_retry, "~> 1.1.0", [hex: :httpoison_retry, repo: "hexpm", optional: false]}, {:jason, "~> 1.4.0", [hex: :jason, repo: "hexpm", optional: false]}, {:sweet_xml, "~> 0.6", [hex: :sweet_xml, repo: "hexpm", optional: false]}], "hexpm", "b9279ad3f942d93564f46e8a8665e36b9692583be66b25a7e3365269fc9b0c76"},
  "aws_signature": {:hex, :aws_signature, "0.4.1", "9e591ab4b570b4f9ed25287d9b6af46057984362e6db2aebc8c813cd6ca823e4", [:rebar3], [], "hexpm", "69e641476d3a88ae91c0b697fe23739ffdf46e5a39fa6a45100dc33ab18ec38a"},
  "base64url": {:hex, :base64url, "0.0.1", "36a90125f5948e3afd7be97662a1504b934dd5dac78451ca6e9abf85a10286be", [:rebar], [], "hexpm", "fab09b20e3f5db886725544cbcf875b8e73ec93363954eb8a1a9ed834aa8c1f9"},
  "briefly": {:hex, :briefly, "0.5.1", "ee10d48da7f79ed2aebdc3e536d5f9a0c3e36ff76c0ad0d4254653a152b13a8a", [:mix], [], "hexpm", "bd684aa92ad8b7b4e0d92c31200993c4bc1469fc68cd6d5f15144041bd15cb57"},
  "broadway": {:hex, :broadway, "1.2.1", "83a1567423c26885e15f6cd8670ca790370af2fcff2ede7fa88c5ea793087a67", [:mix], [{:gen_stage, "~> 1.0", [hex: :gen_stage, repo: "hexpm", optional: false]}, {:nimble_options, "~> 0.3.7 or ~> 0.4 or ~> 1.0", [hex: :nimble_options, repo: "hexpm", optional: false]}, {:telemetry, "~> 0.4.3 or ~> 1.0", [hex: :telemetry, repo: "hexpm", optional: false]}], "hexpm", "68ae63d83b55bdca0f95cd49feee5fb74c5a6bec557caf940860fe07dbc8a4fb"},
  "broadway_dashboard": {:hex, :broadway_dashboard, "0.4.1", "a5f4cba542390ba1cb6f0d26401676312adc8330f664e7aec98b498057d757a2", [:mix], [{:broadway, "~> 1.0", [hex: :broadway, repo: "hexpm", optional: false]}, {:phoenix_live_dashboard, "~> 0.8.0", [hex: :phoenix_live_dashboard, repo: "hexpm", optional: false]}], "hexpm", "2177b4d4ab46bdc059613fa447219c974091cfc79d9ff16480a9f4aabab89020"},
  "broadway_sqs": {:hex, :broadway_sqs, "0.7.4", "ab89b298f9253adb8534f92095b56d4879e35fe2f5a0730256f7e824572c637f", [:mix], [{:broadway, "~> 1.0", [hex: :broadway, repo: "hexpm", optional: false]}, {:ex_aws_sqs, "~> 3.2.1 or ~> 3.3", [hex: :ex_aws_sqs, repo: "hexpm", optional: false]}, {:nimble_options, "~> 0.3.7 or ~> 0.4 or ~> 1.0", [hex: :nimble_options, repo: "hexpm", optional: false]}, {:saxy, "~> 1.1", [hex: :saxy, repo: "hexpm", optional: false]}, {:telemetry, "~> 0.4.3 or ~> 1.0", [hex: :telemetry, repo: "hexpm", optional: false]}], "hexpm", "7140085c4f7c4b27886b3a8f3d0942976f39f195fdbc2f652c5d7b157f93ae28"},
  "bunt": {:hex, :bunt, "1.0.0", "081c2c665f086849e6d57900292b3a161727ab40431219529f13c4ddcf3e7a44", [:mix], [], "hexpm", "dc5f86aa08a5f6fa6b8096f0735c4e76d54ae5c9fa2c143e5a1fc7c1cd9bb6b5"},
  "cachex": {:hex, :cachex, "4.1.1", "574c5cd28473db313a0a76aac8c945fe44191659538ca6a1e8946ec300b1a19f", [:mix], [{:eternal, "~> 1.2", [hex: :eternal, repo: "hexpm", optional: false]}, {:ex_hash_ring, "~> 6.0", [hex: :ex_hash_ring, repo: "hexpm", optional: false]}, {:jumper, "~> 1.0", [hex: :jumper, repo: "hexpm", optional: false]}, {:sleeplocks, "~> 1.1", [hex: :sleeplocks, repo: "hexpm", optional: false]}, {:unsafe, "~> 1.0", [hex: :unsafe, repo: "hexpm", optional: false]}], "hexpm", "d6b7449ff98d6bb92dda58bd4fc3189cae9f99e7042054d669596f56dc503cd8"},
  "certifi": {:hex, :certifi, "2.15.0", "0e6e882fcdaaa0a5a9f2b3db55b1394dba07e8d6d9bcad08318fb604c6839712", [:rebar3], [], "hexpm", "b147ed22ce71d72eafdad94f055165c1c182f61a2ff49df28bcc71d1d5b94a60"},
  "combine": {:hex, :combine, "0.10.0", "eff8224eeb56498a2af13011d142c5e7997a80c8f5b97c499f84c841032e429f", [:mix], [], "hexpm", "1b1dbc1790073076580d0d1d64e42eae2366583e7aecd455d1215b0d16f2451b"},
  "configparser_ex": {:hex, :configparser_ex, "4.0.0", "17e2b831cfa33a08c56effc610339b2986f0d82a9caa0ed18880a07658292ab6", [:mix], [], "hexpm", "02e6d1a559361a063cba7b75bc3eb2d6ad7e62730c551cc4703541fd11e65e5b"},
  "cowboy": {:hex, :cowboy, "2.14.2", "4008be1df6ade45e4f2a4e9e2d22b36d0b5aba4e20b0a0d7049e28d124e34847", [:make, :rebar3], [{:cowlib, ">= 2.16.0 and < 3.0.0", [hex: :cowlib, repo: "hexpm", optional: false]}, {:ranch, ">= 1.8.0 and < 3.0.0", [hex: :ranch, repo: "hexpm", optional: false]}], "hexpm", "569081da046e7b41b5df36aa359be71a0c8874e5b9cff6f747073fc57baf1ab9"},
  "cowboy_telemetry": {:hex, :cowboy_telemetry, "0.4.0", "f239f68b588efa7707abce16a84d0d2acf3a0f50571f8bb7f56a15865aae820c", [:rebar3], [{:cowboy, "~> 2.7", [hex: :cowboy, repo: "hexpm", optional: false]}, {:telemetry, "~> 1.0", [hex: :telemetry, repo: "hexpm", optional: false]}], "hexpm", "7d98bac1ee4565d31b62d59f8823dfd8356a169e7fcbb83831b8a5397404c9de"},
  "cowlib": {:hex, :cowlib, "2.16.0", "54592074ebbbb92ee4746c8a8846e5605052f29309d3a873468d76cdf932076f", [:make, :rebar3], [], "hexpm", "7f478d80d66b747344f0ea7708c187645cfcc08b11aa424632f78e25bf05db51"},
  "credo": {:hex, :credo, "1.7.13", "126a0697df6b7b71cd18c81bc92335297839a806b6f62b61d417500d1070ff4e", [:mix], [{:bunt, "~> 0.2.1 or ~> 1.0", [hex: :bunt, repo: "hexpm", optional: false]}, {:file_system, "~> 0.2 or ~> 1.0", [hex: :file_system, repo: "hexpm", optional: false]}, {:jason, "~> 1.0", [hex: :jason, repo: "hexpm", optional: false]}], "hexpm", "47641e6d2bbff1e241e87695b29f617f1a8f912adea34296fb10ecc3d7e9e84f"},
  "crontab": {:hex, :crontab, "1.2.0", "503611820257939d5d0fd272eb2b454f48a470435a809479ddc2c40bb515495c", [:mix], [{:ecto, "~> 1.0 or ~> 2.0 or ~> 3.0", [hex: :ecto, repo: "hexpm", optional: true]}], "hexpm", "ebd7ef4d831e1b20fa4700f0de0284a04cac4347e813337978e25b4cc5cc2207"},
  "dataloader": {:hex, :dataloader, "1.0.11", "49bbfc7dd8a1990423c51000b869b1fecaab9e3ccd6b29eab51616ae8ad0a2f5", [:mix], [{:ecto, ">= 3.4.3 and < 4.0.0", [hex: :ecto, repo: "hexpm", optional: true]}, {:telemetry, "~> 0.4 or ~> 1.0", [hex: :telemetry, repo: "hexpm", optional: false]}], "hexpm", "ba0b0ec532ec68e9d033d03553561d693129bd7cbd5c649dc7903f07ffba08fe"},
  "db_connection": {:hex, :db_connection, "2.8.1", "9abdc1e68c34c6163f6fb96a96532272d13ad7ca45262156ae8b7ec6d9dc4bec", [:mix], [{:telemetry, "~> 0.4 or ~> 1.0", [hex: :telemetry, repo: "hexpm", optional: false]}], "hexpm", "a61a3d489b239d76f326e03b98794fb8e45168396c925ef25feb405ed09da8fd"},
  "decimal": {:hex, :decimal, "2.3.0", "3ad6255aa77b4a3c4f818171b12d237500e63525c2fd056699967a3e7ea20f62", [:mix], [], "hexpm", "a4d66355cb29cb47c3cf30e71329e58361cfcb37c34235ef3bf1d7bf3773aeac"},
  "ecto": {:hex, :ecto, "3.13.4", "27834b45d58075d4a414833d9581e8b7bb18a8d9f264a21e42f653d500dbeeb5", [:mix], [{:decimal, "~> 2.0", [hex: :decimal, repo: "hexpm", optional: false]}, {:jason, "~> 1.0", [hex: :jason, repo: "hexpm", optional: true]}, {:telemetry, "~> 0.4 or ~> 1.0", [hex: :telemetry, repo: "hexpm", optional: false]}], "hexpm", "5ad7d1505685dfa7aaf86b133d54f5ad6c42df0b4553741a1ff48796736e88b2"},
  "ecto_enum": {:hex, :ecto_enum, "1.4.0", "d14b00e04b974afc69c251632d1e49594d899067ee2b376277efd8233027aec8", [:mix], [{:ecto, ">= 3.0.0", [hex: :ecto, repo: "hexpm", optional: false]}, {:ecto_sql, "> 3.0.0", [hex: :ecto_sql, repo: "hexpm", optional: false]}, {:mariaex, ">= 0.0.0", [hex: :mariaex, repo: "hexpm", optional: true]}, {:postgrex, ">= 0.0.0", [hex: :postgrex, repo: "hexpm", optional: true]}], "hexpm", "8fb55c087181c2b15eee406519dc22578fa60dd82c088be376d0010172764ee4"},
  "ecto_psql_extras": {:hex, :ecto_psql_extras, "0.8.8", "aa02529c97f69aed5722899f5dc6360128735a92dd169f23c5d50b1f7fdede08", [:mix], [{:ecto_sql, "~> 3.7", [hex: :ecto_sql, repo: "hexpm", optional: false]}, {:postgrex, "> 0.16.0", [hex: :postgrex, repo: "hexpm", optional: false]}, {:table_rex, "~> 3.1.1 or ~> 4.0", [hex: :table_rex, repo: "hexpm", optional: false]}], "hexpm", "04c63d92b141723ad6fed2e60a4b461ca00b3594d16df47bbc48f1f4534f2c49"},
  "ecto_ranked": {:hex, :ecto_ranked, "0.6.1", "b8796f865099da369dfa5cc765eedc5cac5f8d5ac892bcfd7d938d1115d3cd1d", [:mix], [{:ecto_sql, "~> 3.0", [hex: :ecto_sql, repo: "hexpm", optional: false]}], "hexpm", "39504f290103950448926637660cb91f02b936e75bb6ae307cbcf80bf487962d"},
  "ecto_sql": {:hex, :ecto_sql, "3.13.2", "a07d2461d84107b3d037097c822ffdd36ed69d1cf7c0f70e12a3d1decf04e2e1", [:mix], [{:db_connection, "~> 2.4.1 or ~> 2.5", [hex: :db_connection, repo: "hexpm", optional: false]}, {:ecto, "~> 3.13.0", [hex: :ecto, repo: "hexpm", optional: false]}, {:myxql, "~> 0.7", [hex: :myxql, repo: "hexpm", optional: true]}, {:postgrex, "~> 0.19 or ~> 1.0", [hex: :postgrex, repo: "hexpm", optional: true]}, {:tds, "~> 2.1.1 or ~> 2.2", [hex: :tds, repo: "hexpm", optional: true]}, {:telemetry, "~> 0.4.0 or ~> 1.0", [hex: :telemetry, repo: "hexpm", optional: false]}], "hexpm", "539274ab0ecf1a0078a6a72ef3465629e4d6018a3028095dc90f60a19c371717"},
  "edtf": {:hex, :edtf, "1.3.0", "727b66370c3637f39fe9adc700cc481e62a6a38ea9ba29b6eecb65d975650dd3", [:mix], [{:inflex, "~> 2.1", [hex: :inflex, repo: "hexpm", optional: false]}, {:nimble_parsec, "~> 1.4", [hex: :nimble_parsec, repo: "hexpm", optional: false]}], "hexpm", "7ff738797b9ee9853bc99320a0d6824cc0a5f9f20a133f0ab1616b0770769720"},
  "elastix": {:hex, :elastix, "0.10.0", "7567da885677ba9deffc20063db5f3ca8cd10f23cff1ab3ed9c52b7063b7e340", [:mix], [{:httpoison, "~> 1.4", [hex: :httpoison, repo: "hexpm", optional: false]}, {:poison, "~> 3.0 or ~> 4.0", [hex: :poison, repo: "hexpm", optional: true]}, {:retry, "~> 0.8", [hex: :retry, repo: "hexpm", optional: false]}], "hexpm", "5fb342ce068b20f7845f5dd198c2dc80d967deafaa940a6e51b846db82696d1d"},
  "eternal": {:hex, :eternal, "1.2.2", "d1641c86368de99375b98d183042dd6c2b234262b8d08dfd72b9eeaafc2a1abd", [:mix], [], "hexpm", "2c9fe32b9c3726703ba5e1d43a1d255a4f3f2d8f8f9bc19f094c7cb1a7a9e782"},
  "ets": {:hex, :ets, "0.9.0", "79c6a6c205436780486f72d84230c6cba2f8a9920456750ddd1e47389107d5fd", [:mix], [], "hexpm", "2861fdfb04bcaeff370f1a5904eec864f0a56dcfebe5921ea9aadf2a481c822b"},
  "ex_aws": {:hex, :ex_aws, "2.5.9", "8e2455172f0e5cbe2f56dd68de514f0dae6bb26d6b6e2f435a06434cf9dbb412", [:mix], [{:configparser_ex, "~> 4.0", [hex: :configparser_ex, repo: "hexpm", optional: true]}, {:hackney, "~> 1.16", [hex: :hackney, repo: "hexpm", optional: true]}, {:jason, "~> 1.1", [hex: :jason, repo: "hexpm", optional: true]}, {:jsx, "~> 2.8 or ~> 3.0", [hex: :jsx, repo: "hexpm", optional: true]}, {:mime, "~> 1.2 or ~> 2.0", [hex: :mime, repo: "hexpm", optional: false]}, {:req, "~> 0.5.10 or ~> 0.6 or ~> 1.0", [hex: :req, repo: "hexpm", optional: true]}, {:sweet_xml, "~> 0.7", [hex: :sweet_xml, repo: "hexpm", optional: true]}, {:telemetry, "~> 0.4.3 or ~> 1.0", [hex: :telemetry, repo: "hexpm", optional: false]}], "hexpm", "cbdb6ffb0e6c6368de05ed8641fe1376298ba23354674428e5b153a541f23359"},
  "ex_aws_lambda": {:hex, :ex_aws_lambda, "2.1.0", "f28bffae6dde34ba17ef815ef50a82a1e7f3af26d36fe31dbda3a7657e0de449", [:mix], [{:ex_aws, "~> 2.0", [hex: :ex_aws, repo: "hexpm", optional: false]}], "hexpm", "25608630b8b45fe22b0237696662f88be724bc89f77ee42708a5871511f531a0"},
  "ex_aws_s3": {:hex, :ex_aws_s3, "2.5.8", "5ee7407bc8252121ad28fba936b3b293f4ecef93753962351feb95b8a66096fa", [:mix], [{:ex_aws, "~> 2.0", [hex: :ex_aws, repo: "hexpm", optional: false]}, {:sweet_xml, ">= 0.0.0", [hex: :sweet_xml, repo: "hexpm", optional: true]}], "hexpm", "84e512ca2e0ae6a6c497036dff06d4493ffb422cfe476acc811d7c337c16691c"},
  "ex_aws_secretsmanager": {:hex, :ex_aws_secretsmanager, "2.0.0", "deff8c12335f0160882afeb9687e55a97fddcd7d9a82fc3a6fbb270797374773", [:mix], [{:ex_aws, "~> 2.0", [hex: :ex_aws, repo: "hexpm", optional: false]}], "hexpm", "8b2838af536c32263ff797012b29e87bad73ef34f43cfa60ebca8e84576f6d45"},
  "ex_aws_sqs": {:hex, :ex_aws_sqs, "3.4.0", "f7c4d0177c1c954776363d3dc05e5dfd37ddf0e2c65ec3f047e5c9c7dd1b71ac", [:mix], [{:ex_aws, "~> 2.1", [hex: :ex_aws, repo: "hexpm", optional: false]}, {:hackney, "~> 1.9", [hex: :hackney, repo: "hexpm", optional: true]}, {:jason, "~> 1.1", [hex: :jason, repo: "hexpm", optional: true]}, {:saxy, "~> 1.1", [hex: :saxy, repo: "hexpm", optional: true]}, {:sweet_xml, ">= 0.0.0", [hex: :sweet_xml, repo: "hexpm", optional: true]}], "hexpm", "b504482206ccaf767b714888e9d41a1cfcdcb241577985517114191c812f155a"},
  "ex_aws_ssm": {:hex, :ex_aws_ssm, "2.1.0", "548b3d085d2916f54a5b5c5b273673175a46b04ff637624dab582957649eb680", [:mix], [{:ex_aws, "~> 2.0", [hex: :ex_aws, repo: "hexpm", optional: false]}], "hexpm", "a91a183dc131a780e74aad10d7866533ca6018a6c2bf0345d52fe3f3c494f9f7"},
  "ex_aws_sts": {:hex, :ex_aws_sts, "2.3.0", "ce48c4cba7f1595a7d544458d0202ca313124026dba7b1a0021bbb1baa3d66d0", [:mix], [{:ex_aws, "~> 2.2", [hex: :ex_aws, repo: "hexpm", optional: false]}], "hexpm", "f14e4c7da3454514bf253b331e9422d25825485c211896ab3b81d2a4bdbf62f5"},
  "ex_hash_ring": {:hex, :ex_hash_ring, "6.0.4", "bef9d2d796afbbe25ab5b5a7ed746e06b99c76604f558113c273466d52fa6d6b", [:mix], [], "hexpm", "89adabf31f7d3dfaa36802ce598ce918e9b5b33bae8909ac1a4d052e1e567d18"},
  "excoveralls": {:hex, :excoveralls, "0.18.5", "e229d0a65982613332ec30f07940038fe451a2e5b29bce2a5022165f0c9b157e", [:mix], [{:castore, "~> 1.0", [hex: :castore, repo: "hexpm", optional: true]}, {:jason, "~> 1.0", [hex: :jason, repo: "hexpm", optional: false]}], "hexpm", "523fe8a15603f86d64852aab2abe8ddbd78e68579c8525ae765facc5eae01562"},
  "expo": {:hex, :expo, "1.1.1", "4202e1d2ca6e2b3b63e02f69cfe0a404f77702b041d02b58597c00992b601db5", [:mix], [], "hexpm", "5fb308b9cb359ae200b7e23d37c76978673aa1b06e2b3075d814ce12c5811640"},
  "faker": {:hex, :faker, "0.18.0", "943e479319a22ea4e8e39e8e076b81c02827d9302f3d32726c5bf82f430e6e14", [:mix], [], "hexpm", "bfbdd83958d78e2788e99ec9317c4816e651ad05e24cfd1196ce5db5b3e81797"},
  "file_system": {:hex, :file_system, "1.1.1", "31864f4685b0148f25bd3fbef2b1228457c0c89024ad67f7a81a3ffbc0bbad3a", [:mix], [], "hexpm", "7a15ff97dfe526aeefb090a7a9d3d03aa907e100e262a0f8f7746b78f8f87a5d"},
  "gen_stage": {:hex, :gen_stage, "1.3.2", "7c77e5d1e97de2c6c2f78f306f463bca64bf2f4c3cdd606affc0100b89743b7b", [:mix], [], "hexpm", "0ffae547fa777b3ed889a6b9e1e64566217413d018cabd825f786e843ffe63e7"},
  "gettext": {:hex, :gettext, "0.26.2", "5978aa7b21fada6deabf1f6341ddba50bc69c999e812211903b169799208f2a8", [:mix], [{:expo, "~> 0.5.1 or ~> 1.0", [hex: :expo, repo: "hexpm", optional: false]}], "hexpm", "aa978504bcf76511efdc22d580ba08e2279caab1066b76bb9aa81c4a1e0a32a5"},
  "hackney": {:hex, :hackney, "1.25.0", "390e9b83f31e5b325b9f43b76e1a785cbdb69b5b6cd4e079aa67835ded046867", [:rebar3], [{:certifi, "~> 2.15.0", [hex: :certifi, repo: "hexpm", optional: false]}, {:idna, "~> 6.1.0", [hex: :idna, repo: "hexpm", optional: false]}, {:metrics, "~> 1.0.0", [hex: :metrics, repo: "hexpm", optional: false]}, {:mimerl, "~> 1.4", [hex: :mimerl, repo: "hexpm", optional: false]}, {:parse_trans, "3.4.1", [hex: :parse_trans, repo: "hexpm", optional: false]}, {:ssl_verify_fun, "~> 1.1.0", [hex: :ssl_verify_fun, repo: "hexpm", optional: false]}, {:unicode_util_compat, "~> 0.7.1", [hex: :unicode_util_compat, repo: "hexpm", optional: false]}], "hexpm", "7209bfd75fd1f42467211ff8f59ea74d6f2a9e81cbcee95a56711ee79fd6b1d4"},
  "honeybadger": {:hex, :honeybadger, "0.24.1", "13ffe56b4d148649c8fbb0e091fefecc5d8e8eb7ade684b6900085a947d741d5", [:mix], [{:ecto, ">= 2.0.0", [hex: :ecto, repo: "hexpm", optional: true]}, {:hackney, "~> 1.1", [hex: :hackney, repo: "hexpm", optional: true]}, {:jason, "~> 1.0", [hex: :jason, repo: "hexpm", optional: false]}, {:phoenix, ">= 1.0.0 and < 2.0.0", [hex: :phoenix, repo: "hexpm", optional: true]}, {:plug, ">= 1.0.0 and < 2.0.0", [hex: :plug, repo: "hexpm", optional: true]}, {:process_tree, "~> 0.2.1", [hex: :process_tree, repo: "hexpm", optional: false]}, {:req, "~> 0.5.0", [hex: :req, repo: "hexpm", optional: true]}, {:telemetry, "~> 0.4 or ~> 1.0", [hex: :telemetry, repo: "hexpm", optional: false]}], "hexpm", "0c97d5a82c42298b9935dbc0a7e3c14372c8f55257f603828258ef9f7e0da892"},
  "httpoison": {:hex, :httpoison, "1.8.2", "9eb9c63ae289296a544842ef816a85d881d4a31f518a0fec089aaa744beae290", [:mix], [{:hackney, "~> 1.17", [hex: :hackney, repo: "hexpm", optional: false]}], "hexpm", "2bb350d26972e30c96e2ca74a1aaf8293d61d0742ff17f01e0279fef11599921"},
  "httpoison_retry": {:hex, :httpoison_retry, "1.1.0", "2f2cf49ecac6d1a73d0730b76673890dfd3df35123e83d521e0af7dff6db0cfb", [:mix], [{:httpoison, "~> 0.13 or ~> 1.0", [hex: :httpoison, repo: "hexpm", optional: false]}], "hexpm", "df8f33336e2aeb25efd0d8948b51fa2551a2944dc12c8fb739e75a7796923a78"},
  "idna": {:hex, :idna, "6.1.1", "8a63070e9f7d0c62eb9d9fcb360a7de382448200fbbd1b106cc96d3d8099df8d", [:rebar3], [{:unicode_util_compat, "~> 0.7.0", [hex: :unicode_util_compat, repo: "hexpm", optional: false]}], "hexpm", "92376eb7894412ed19ac475e4a86f7b413c1b9fbb5bd16dccd57934157944cea"},
  "inflex": {:hex, :inflex, "2.1.0", "a365cf0821a9dacb65067abd95008ca1b0bb7dcdd85ae59965deef2aa062924c", [:mix], [], "hexpm", "14c17d05db4ee9b6d319b0bff1bdf22aa389a25398d1952c7a0b5f3d93162dd8"},
  "jason": {:hex, :jason, "1.4.4", "b9226785a9aa77b6857ca22832cffa5d5011a667207eb2a0ad56adb5db443b8a", [:mix], [{:decimal, "~> 1.0 or ~> 2.0", [hex: :decimal, repo: "hexpm", optional: true]}], "hexpm", "c5eb0cab91f094599f94d55bc63409236a8ec69a21a67814529e8d5f6cc90b3b"},
  "jsx": {:hex, :jsx, "2.8.3", "a05252d381885240744d955fbe3cf810504eb2567164824e19303ea59eef62cf", [:mix, :rebar3], [], "hexpm", "fc3499fed7a726995aa659143a248534adc754ebd16ccd437cd93b649a95091f"},
  "jumper": {:hex, :jumper, "1.0.2", "68cdcd84472a00ac596b4e6459a41b3062d4427cbd4f1e8c8793c5b54f1406a7", [:mix], [], "hexpm", "9b7782409021e01ab3c08270e26f36eb62976a38c1aa64b2eaf6348422f165e1"},
  "jwt": {:hex, :jwt, "0.1.11", "4f18896c4a182530ed445312c45ac353d801fbdfd54f538910370e9cf12687cf", [:rebar3], [{:base64url, "~> 0.0.1", [hex: :base64url, repo: "hexpm", optional: false]}, {:jsx, "~> 2.8.0", [hex: :jsx, repo: "hexpm", optional: false]}], "hexpm", "b483fbb786d1bd050b3c551d323112d604e5b0f9cf9dc5671adeec462c2e36bb"},
  "logger_file_backend": {:hex, :logger_file_backend, "0.0.14", "774bb661f1c3fed51b624d2859180c01e386eb1273dc22de4f4a155ef749a602", [:mix], [], "hexpm", "071354a18196468f3904ef09413af20971d55164267427f6257b52cfba03f9e6"},
  "metrics": {:hex, :metrics, "1.0.1", "25f094dea2cda98213cecc3aeff09e940299d950904393b2a29d191c346a8486", [:rebar3], [], "hexpm", "69b09adddc4f74a40716ae54d140f93beb0fb8978d8636eaded0c31b6f099f16"},
  "mime": {:hex, :mime, "2.0.7", "b8d739037be7cd402aee1ba0306edfdef982687ee7e9859bee6198c1e7e2f128", [:mix], [], "hexpm", "6171188e399ee16023ffc5b76ce445eb6d9672e2e241d2df6050f3c771e80ccd"},
  "mimerl": {:hex, :mimerl, "1.4.0", "3882a5ca67fbbe7117ba8947f27643557adec38fa2307490c4c4207624cb213b", [:rebar3], [], "hexpm", "13af15f9f68c65884ecca3a3891d50a7b57d82152792f3e19d88650aa126b144"},
  "mox": {:hex, :mox, "1.2.0", "a2cd96b4b80a3883e3100a221e8adc1b98e4c3a332a8fc434c39526babafd5b3", [:mix], [{:nimble_ownership, "~> 1.0", [hex: :nimble_ownership, repo: "hexpm", optional: false]}], "hexpm", "c7b92b3cc69ee24a7eeeaf944cd7be22013c52fcb580c1f33f50845ec821089a"},
  "nimble_csv": {:hex, :nimble_csv, "1.3.0", "b7f998dc62b222bce9596e46f028c7a5af04cb5dde6df2ea197c583227c54971", [:mix], [], "hexpm", "41ccdc18f7c8f8bb06e84164fc51635321e80d5a3b450761c4997d620925d619"},
  "nimble_options": {:hex, :nimble_options, "1.1.1", "e3a492d54d85fc3fd7c5baf411d9d2852922f66e69476317787a7b2bb000a61b", [:mix], [], "hexpm", "821b2470ca9442c4b6984882fe9bb0389371b8ddec4d45a9504f00a66f650b44"},
  "nimble_ownership": {:hex, :nimble_ownership, "1.0.2", "fa8a6f2d8c592ad4d79b2ca617473c6aefd5869abfa02563a77682038bf916cf", [:mix], [], "hexpm", "098af64e1f6f8609c6672127cfe9e9590a5d3fcdd82bc17a377b8692fd81a879"},
  "nimble_parsec": {:hex, :nimble_parsec, "1.4.2", "8efba0122db06df95bfaa78f791344a89352ba04baedd3849593bfce4d0dc1c6", [:mix], [], "hexpm", "4b21398942dda052b403bbe1da991ccd03a053668d147d53fb8c4e0efe09c973"},
  "parse_trans": {:hex, :parse_trans, "3.4.1", "6e6aa8167cb44cc8f39441d05193be6e6f4e7c2946cb2759f015f8c56b76e5ff", [:rebar3], [], "hexpm", "620a406ce75dada827b82e453c19cf06776be266f5a67cff34e1ef2cbb60e49a"},
  "phoenix": {:hex, :phoenix, "1.8.1", "865473a60a979551a4879db79fbfb4503e41cd809e77c85af79716578b6a456d", [:mix], [{:bandit, "~> 1.0", [hex: :bandit, repo: "hexpm", optional: true]}, {:jason, "~> 1.0", [hex: :jason, repo: "hexpm", optional: true]}, {:phoenix_pubsub, "~> 2.1", [hex: :phoenix_pubsub, repo: "hexpm", optional: false]}, {:phoenix_template, "~> 1.0", [hex: :phoenix_template, repo: "hexpm", optional: false]}, {:phoenix_view, "~> 2.0", [hex: :phoenix_view, repo: "hexpm", optional: true]}, {:plug, "~> 1.14", [hex: :plug, repo: "hexpm", optional: false]}, {:plug_cowboy, "~> 2.7", [hex: :plug_cowboy, repo: "hexpm", optional: true]}, {:plug_crypto, "~> 1.2 or ~> 2.0", [hex: :plug_crypto, repo: "hexpm", optional: false]}, {:telemetry, "~> 0.4 or ~> 1.0", [hex: :telemetry, repo: "hexpm", optional: false]}, {:websock_adapter, "~> 0.5.3", [hex: :websock_adapter, repo: "hexpm", optional: false]}], "hexpm", "84d77d2b2e77c3c7e7527099bd01ef5c8560cd149c036d6b3a40745f11cd2fb2"},
  "phoenix_ecto": {:hex, :phoenix_ecto, "4.6.5", "c4ef322acd15a574a8b1a08eff0ee0a85e73096b53ce1403b6563709f15e1cea", [:mix], [{:ecto, "~> 3.5", [hex: :ecto, repo: "hexpm", optional: false]}, {:phoenix_html, "~> 2.14.2 or ~> 3.0 or ~> 4.1", [hex: :phoenix_html, repo: "hexpm", optional: true]}, {:plug, "~> 1.9", [hex: :plug, repo: "hexpm", optional: false]}, {:postgrex, "~> 0.16 or ~> 1.0", [hex: :postgrex, repo: "hexpm", optional: true]}], "hexpm", "26ec3208eef407f31b748cadd044045c6fd485fbff168e35963d2f9dfff28d4b"},
  "phoenix_html": {:hex, :phoenix_html, "4.3.0", "d3577a5df4b6954cd7890c84d955c470b5310bb49647f0a114a6eeecc850f7ad", [:mix], [], "hexpm", "3eaa290a78bab0f075f791a46a981bbe769d94bc776869f4f3063a14f30497ad"},
  "phoenix_html_helpers": {:hex, :phoenix_html_helpers, "1.0.1", "7eed85c52eff80a179391036931791ee5d2f713d76a81d0d2c6ebafe1e11e5ec", [:mix], [{:phoenix_html, "~> 4.0", [hex: :phoenix_html, repo: "hexpm", optional: false]}, {:plug, "~> 1.5", [hex: :plug, repo: "hexpm", optional: true]}], "hexpm", "cffd2385d1fa4f78b04432df69ab8da63dc5cf63e07b713a4dcf36a3740e3090"},
  "phoenix_live_dashboard": {:hex, :phoenix_live_dashboard, "0.8.7", "405880012cb4b706f26dd1c6349125bfc903fb9e44d1ea668adaf4e04d4884b7", [:mix], [{:ecto, "~> 3.6.2 or ~> 3.7", [hex: :ecto, repo: "hexpm", optional: true]}, {:ecto_mysql_extras, "~> 0.5", [hex: :ecto_mysql_extras, repo: "hexpm", optional: true]}, {:ecto_psql_extras, "~> 0.7", [hex: :ecto_psql_extras, repo: "hexpm", optional: true]}, {:ecto_sqlite3_extras, "~> 1.1.7 or ~> 1.2.0", [hex: :ecto_sqlite3_extras, repo: "hexpm", optional: true]}, {:mime, "~> 1.6 or ~> 2.0", [hex: :mime, repo: "hexpm", optional: false]}, {:phoenix_live_view, "~> 0.19 or ~> 1.0", [hex: :phoenix_live_view, repo: "hexpm", optional: false]}, {:telemetry_metrics, "~> 0.6 or ~> 1.0", [hex: :telemetry_metrics, repo: "hexpm", optional: false]}], "hexpm", "3a8625cab39ec261d48a13b7468dc619c0ede099601b084e343968309bd4d7d7"},
  "phoenix_live_reload": {:hex, :phoenix_live_reload, "1.6.1", "05df733a09887a005ed0d69a7fc619d376aea2730bf64ce52ac51ce716cc1ef0", [:mix], [{:file_system, "~> 0.2.10 or ~> 1.0", [hex: :file_system, repo: "hexpm", optional: false]}, {:phoenix, "~> 1.4", [hex: :phoenix, repo: "hexpm", optional: false]}], "hexpm", "74273843d5a6e4fef0bbc17599f33e3ec63f08e69215623a0cd91eea4288e5a0"},
  "phoenix_live_view": {:hex, :phoenix_live_view, "1.1.17", "1d782b5901cf13b137c6d8c56542ff6cb618359b2adca7e185b21df728fa0c6c", [:mix], [{:igniter, ">= 0.6.16 and < 1.0.0-0", [hex: :igniter, repo: "hexpm", optional: true]}, {:jason, "~> 1.0", [hex: :jason, repo: "hexpm", optional: true]}, {:lazy_html, "~> 0.1.0", [hex: :lazy_html, repo: "hexpm", optional: true]}, {:phoenix, "~> 1.6.15 or ~> 1.7.0 or ~> 1.8.0-rc", [hex: :phoenix, repo: "hexpm", optional: false]}, {:phoenix_html, "~> 3.3 or ~> 4.0", [hex: :phoenix_html, repo: "hexpm", optional: false]}, {:phoenix_template, "~> 1.0", [hex: :phoenix_template, repo: "hexpm", optional: false]}, {:phoenix_view, "~> 2.0", [hex: :phoenix_view, repo: "hexpm", optional: true]}, {:plug, "~> 1.15", [hex: :plug, repo: "hexpm", optional: false]}, {:telemetry, "~> 0.4.2 or ~> 1.0", [hex: :telemetry, repo: "hexpm", optional: false]}], "hexpm", "fa82307dd9305657a8236d6b48e60ef2e8d9f742ee7ed832de4b8bcb7e0e5ed2"},
  "phoenix_pubsub": {:hex, :phoenix_pubsub, "2.2.0", "ff3a5616e1bed6804de7773b92cbccfc0b0f473faf1f63d7daf1206c7aeaaa6f", [:mix], [], "hexpm", "adc313a5bf7136039f63cfd9668fde73bba0765e0614cba80c06ac9460ff3e96"},
  "phoenix_template": {:hex, :phoenix_template, "1.0.4", "e2092c132f3b5e5b2d49c96695342eb36d0ed514c5b252a77048d5969330d639", [:mix], [{:phoenix_html, "~> 2.14.2 or ~> 3.0 or ~> 4.0", [hex: :phoenix_html, repo: "hexpm", optional: true]}], "hexpm", "2c0c81f0e5c6753faf5cca2f229c9709919aba34fab866d3bc05060c9c444206"},
  "phoenix_view": {:hex, :phoenix_view, "2.0.4", "b45c9d9cf15b3a1af5fb555c674b525391b6a1fe975f040fb4d913397b31abf4", [:mix], [{:phoenix_html, "~> 2.14.2 or ~> 3.0 or ~> 4.0", [hex: :phoenix_html, repo: "hexpm", optional: true]}, {:phoenix_template, "~> 1.0", [hex: :phoenix_template, repo: "hexpm", optional: false]}], "hexpm", "4e992022ce14f31fe57335db27a28154afcc94e9983266835bb3040243eb620b"},
  "plug": {:hex, :plug, "1.18.1", "5067f26f7745b7e31bc3368bc1a2b818b9779faa959b49c934c17730efc911cf", [:mix], [{:mime, "~> 1.0 or ~> 2.0", [hex: :mime, repo: "hexpm", optional: false]}, {:plug_crypto, "~> 1.1.1 or ~> 1.2 or ~> 2.0", [hex: :plug_crypto, repo: "hexpm", optional: false]}, {:telemetry, "~> 0.4.3 or ~> 1.0", [hex: :telemetry, repo: "hexpm", optional: false]}], "hexpm", "57a57db70df2b422b564437d2d33cf8d33cd16339c1edb190cd11b1a3a546cc2"},
  "plug_cowboy": {:hex, :plug_cowboy, "2.7.4", "729c752d17cf364e2b8da5bdb34fb5804f56251e88bb602aff48ae0bd8673d11", [:mix], [{:cowboy, "~> 2.7", [hex: :cowboy, repo: "hexpm", optional: false]}, {:cowboy_telemetry, "~> 0.3", [hex: :cowboy_telemetry, repo: "hexpm", optional: false]}, {:plug, "~> 1.14", [hex: :plug, repo: "hexpm", optional: false]}], "hexpm", "9b85632bd7012615bae0a5d70084deb1b25d2bcbb32cab82d1e9a1e023168aa3"},
  "plug_crypto": {:hex, :plug_crypto, "2.1.1", "19bda8184399cb24afa10be734f84a16ea0a2bc65054e23a62bb10f06bc89491", [:mix], [], "hexpm", "6470bce6ffe41c8bd497612ffde1a7e4af67f36a15eea5f921af71cf3e11247c"},
  "poison": {:hex, :poison, "4.0.1", "bcb755a16fac91cad79bfe9fc3585bb07b9331e50cfe3420a24bcc2d735709ae", [:mix], [], "hexpm", "ba8836feea4b394bb718a161fc59a288fe0109b5006d6bdf97b6badfcf6f0f25"},
  "postgrex": {:hex, :postgrex, "0.20.0", "363ed03ab4757f6bc47942eff7720640795eb557e1935951c1626f0d303a3aed", [:mix], [{:db_connection, "~> 2.1", [hex: :db_connection, repo: "hexpm", optional: false]}, {:decimal, "~> 1.5 or ~> 2.0", [hex: :decimal, repo: "hexpm", optional: false]}, {:jason, "~> 1.0", [hex: :jason, repo: "hexpm", optional: true]}, {:table, "~> 0.1.0", [hex: :table, repo: "hexpm", optional: true]}], "hexpm", "d36ef8b36f323d29505314f704e21a1a038e2dc387c6409ee0cd24144e187c0f"},
  "process_tree": {:hex, :process_tree, "0.2.1", "4ebcaa96c64a7833467909f49fee28a8e62eed04975613f4c81b4b99424f7e8a", [:mix], [], "hexpm", "68eee6bf0514351aeeda7037f1a6003c0e25de48fe6b7d15a1b0aebb4b35e713"},
  "quantum": {:hex, :quantum, "3.5.3", "ee38838a07761663468145f489ad93e16a79440bebd7c0f90dc1ec9850776d99", [:mix], [{:crontab, "~> 1.1", [hex: :crontab, repo: "hexpm", optional: false]}, {:gen_stage, "~> 0.14 or ~> 1.0", [hex: :gen_stage, repo: "hexpm", optional: false]}, {:telemetry, "~> 0.4.3 or ~> 1.0", [hex: :telemetry, repo: "hexpm", optional: false]}, {:telemetry_registry, "~> 0.2", [hex: :telemetry_registry, repo: "hexpm", optional: false]}], "hexpm", "500fd3fa77dcd723ed9f766d4a175b684919ff7b6b8cfd9d7d0564d58eba8734"},
  "ranch": {:hex, :ranch, "2.2.0", "25528f82bc8d7c6152c57666ca99ec716510fe0925cb188172f41ce93117b1b0", [:make, :rebar3], [], "hexpm", "fa0b99a1780c80218a4197a59ea8d3bdae32fbff7e88527d7d8a4787eff4f8e7"},
  "retry": {:hex, :retry, "0.19.0", "aeb326d87f62295d950f41e1255fe6f43280a1b390d36e280b7c9b00601ccbc2", [:mix], [], "hexpm", "85ef376aa60007e7bff565c366310966ec1bd38078765a0e7f20ec8a220d02ca"},
  "saxy": {:hex, :saxy, "1.6.0", "02cb4e9bd045f25ac0c70fae8164754878327ee393c338a090288210b02317ee", [:mix], [], "hexpm", "ef42eb4ac983ca77d650fbdb68368b26570f6cc5895f0faa04d34a6f384abad3"},
  "sigaws": {:git, "https://github.com/nulib/sigaws.git", "0a754168d7f6f2f8a7bda3b8c6c2a53c0d0139a5", [branch: "otp-24"]},
  "sitemapper": {:hex, :sitemapper, "0.10.0", "d9fab068f55f1f64adb8ebbb66942c6231c192740c15ae599a70e346a2ff9da1", [:mix], [{:ex_aws_s3, "~> 2.0", [hex: :ex_aws_s3, repo: "hexpm", optional: true]}, {:google_api_storage, "~> 0.34", [hex: :google_api_storage, repo: "hexpm", optional: true]}, {:xml_builder, "~> 2.1", [hex: :xml_builder, repo: "hexpm", optional: false]}], "hexpm", "89ef80f04e4092cb3a8cbcf37520fa31784cc07104c0b47354539e38d2e62443"},
  "sleeplocks": {:hex, :sleeplocks, "1.1.3", "96a86460cc33b435c7310dbd27ec82ca2c1f24ae38e34f8edde97f756503441a", [:rebar3], [], "hexpm", "d3b3958552e6eb16f463921e70ae7c767519ef8f5be46d7696cc1ed649421321"},
  "ssl_verify_fun": {:hex, :ssl_verify_fun, "1.1.7", "354c321cf377240c7b8716899e182ce4890c5938111a1296add3ec74cf1715df", [:make, :mix, :rebar3], [], "hexpm", "fe4c190e8f37401d30167c8c405eda19469f34577987c76dde613e838bbc67f8"},
  "sweet_xml": {:hex, :sweet_xml, "0.7.5", "803a563113981aaac202a1dbd39771562d0ad31004ddbfc9b5090bdcd5605277", [:mix], [], "hexpm", "193b28a9b12891cae351d81a0cead165ffe67df1b73fe5866d10629f4faefb12"},
  "table_rex": {:hex, :table_rex, "4.1.0", "fbaa8b1ce154c9772012bf445bfb86b587430fb96f3b12022d3f35ee4a68c918", [:mix], [], "hexpm", "95932701df195d43bc2d1c6531178fc8338aa8f38c80f098504d529c43bc2601"},
  "telemetry": {:hex, :telemetry, "1.3.0", "fedebbae410d715cf8e7062c96a1ef32ec22e764197f70cda73d82778d61e7a2", [:rebar3], [], "hexpm", "7015fc8919dbe63764f4b4b87a95b7c0996bd539e0d499be6ec9d7f3875b79e6"},
  "telemetry_metrics": {:hex, :telemetry_metrics, "1.1.0", "5bd5f3b5637e0abea0426b947e3ce5dd304f8b3bc6617039e2b5a008adc02f8f", [:mix], [{:telemetry, "~> 0.4 or ~> 1.0", [hex: :telemetry, repo: "hexpm", optional: false]}], "hexpm", "e7b79e8ddfde70adb6db8a6623d1778ec66401f366e9a8f5dd0955c56bc8ce67"},
  "telemetry_poller": {:hex, :telemetry_poller, "1.3.0", "d5c46420126b5ac2d72bc6580fb4f537d35e851cc0f8dbd571acf6d6e10f5ec7", [:rebar3], [{:telemetry, "~> 1.0", [hex: :telemetry, repo: "hexpm", optional: false]}], "hexpm", "51f18bed7128544a50f75897db9974436ea9bfba560420b646af27a9a9b35211"},
  "telemetry_registry": {:hex, :telemetry_registry, "0.3.2", "701576890320be6428189bff963e865e8f23e0ff3615eade8f78662be0fc003c", [:mix, :rebar3], [{:telemetry, "~> 1.0", [hex: :telemetry, repo: "hexpm", optional: false]}], "hexpm", "e7ed191eb1d115a3034af8e1e35e4e63d5348851d556646d46ca3d1b4e16bab9"},
  "timex": {:hex, :timex, "3.7.13", "0688ce11950f5b65e154e42b47bf67b15d3bc0e0c3def62199991b8a8079a1e2", [:mix], [{:combine, "~> 0.10", [hex: :combine, repo: "hexpm", optional: false]}, {:gettext, "~> 0.26", [hex: :gettext, repo: "hexpm", optional: false]}, {:tzdata, "~> 1.1", [hex: :tzdata, repo: "hexpm", optional: false]}], "hexpm", "09588e0522669328e973b8b4fd8741246321b3f0d32735b589f78b136e6d4c54"},
  "tzdata": {:hex, :tzdata, "1.1.3", "b1cef7bb6de1de90d4ddc25d33892b32830f907e7fc2fccd1e7e22778ab7dfbc", [:mix], [{:hackney, "~> 1.17", [hex: :hackney, repo: "hexpm", optional: false]}], "hexpm", "d4ca85575a064d29d4e94253ee95912edfb165938743dbf002acdf0dcecb0c28"},
  "ueberauth": {:hex, :ueberauth, "0.10.8", "ba78fbcbb27d811a6cd06ad851793aaf7d27c3b30c9e95349c2c362b344cd8f0", [:mix], [{:plug, "~> 1.5", [hex: :plug, repo: "hexpm", optional: false]}], "hexpm", "f2d3172e52821375bccb8460e5fa5cb91cfd60b19b636b6e57e9759b6f8c10c1"},
  "ueberauth_nusso": {:hex, :ueberauth_nusso, "2.2.0", "e26ae9803759ba384d456b5df94bfdaa7462d04bb1ae480cacc58d701e78677d", [:mix], [{:httpoison, ">= 0.0.0", [hex: :httpoison, repo: "hexpm", optional: false]}, {:jason, "~> 1.0", [hex: :jason, repo: "hexpm", optional: false]}, {:ueberauth, ">= 0.10.0 and <= 0.10.5 or >= 0.10.7", [hex: :ueberauth, repo: "hexpm", optional: false]}], "hexpm", "4270a1a0600a7b65ecb1417113339919af63fda48ee879412379560308dbbce4"},
  "unicode_util_compat": {:hex, :unicode_util_compat, "0.7.1", "a48703a25c170eedadca83b11e88985af08d35f37c6f664d6dcfb106a97782fc", [:rebar3], [], "hexpm", "b3a917854ce3ae233619744ad1e0102e05673136776fb2fa76234f3e03b23642"},
  "unsafe": {:hex, :unsafe, "1.0.2", "23c6be12f6c1605364801f4b47007c0c159497d0446ad378b5cf05f1855c0581", [:mix], [], "hexpm", "b485231683c3ab01a9cd44cb4a79f152c6f3bb87358439c6f68791b85c2df675"},
  "wait_for_it": {:hex, :wait_for_it, "2.1.2", "6fab134097dd4446f1590f4b5409247be6c0eeab9d24569f665b5bf0b57cb1b7", [:mix], [], "hexpm", "c47be5ad9db9c24ef28d24dc27977243b8bc7ca366bf3e36d56af0093ef257d1"},
  "walex": {:hex, :walex, "4.7.0", "6ce5353a0bb684f3a7ac7a68d987fa9c979af40d77e7873b57f27968c866ff7f", [:mix], [{:decimal, "~> 2.3.0", [hex: :decimal, repo: "hexpm", optional: false]}, {:jason, "~> 1.4", [hex: :jason, repo: "hexpm", optional: false]}, {:postgrex, "~> 0.20.0", [hex: :postgrex, repo: "hexpm", optional: false]}, {:timex, "~> 3.7.13", [hex: :timex, repo: "hexpm", optional: false]}], "hexpm", "49058c77d219a4f5bab5f1b0afe6447341361e87b47eccb2d9c9ba8b77a016e7"},
  "websock": {:hex, :websock, "0.5.3", "2f69a6ebe810328555b6fe5c831a851f485e303a7c8ce6c5f675abeb20ebdadc", [:mix], [], "hexpm", "6105453d7fac22c712ad66fab1d45abdf049868f253cf719b625151460b8b453"},
  "websock_adapter": {:hex, :websock_adapter, "0.5.9", "43dc3ba6d89ef5dec5b1d0a39698436a1e856d000d84bf31a3149862b01a287f", [:mix], [{:bandit, ">= 0.6.0", [hex: :bandit, repo: "hexpm", optional: true]}, {:plug, "~> 1.14", [hex: :plug, repo: "hexpm", optional: false]}, {:plug_cowboy, "~> 2.6", [hex: :plug_cowboy, repo: "hexpm", optional: true]}, {:websock, "~> 0.5", [hex: :websock, repo: "hexpm", optional: false]}], "hexpm", "5534d5c9adad3c18a0f58a9371220d75a803bf0b9a3d87e6fe072faaeed76a08"},
  "wormwood": {:hex, :wormwood, "0.1.3", "7dfd322ea33f74526f9c904693276a387b48daf6931020e02b9ca7cadeadc821", [:mix], [{:absinthe, "~> 1.4", [hex: :absinthe, repo: "hexpm", optional: false]}], "hexpm", "dcd8ca257b70065edaa4788a4ce006347dfa65d3a28adfcb99a7f71acacc265b"},
  "xml_builder": {:hex, :xml_builder, "2.4.0", "b20d23077266c81f593360dc037ea398461dddb6638a329743da6c73afa56725", [:mix], [], "hexpm", "833e325bb997f032b5a1b740d2fd6feed3c18ca74627f9f5f30513a9ae1a232d"},
}
