{
  "name": "exif",
  "version": "0.1.0",
  "lockfileVersion": 3,
  "requires": true,
  "packages": {
    "": {
      "name": "exif",
      "version": "0.1.0",
      "license": "Apache-2.0",
      "dependencies": {
        "@aws-sdk/s3-request-presigner": "^3.421.0",
        "aws-s3-shim": "file:../aws-s3-shim",
        "mediainfo.js": "^0.1.5",
        "uri-js": "^4.4.1"
      }
    },
    "../aws-s3-shim": {
      "name": "aws-shim",
      "version": "0.1.0",
      "license": "Apache2",
      "devDependencies": {
        "@aws-sdk/client-s3": "^3.421.0"
      }
    },
    "../aws-shim": {
      "version": "0.1.0",
      "extraneous": true,
      "license": "Apache2",
      "devDependencies": {
        "aws-sdk": "^2.1354.0"
      }
    },
    "node_modules/@aws-crypto/crc32": {
      "version": "3.0.0",
      "resolved": "https://registry.npmjs.org/@aws-crypto/crc32/-/crc32-3.0.0.tgz",
      "integrity": "sha512-IzSgsrxUcsrejQbPVilIKy16kAT52EwB6zSaI+M3xxIhKh5+aldEyvI+z6erM7TCLB2BJsFrtHjp6/4/sr+3dA==",
      "dependencies": {
        "@aws-crypto/util": "^3.0.0",
        "@aws-sdk/types": "^3.222.0",
        "tslib": "^1.11.1"
      }
    },
    "node_modules/@aws-crypto/crc32/node_modules/tslib": {
      "version": "1.14.1",
      "resolved": "https://registry.npmjs.org/tslib/-/tslib-1.14.1.tgz",
      "integrity": "sha512-Xni35NKzjgMrwevysHTCArtLDpPvye8zV/0E4EyYn43P7/7qvQwPh9BGkHewbMulVntbigmcT7rdX3BNo9wRJg=="
    },
    "node_modules/@aws-crypto/util": {
      "version": "3.0.0",
      "resolved": "https://registry.npmjs.org/@aws-crypto/util/-/util-3.0.0.tgz",
      "integrity": "sha512-2OJlpeJpCR48CC8r+uKVChzs9Iungj9wkZrl8Z041DWEWvyIHILYKCPNzJghKsivj+S3mLo6BVc7mBNzdxA46w==",
      "dependencies": {
        "@aws-sdk/types": "^3.222.0",
        "@aws-sdk/util-utf8-browser": "^3.0.0",
        "tslib": "^1.11.1"
      }
    },
    "node_modules/@aws-crypto/util/node_modules/tslib": {
      "version": "1.14.1",
      "resolved": "https://registry.npmjs.org/tslib/-/tslib-1.14.1.tgz",
      "integrity": "sha512-Xni35NKzjgMrwevysHTCArtLDpPvye8zV/0E4EyYn43P7/7qvQwPh9BGkHewbMulVntbigmcT7rdX3BNo9wRJg=="
    },
    "node_modules/@aws-sdk/s3-request-presigner": {
      "version": "3.421.0",
      "resolved": "https://registry.npmjs.org/@aws-sdk/s3-request-presigner/-/s3-request-presigner-3.421.0.tgz",
      "integrity": "sha512-qQB6DRV81SZ4Q9JQL8/X4QH1aTyefeKIkmc3KH5QtP5PZJAKOoU4kqIXTFrUFCPan3CjWQw565ZR0usgR6RynQ==",
      "dependencies": {
        "@aws-sdk/signature-v4-multi-region": "3.418.0",
        "@aws-sdk/types": "3.418.0",
        "@aws-sdk/util-format-url": "3.418.0",
        "@smithy/middleware-endpoint": "^2.0.9",
        "@smithy/protocol-http": "^3.0.5",
        "@smithy/smithy-client": "^2.1.6",
        "@smithy/types": "^2.3.3",
        "tslib": "^2.5.0"
      },
      "engines": {
        "node": ">=14.0.0"
      }
    },
    "node_modules/@aws-sdk/signature-v4-multi-region": {
      "version": "3.418.0",
      "resolved": "https://registry.npmjs.org/@aws-sdk/signature-v4-multi-region/-/signature-v4-multi-region-3.418.0.tgz",
      "integrity": "sha512-LeVYMZeUQUURFqDf4yZxTEv016g64hi0LqYBjU0mjwd8aPc0k6hckwvshezc80jCNbuLyjNfQclvlg3iFliItQ==",
      "dependencies": {
        "@aws-sdk/types": "3.418.0",
        "@smithy/protocol-http": "^3.0.5",
        "@smithy/signature-v4": "^2.0.0",
        "@smithy/types": "^2.3.3",
        "tslib": "^2.5.0"
      },
      "engines": {
        "node": ">=14.0.0"
      }
    },
    "node_modules/@aws-sdk/types": {
      "version": "3.418.0",
      "resolved": "https://registry.npmjs.org/@aws-sdk/types/-/types-3.418.0.tgz",
      "integrity": "sha512-y4PQSH+ulfFLY0+FYkaK4qbIaQI9IJNMO2xsxukW6/aNoApNymN1D2FSi2la8Qbp/iPjNDKsG8suNPm9NtsWXQ==",
      "dependencies": {
        "@smithy/types": "^2.3.3",
        "tslib": "^2.5.0"
      },
      "engines": {
        "node": ">=14.0.0"
      }
    },
    "node_modules/@aws-sdk/util-format-url": {
      "version": "3.418.0",
      "resolved": "https://registry.npmjs.org/@aws-sdk/util-format-url/-/util-format-url-3.418.0.tgz",
      "integrity": "sha512-7/Xy+8J1txuOYOKsez6vpKTIkHYIIX4c7anjp/aQgUQL23FDwkPisj56cIlevJ7useGugnYw1rUR6fMULGzQ/g==",
      "dependencies": {
        "@aws-sdk/types": "3.418.0",
        "@smithy/querystring-builder": "^2.0.9",
        "@smithy/types": "^2.3.3",
        "tslib": "^2.5.0"
      },
      "engines": {
        "node": ">=14.0.0"
      }
    },
    "node_modules/@aws-sdk/util-utf8-browser": {
      "version": "3.259.0",
      "resolved": "https://registry.npmjs.org/@aws-sdk/util-utf8-browser/-/util-utf8-browser-3.259.0.tgz",
      "integrity": "sha512-UvFa/vR+e19XookZF8RzFZBrw2EUkQWxiBW0yYQAhvk3C+QVGl0H3ouca8LDBlBfQKXwmW3huo/59H8rwb1wJw==",
      "dependencies": {
        "tslib": "^2.3.1"
      }
    },
    "node_modules/@smithy/abort-controller": {
      "version": "2.0.9",
      "resolved": "https://registry.npmjs.org/@smithy/abort-controller/-/abort-controller-2.0.9.tgz",
      "integrity": "sha512-8liHOEbx99xcy4VndeQNQhyA0LS+e7UqsuRnDTSIA26IKBv/7vA9w09KOd4fgNULrvX0r3WpA6cwsQTRJpSWkg==",
      "dependencies": {
        "@smithy/types": "^2.3.3",
        "tslib": "^2.5.0"
      },
      "engines": {
        "node": ">=14.0.0"
      }
    },
    "node_modules/@smithy/eventstream-codec": {
      "version": "2.0.9",
      "resolved": "https://registry.npmjs.org/@smithy/eventstream-codec/-/eventstream-codec-2.0.9.tgz",
      "integrity": "sha512-sy0pcbKnawt1iu+qCoSFbs/h9PAaUgvlJEO3lqkE1HFFj4p5RgL98vH+9CyDoj6YY82cG5XsorFmcLqQJHTOYw==",
      "dependencies": {
        "@aws-crypto/crc32": "3.0.0",
        "@smithy/types": "^2.3.3",
        "@smithy/util-hex-encoding": "^2.0.0",
        "tslib": "^2.5.0"
      }
    },
    "node_modules/@smithy/fetch-http-handler": {
      "version": "2.1.5",
      "resolved": "https://registry.npmjs.org/@smithy/fetch-http-handler/-/fetch-http-handler-2.1.5.tgz",
      "integrity": "sha512-BIeCHGfr5JCGN+EMTwZK74ELvjPXOIrI7OLM5OhZJJ6AmZyRv2S9ANJk18AtLwht0TsSm+8WoXIEp8LuxNgUyA==",
      "dependencies": {
        "@smithy/protocol-http": "^3.0.5",
        "@smithy/querystring-builder": "^2.0.9",
        "@smithy/types": "^2.3.3",
        "@smithy/util-base64": "^2.0.0",
        "tslib": "^2.5.0"
      }
    },
    "node_modules/@smithy/is-array-buffer": {
      "version": "2.0.0",
      "resolved": "https://registry.npmjs.org/@smithy/is-array-buffer/-/is-array-buffer-2.0.0.tgz",
      "integrity": "sha512-z3PjFjMyZNI98JFRJi/U0nGoLWMSJlDjAW4QUX2WNZLas5C0CmVV6LJ01JI0k90l7FvpmixjWxPFmENSClQ7ug==",
      "dependencies": {
        "tslib": "^2.5.0"
      },
      "engines": {
        "node": ">=14.0.0"
      }
    },
    "node_modules/@smithy/middleware-endpoint": {
      "version": "2.0.9",
      "resolved": "https://registry.npmjs.org/@smithy/middleware-endpoint/-/middleware-endpoint-2.0.9.tgz",
      "integrity": "sha512-72/o8R6AAO4+nyTI6h4z6PYGTSA4dr1M7tZz29U8DEUHuh1YkhC77js0P6RyF9G0wDLuYqxb+Yh0crI5WG2pJg==",
      "dependencies": {
        "@smithy/middleware-serde": "^2.0.9",
        "@smithy/types": "^2.3.3",
        "@smithy/url-parser": "^2.0.9",
        "@smithy/util-middleware": "^2.0.2",
        "tslib": "^2.5.0"
      },
      "engines": {
        "node": ">=14.0.0"
      }
    },
    "node_modules/@smithy/middleware-serde": {
      "version": "2.0.9",
      "resolved": "https://registry.npmjs.org/@smithy/middleware-serde/-/middleware-serde-2.0.9.tgz",
      "integrity": "sha512-GVbauxrr6WmtCaesakktg3t5LR/yDbajpC7KkWc8rtCpddMI4ShAVO5Q6DqwX8MDFi4CLaY8H7eTGcxhl3jbLg==",
      "dependencies": {
        "@smithy/types": "^2.3.3",
        "tslib": "^2.5.0"
      },
      "engines": {
        "node": ">=14.0.0"
      }
    },
    "node_modules/@smithy/middleware-stack": {
      "version": "2.0.3",
      "resolved": "https://registry.npmjs.org/@smithy/middleware-stack/-/middleware-stack-2.0.3.tgz",
      "integrity": "sha512-AlhPmbwpkC4lQBVaVHXczmjFvsAhDHhrakqLt038qFLotnJcvDLhmMzAtu23alBeOSkKxkTQq0LsAt2N0WpAbw==",
      "dependencies": {
        "@smithy/types": "^2.3.3",
        "tslib": "^2.5.0"
      },
      "engines": {
        "node": ">=14.0.0"
      }
    },
    "node_modules/@smithy/node-http-handler": {
      "version": "2.1.5",
      "resolved": "https://registry.npmjs.org/@smithy/node-http-handler/-/node-http-handler-2.1.5.tgz",
      "integrity": "sha512-52uF+BrZaFiBh+NT/bADiVDCQO91T+OwDRsuaAeWZC1mlCXFjAPPQdxeQohtuYOe9m7mPP/xIMNiqbe8jvndHA==",
      "dependencies": {
        "@smithy/abort-controller": "^2.0.9",
        "@smithy/protocol-http": "^3.0.5",
        "@smithy/querystring-builder": "^2.0.9",
        "@smithy/types": "^2.3.3",
        "tslib": "^2.5.0"
      },
      "engines": {
        "node": ">=14.0.0"
      }
    },
    "node_modules/@smithy/protocol-http": {
      "version": "3.0.5",
      "resolved": "https://registry.npmjs.org/@smithy/protocol-http/-/protocol-http-3.0.5.tgz",
      "integrity": "sha512-3t3fxj+ip4EPHRC2fQ0JimMxR/qCQ1LSQJjZZVZFgROnFLYWPDgUZqpoi7chr+EzatxJVXF/Rtoi5yLHOWCoZQ==",
      "dependencies": {
        "@smithy/types": "^2.3.3",
        "tslib": "^2.5.0"
      },
      "engines": {
        "node": ">=14.0.0"
      }
    },
    "node_modules/@smithy/querystring-builder": {
      "version": "2.0.9",
      "resolved": "https://registry.npmjs.org/@smithy/querystring-builder/-/querystring-builder-2.0.9.tgz",
      "integrity": "sha512-Yt6CPF4j3j1cuwod/DRflbuXxBFjJm7gAjy6W1RE21Rz5/kfGFqiZBXWmmXwGtnnhiLThYwoHK4S6/TQtnx0Fg==",
      "dependencies": {
        "@smithy/types": "^2.3.3",
        "@smithy/util-uri-escape": "^2.0.0",
        "tslib": "^2.5.0"
      },
      "engines": {
        "node": ">=14.0.0"
      }
    },
    "node_modules/@smithy/querystring-parser": {
      "version": "2.0.9",
      "resolved": "https://registry.npmjs.org/@smithy/querystring-parser/-/querystring-parser-2.0.9.tgz",
      "integrity": "sha512-U6z4N743s4vrcxPW8p8+reLV0PjMCYEyb1/wtMVvv3VnbJ74gshdI8SR1sBnEh95cF8TxonmX5IxY25tS9qGfg==",
      "dependencies": {
        "@smithy/types": "^2.3.3",
        "tslib": "^2.5.0"
      },
      "engines": {
        "node": ">=14.0.0"
      }
    },
    "node_modules/@smithy/signature-v4": {
      "version": "2.0.9",
      "resolved": "https://registry.npmjs.org/@smithy/signature-v4/-/signature-v4-2.0.9.tgz",
      "integrity": "sha512-RkHP0joSI1j2EI+mU55sOi33/aMMkKdL9ZY+SWrPxsiCe1oyzzuy79Tpn8X7uT+t0ilNmQlwPpkP/jUy940pEA==",
      "dependencies": {
        "@smithy/eventstream-codec": "^2.0.9",
        "@smithy/is-array-buffer": "^2.0.0",
        "@smithy/types": "^2.3.3",
        "@smithy/util-hex-encoding": "^2.0.0",
        "@smithy/util-middleware": "^2.0.2",
        "@smithy/util-uri-escape": "^2.0.0",
        "@smithy/util-utf8": "^2.0.0",
        "tslib": "^2.5.0"
      },
      "engines": {
        "node": ">=14.0.0"
      }
    },
    "node_modules/@smithy/smithy-client": {
      "version": "2.1.7",
      "resolved": "https://registry.npmjs.org/@smithy/smithy-client/-/smithy-client-2.1.7.tgz",
      "integrity": "sha512-r6T/oiBQ8vCbGqObH4/h0YqD0jFB1hAS9KFRmuTfaNJueu/L2hjmjqFjv3PV5lkbNHTgUYraSv4cFQ1naxiELQ==",
      "dependencies": {
        "@smithy/middleware-stack": "^2.0.3",
        "@smithy/types": "^2.3.3",
        "@smithy/util-stream": "^2.0.12",
        "tslib": "^2.5.0"
      },
      "engines": {
        "node": ">=14.0.0"
      }
    },
    "node_modules/@smithy/types": {
      "version": "2.3.3",
      "resolved": "https://registry.npmjs.org/@smithy/types/-/types-2.3.3.tgz",
      "integrity": "sha512-zTdIPR9PvFVNRdIKMQu4M5oyTaycIbUqLheQqaOi9rTWPkgjGO2wDBxMA1rBHQB81aqAEv+DbSS4jfKyQMnXRA==",
      "dependencies": {
        "tslib": "^2.5.0"
      },
      "engines": {
        "node": ">=14.0.0"
      }
    },
    "node_modules/@smithy/url-parser": {
      "version": "2.0.9",
      "resolved": "https://registry.npmjs.org/@smithy/url-parser/-/url-parser-2.0.9.tgz",
      "integrity": "sha512-NBnJ0NiY8z6E82Xd5VYUFQfKwK/wA/+QkKmpYUYP+cpH3aCzE6g2gvixd9vQKYjsIdRfNPCf+SFAozt8ljozOw==",
      "dependencies": {
        "@smithy/querystring-parser": "^2.0.9",
        "@smithy/types": "^2.3.3",
        "tslib": "^2.5.0"
      }
    },
    "node_modules/@smithy/util-base64": {
      "version": "2.0.0",
      "resolved": "https://registry.npmjs.org/@smithy/util-base64/-/util-base64-2.0.0.tgz",
      "integrity": "sha512-Zb1E4xx+m5Lud8bbeYi5FkcMJMnn+1WUnJF3qD7rAdXpaL7UjkFQLdmW5fHadoKbdHpwH9vSR8EyTJFHJs++tA==",
      "dependencies": {
        "@smithy/util-buffer-from": "^2.0.0",
        "tslib": "^2.5.0"
      },
      "engines": {
        "node": ">=14.0.0"
      }
    },
    "node_modules/@smithy/util-buffer-from": {
      "version": "2.0.0",
      "resolved": "https://registry.npmjs.org/@smithy/util-buffer-from/-/util-buffer-from-2.0.0.tgz",
      "integrity": "sha512-/YNnLoHsR+4W4Vf2wL5lGv0ksg8Bmk3GEGxn2vEQt52AQaPSCuaO5PM5VM7lP1K9qHRKHwrPGktqVoAHKWHxzw==",
      "dependencies": {
        "@smithy/is-array-buffer": "^2.0.0",
        "tslib": "^2.5.0"
      },
      "engines": {
        "node": ">=14.0.0"
      }
    },
    "node_modules/@smithy/util-hex-encoding": {
      "version": "2.0.0",
      "resolved": "https://registry.npmjs.org/@smithy/util-hex-encoding/-/util-hex-encoding-2.0.0.tgz",
      "integrity": "sha512-c5xY+NUnFqG6d7HFh1IFfrm3mGl29lC+vF+geHv4ToiuJCBmIfzx6IeHLg+OgRdPFKDXIw6pvi+p3CsscaMcMA==",
      "dependencies": {
        "tslib": "^2.5.0"
      },
      "engines": {
        "node": ">=14.0.0"
      }
    },
    "node_modules/@smithy/util-middleware": {
      "version": "2.0.2",
      "resolved": "https://registry.npmjs.org/@smithy/util-middleware/-/util-middleware-2.0.2.tgz",
      "integrity": "sha512-UGPZM+Ja/vke5pc/S8G0LNiHpVirtjppsXO+GK9m9wbzRGzPJTfnZA/gERUUN/AfxEy/8SL7U1kd7u4t2X8K1w==",
      "dependencies": {
        "@smithy/types": "^2.3.3",
        "tslib": "^2.5.0"
      },
      "engines": {
        "node": ">=14.0.0"
      }
    },
    "node_modules/@smithy/util-stream": {
      "version": "2.0.12",
      "resolved": "https://registry.npmjs.org/@smithy/util-stream/-/util-stream-2.0.12.tgz",
      "integrity": "sha512-FOCpRLaj6gvSyUC5mJAACT+sPMPmp9sD1o+hVbUH/QxwZfulypA3ZIFdAg/59/IY0d/1Q4CTztsiHEB5LgjN4g==",
      "dependencies": {
        "@smithy/fetch-http-handler": "^2.1.5",
        "@smithy/node-http-handler": "^2.1.5",
        "@smithy/types": "^2.3.3",
        "@smithy/util-base64": "^2.0.0",
        "@smithy/util-buffer-from": "^2.0.0",
        "@smithy/util-hex-encoding": "^2.0.0",
        "@smithy/util-utf8": "^2.0.0",
        "tslib": "^2.5.0"
      },
      "engines": {
        "node": ">=14.0.0"
      }
    },
    "node_modules/@smithy/util-uri-escape": {
      "version": "2.0.0",
      "resolved": "https://registry.npmjs.org/@smithy/util-uri-escape/-/util-uri-escape-2.0.0.tgz",
      "integrity": "sha512-ebkxsqinSdEooQduuk9CbKcI+wheijxEb3utGXkCoYQkJnwTnLbH1JXGimJtUkQwNQbsbuYwG2+aFVyZf5TLaw==",
      "dependencies": {
        "tslib": "^2.5.0"
      },
      "engines": {
        "node": ">=14.0.0"
      }
    },
    "node_modules/@smithy/util-utf8": {
      "version": "2.0.0",
      "resolved": "https://registry.npmjs.org/@smithy/util-utf8/-/util-utf8-2.0.0.tgz",
      "integrity": "sha512-rctU1VkziY84n5OXe3bPNpKR001ZCME2JCaBBFgtiM2hfKbHFudc/BkMuPab8hRbLd0j3vbnBTTZ1igBf0wgiQ==",
      "dependencies": {
        "@smithy/util-buffer-from": "^2.0.0",
        "tslib": "^2.5.0"
      },
      "engines": {
        "node": ">=14.0.0"
      }
    },
    "node_modules/ansi-regex": {
      "version": "5.0.1",
      "resolved": "https://registry.npmjs.org/ansi-regex/-/ansi-regex-5.0.1.tgz",
      "integrity": "sha512-quJQXlTSUGL2LH9SUXo8VwsY4soanhgo6LNSm84E1LBcE8s3O0wpdiRzyR9z/ZZJMlMWv37qOOb9pdJlMUEKFQ==",
      "engines": {
        "node": ">=8"
      }
    },
    "node_modules/ansi-styles": {
      "version": "4.3.0",
      "resolved": "https://registry.npmjs.org/ansi-styles/-/ansi-styles-4.3.0.tgz",
      "integrity": "sha512-zbB9rCJAT1rbjiVDb2hqKFHNYLxgtk8NURxZ3IZwD3F6NtxbXZQCnnSi1Lkx+IDohdPlFp222wVALIheZJQSEg==",
      "dependencies": {
        "color-convert": "^2.0.1"
      },
      "engines": {
        "node": ">=8"
      },
      "funding": {
        "url": "https://github.com/chalk/ansi-styles?sponsor=1"
      }
    },
    "node_modules/aws-s3-shim": {
      "resolved": "../aws-s3-shim",
      "link": true
    },
    "node_modules/cliui": {
      "version": "8.0.1",
      "resolved": "https://registry.npmjs.org/cliui/-/cliui-8.0.1.tgz",
      "integrity": "sha512-BSeNnyus75C4//NQ9gQt1/csTXyo/8Sb+afLAkzAptFuMsod9HFokGNudZpi/oQV73hnVK+sR+5PVRMd+Dr7YQ==",
      "dependencies": {
        "string-width": "^4.2.0",
        "strip-ansi": "^6.0.1",
        "wrap-ansi": "^7.0.0"
      },
      "engines": {
        "node": ">=12"
      }
    },
    "node_modules/color-convert": {
      "version": "2.0.1",
      "resolved": "https://registry.npmjs.org/color-convert/-/color-convert-2.0.1.tgz",
      "integrity": "sha512-RRECPsj7iu/xb5oKYcsFHSppFNnsj/52OVTRKb4zP5onXwVF3zVmmToNcOfGC+CRDpfK/U584fMg38ZHCaElKQ==",
      "dependencies": {
        "color-name": "~1.1.4"
      },
      "engines": {
        "node": ">=7.0.0"
      }
    },
    "node_modules/color-name": {
      "version": "1.1.4",
      "resolved": "https://registry.npmjs.org/color-name/-/color-name-1.1.4.tgz",
      "integrity": "sha512-dOy+3AuW3a2wNbZHIuMZpTcgjGuLU/uBL/ubcZF9OXbDo8ff4O8yVp5Bf0efS8uEoYo5q4Fx7dY9OgQGXgAsQA=="
    },
    "node_modules/emoji-regex": {
      "version": "8.0.0",
      "resolved": "https://registry.npmjs.org/emoji-regex/-/emoji-regex-8.0.0.tgz",
      "integrity": "sha512-MSjYzcWNOA0ewAHpz0MxpYFvwg6yjy1NG3xteoqz644VCo/RPgnr1/GGt+ic3iJTzQ8Eu3TdM14SawnVUmGE6A=="
    },
    "node_modules/escalade": {
      "version": "3.1.1",
      "resolved": "https://registry.npmjs.org/escalade/-/escalade-3.1.1.tgz",
      "integrity": "sha512-k0er2gUkLf8O0zKJiAhmkTnJlTvINGv7ygDNPbeIsX/TJjGJZHuh9B2UxbsaEkmlEo9MfhrSzmhIlhRlI2GXnw==",
      "engines": {
        "node": ">=6"
      }
    },
    "node_modules/get-caller-file": {
      "version": "2.0.5",
      "resolved": "https://registry.npmjs.org/get-caller-file/-/get-caller-file-2.0.5.tgz",
      "integrity": "sha512-DyFP3BM/3YHTQOCUL/w0OZHR0lpKeGrxotcHWcqNEdnltqFwXVfhEBQ94eIo34AfQpo0rGki4cyIiftY06h2Fg==",
      "engines": {
        "node": "6.* || 8.* || >= 10.*"
      }
    },
    "node_modules/is-fullwidth-code-point": {
      "version": "3.0.0",
      "resolved": "https://registry.npmjs.org/is-fullwidth-code-point/-/is-fullwidth-code-point-3.0.0.tgz",
      "integrity": "sha512-zymm5+u+sCsSWyD9qNaejV3DFvhCKclKdizYaJUuHA83RLjb7nSuGnddCHGv0hk+KY7BMAlsWeK4Ueg6EV6XQg==",
      "engines": {
        "node": ">=8"
      }
    },
    "node_modules/mediainfo.js": {
      "version": "0.1.9",
      "resolved": "https://registry.npmjs.org/mediainfo.js/-/mediainfo.js-0.1.9.tgz",
      "integrity": "sha512-RxTWC5cvfl+TMDM4cG+G7VFIdYfg1X/FLNLujqRERtKMr48Hbmno94fS0A8VP3zANDRXJn88DPWAUFDbcgzIrQ==",
      "dependencies": {
        "yargs": "^17.6.2"
      },
      "bin": {
        "mediainfo.js": "dist/cli.js"
      }
    },
    "node_modules/punycode": {
      "version": "2.3.0",
      "resolved": "https://registry.npmjs.org/punycode/-/punycode-2.3.0.tgz",
      "integrity": "sha512-rRV+zQD8tVFys26lAGR9WUuS4iUAngJScM+ZRSKtvl5tKeZ2t5bvdNFdNHBW9FWR4guGHlgmsZ1G7BSm2wTbuA==",
      "engines": {
        "node": ">=6"
      }
    },
    "node_modules/require-directory": {
      "version": "2.1.1",
      "resolved": "https://registry.npmjs.org/require-directory/-/require-directory-2.1.1.tgz",
      "integrity": "sha512-fGxEI7+wsG9xrvdjsrlmL22OMTTiHRwAMroiEeMgq8gzoLC/PQr7RsRDSTLUg/bZAZtF+TVIkHc6/4RIKrui+Q==",
      "engines": {
        "node": ">=0.10.0"
      }
    },
    "node_modules/string-width": {
      "version": "4.2.3",
      "resolved": "https://registry.npmjs.org/string-width/-/string-width-4.2.3.tgz",
      "integrity": "sha512-wKyQRQpjJ0sIp62ErSZdGsjMJWsap5oRNihHhu6G7JVO/9jIB6UyevL+tXuOqrng8j/cxKTWyWUwvSTriiZz/g==",
      "dependencies": {
        "emoji-regex": "^8.0.0",
        "is-fullwidth-code-point": "^3.0.0",
        "strip-ansi": "^6.0.1"
      },
      "engines": {
        "node": ">=8"
      }
    },
    "node_modules/strip-ansi": {
      "version": "6.0.1",
      "resolved": "https://registry.npmjs.org/strip-ansi/-/strip-ansi-6.0.1.tgz",
      "integrity": "sha512-Y38VPSHcqkFrCpFnQ9vuSXmquuv5oXOKpGeT6aGrr3o3Gc9AlVa6JBfUSOCnbxGGZF+/0ooI7KrPuUSztUdU5A==",
      "dependencies": {
        "ansi-regex": "^5.0.1"
      },
      "engines": {
        "node": ">=8"
      }
    },
    "node_modules/tslib": {
      "version": "2.6.2",
      "resolved": "https://registry.npmjs.org/tslib/-/tslib-2.6.2.tgz",
      "integrity": "sha512-AEYxH93jGFPn/a2iVAwW87VuUIkR1FVUKB77NwMF7nBTDkDrrT/Hpt/IrCJ0QXhW27jTBDcf5ZY7w6RiqTMw2Q=="
    },
    "node_modules/uri-js": {
      "version": "4.4.1",
      "resolved": "https://registry.npmjs.org/uri-js/-/uri-js-4.4.1.tgz",
      "integrity": "sha512-7rKUyy33Q1yc98pQ1DAmLtwX109F7TIfWlW1Ydo8Wl1ii1SeHieeh0HHfPeL2fMXK6z0s8ecKs9frCuLJvndBg==",
      "dependencies": {
        "punycode": "^2.1.0"
      }
    },
    "node_modules/wrap-ansi": {
      "version": "7.0.0",
      "resolved": "https://registry.npmjs.org/wrap-ansi/-/wrap-ansi-7.0.0.tgz",
      "integrity": "sha512-YVGIj2kamLSTxw6NsZjoBxfSwsn0ycdesmc4p+Q21c5zPuZ1pl+NfxVdxPtdHvmNVOQ6XSYG4AUtyt/Fi7D16Q==",
      "dependencies": {
        "ansi-styles": "^4.0.0",
        "string-width": "^4.1.0",
        "strip-ansi": "^6.0.0"
      },
      "engines": {
        "node": ">=10"
      },
      "funding": {
        "url": "https://github.com/chalk/wrap-ansi?sponsor=1"
      }
    },
    "node_modules/y18n": {
      "version": "5.0.8",
      "resolved": "https://registry.npmjs.org/y18n/-/y18n-5.0.8.tgz",
      "integrity": "sha512-0pfFzegeDWJHJIAmTLRP2DwHjdF5s7jo9tuztdQxAhINCdvS+3nGINqPd00AphqJR/0LhANUS6/+7SCb98YOfA==",
      "engines": {
        "node": ">=10"
      }
    },
    "node_modules/yargs": {
      "version": "17.7.2",
      "resolved": "https://registry.npmjs.org/yargs/-/yargs-17.7.2.tgz",
      "integrity": "sha512-7dSzzRQ++CKnNI/krKnYRV7JKKPUXMEh61soaHKg9mrWEhzFWhFnxPxGl+69cD1Ou63C13NUPCnmIcrvqCuM6w==",
      "dependencies": {
        "cliui": "^8.0.1",
        "escalade": "^3.1.1",
        "get-caller-file": "^2.0.5",
        "require-directory": "^2.1.1",
        "string-width": "^4.2.3",
        "y18n": "^5.0.5",
        "yargs-parser": "^21.1.1"
      },
      "engines": {
        "node": ">=12"
      }
    },
    "node_modules/yargs-parser": {
      "version": "21.1.1",
      "resolved": "https://registry.npmjs.org/yargs-parser/-/yargs-parser-21.1.1.tgz",
      "integrity": "sha512-tVpsJW7DdjecAiFpbIB1e3qxIQsE6NoPc5/eTdrbbIC4h0LVsWhnoa3g+m2HclBIujHzsxZ4VJVA+GUuc2/LBw==",
      "engines": {
        "node": ">=12"
      }
    }
  }
}
