{
  "name": "exif",
  "version": "0.1.0",
  "lockfileVersion": 3,
  "requires": true,
  "packages": {
    "": {
      "name": "exif",
      "version": "0.1.0",
      "license": "Apache-2.0",
      "dependencies": {
        "@aws-sdk/s3-request-presigner": "^3.421.0",
        "aws-s3-shim": "file:../aws-s3-shim",
        "mediainfo.js": "^0.1.5",
        "uri-js": "^4.4.1"
      }
    },
    "../aws-s3-shim": {
      "name": "aws-shim",
      "version": "0.1.0",
      "license": "Apache2",
      "devDependencies": {
        "@aws-sdk/client-s3": "^3.421.0"
      }
    },
    "node_modules/@aws-sdk/core": {
      "version": "3.888.0",
      "resolved": "https://registry.npmjs.org/@aws-sdk/core/-/core-3.888.0.tgz",
      "integrity": "sha512-L3S2FZywACo4lmWv37Y4TbefuPJ1fXWyWwIJ3J4wkPYFJ47mmtUPqThlVrSbdTHkEjnZgJe5cRfxk0qCLsFh1w==",
      "license": "Apache-2.0",
      "dependencies": {
        "@aws-sdk/types": "3.887.0",
        "@aws-sdk/xml-builder": "3.887.0",
        "@smithy/core": "^3.11.0",
        "@smithy/node-config-provider": "^4.2.1",
        "@smithy/property-provider": "^4.0.5",
        "@smithy/protocol-http": "^5.2.1",
        "@smithy/signature-v4": "^5.1.3",
        "@smithy/smithy-client": "^4.6.1",
        "@smithy/types": "^4.5.0",
        "@smithy/util-base64": "^4.1.0",
        "@smithy/util-body-length-browser": "^4.1.0",
        "@smithy/util-middleware": "^4.1.1",
        "@smithy/util-utf8": "^4.1.0",
        "fast-xml-parser": "5.2.5",
        "tslib": "^2.6.2"
      },
      "engines": {
        "node": ">=18.0.0"
      }
    },
    "node_modules/@aws-sdk/middleware-sdk-s3": {
      "version": "3.888.0",
      "resolved": "https://registry.npmjs.org/@aws-sdk/middleware-sdk-s3/-/middleware-sdk-s3-3.888.0.tgz",
      "integrity": "sha512-rKOFNfqgqOfrdcLGF8fcO75azWS2aq2ksRHFoIEFru5FJxzu/yDAhY4C2FKiP/X34xeIUS2SbE/gQgrgWHSN2g==",
      "license": "Apache-2.0",
      "dependencies": {
        "@aws-sdk/core": "3.888.0",
        "@aws-sdk/types": "3.887.0",
        "@aws-sdk/util-arn-parser": "3.873.0",
        "@smithy/core": "^3.11.0",
        "@smithy/node-config-provider": "^4.2.1",
        "@smithy/protocol-http": "^5.2.1",
        "@smithy/signature-v4": "^5.1.3",
        "@smithy/smithy-client": "^4.6.1",
        "@smithy/types": "^4.5.0",
        "@smithy/util-config-provider": "^4.0.0",
        "@smithy/util-middleware": "^4.1.1",
        "@smithy/util-stream": "^4.3.1",
        "@smithy/util-utf8": "^4.1.0",
        "tslib": "^2.6.2"
      },
      "engines": {
        "node": ">=18.0.0"
      }
    },
    "node_modules/@aws-sdk/s3-request-presigner": {
      "version": "3.888.0",
      "resolved": "https://registry.npmjs.org/@aws-sdk/s3-request-presigner/-/s3-request-presigner-3.888.0.tgz",
      "integrity": "sha512-3VAF0tJxW0p/ttUzJEgrMe52zZVoEG9dcJGdp4N0RG+LD41lp7QuQEYAZ/LGn7mwJsT0q18+tEJ5XzKmJFrOiA==",
      "license": "Apache-2.0",
      "dependencies": {
        "@aws-sdk/signature-v4-multi-region": "3.888.0",
        "@aws-sdk/types": "3.887.0",
        "@aws-sdk/util-format-url": "3.887.0",
        "@smithy/middleware-endpoint": "^4.2.1",
        "@smithy/protocol-http": "^5.2.1",
        "@smithy/smithy-client": "^4.6.1",
        "@smithy/types": "^4.5.0",
        "tslib": "^2.6.2"
      },
      "engines": {
        "node": ">=18.0.0"
      }
    },
    "node_modules/@aws-sdk/signature-v4-multi-region": {
      "version": "3.888.0",
      "resolved": "https://registry.npmjs.org/@aws-sdk/signature-v4-multi-region/-/signature-v4-multi-region-3.888.0.tgz",
      "integrity": "sha512-FmOHUaJzEhqfcpyh0L7HLwYcYopK13Dbmuf+oUyu56/RoeB1nLnltH1VMQVj8v3Am2IwlGR+/JpFyrdkErN+cA==",
      "license": "Apache-2.0",
      "dependencies": {
        "@aws-sdk/middleware-sdk-s3": "3.888.0",
        "@aws-sdk/types": "3.887.0",
        "@smithy/protocol-http": "^5.2.1",
        "@smithy/signature-v4": "^5.1.3",
        "@smithy/types": "^4.5.0",
        "tslib": "^2.6.2"
      },
      "engines": {
        "node": ">=18.0.0"
      }
    },
    "node_modules/@aws-sdk/types": {
      "version": "3.887.0",
      "resolved": "https://registry.npmjs.org/@aws-sdk/types/-/types-3.887.0.tgz",
      "integrity": "sha512-fmTEJpUhsPsovQ12vZSpVTEP/IaRoJAMBGQXlQNjtCpkBp6Iq3KQDa/HDaPINE+3xxo6XvTdtibsNOd5zJLV9A==",
      "license": "Apache-2.0",
      "dependencies": {
        "@smithy/types": "^4.5.0",
        "tslib": "^2.6.2"
      },
      "engines": {
        "node": ">=18.0.0"
      }
    },
    "node_modules/@aws-sdk/util-arn-parser": {
      "version": "3.873.0",
      "resolved": "https://registry.npmjs.org/@aws-sdk/util-arn-parser/-/util-arn-parser-3.873.0.tgz",
      "integrity": "sha512-qag+VTqnJWDn8zTAXX4wiVioa0hZDQMtbZcGRERVnLar4/3/VIKBhxX2XibNQXFu1ufgcRn4YntT/XEPecFWcg==",
      "license": "Apache-2.0",
      "dependencies": {
        "tslib": "^2.6.2"
      },
      "engines": {
        "node": ">=18.0.0"
      }
    },
    "node_modules/@aws-sdk/util-format-url": {
      "version": "3.887.0",
      "resolved": "https://registry.npmjs.org/@aws-sdk/util-format-url/-/util-format-url-3.887.0.tgz",
      "integrity": "sha512-ABDSP6KsrdD+JC7qwMqUpLXqPidvfgT+Q+W8sGGuk/IBy7smgZDOdYSZLE4VBbQpH3N/zSJuslAWhL2x37Qwww==",
      "license": "Apache-2.0",
      "dependencies": {
        "@aws-sdk/types": "3.887.0",
        "@smithy/querystring-builder": "^4.1.1",
        "@smithy/types": "^4.5.0",
        "tslib": "^2.6.2"
      },
      "engines": {
        "node": ">=18.0.0"
      }
    },
    "node_modules/@aws-sdk/xml-builder": {
      "version": "3.887.0",
      "resolved": "https://registry.npmjs.org/@aws-sdk/xml-builder/-/xml-builder-3.887.0.tgz",
      "integrity": "sha512-lMwgWK1kNgUhHGfBvO/5uLe7TKhycwOn3eRCqsKPT9aPCx/HWuTlpcQp8oW2pCRGLS7qzcxqpQulcD+bbUL7XQ==",
      "license": "Apache-2.0",
      "dependencies": {
        "@smithy/types": "^4.5.0",
        "tslib": "^2.6.2"
      },
      "engines": {
        "node": ">=18.0.0"
      }
    },
    "node_modules/@smithy/abort-controller": {
      "version": "4.1.1",
      "resolved": "https://registry.npmjs.org/@smithy/abort-controller/-/abort-controller-4.1.1.tgz",
      "integrity": "sha512-vkzula+IwRvPR6oKQhMYioM3A/oX/lFCZiwuxkQbRhqJS2S4YRY2k7k/SyR2jMf3607HLtbEwlRxi0ndXHMjRg==",
      "license": "Apache-2.0",
      "dependencies": {
        "@smithy/types": "^4.5.0",
        "tslib": "^2.6.2"
      },
      "engines": {
        "node": ">=18.0.0"
      }
    },
    "node_modules/@smithy/core": {
      "version": "3.11.0",
      "resolved": "https://registry.npmjs.org/@smithy/core/-/core-3.11.0.tgz",
      "integrity": "sha512-Abs5rdP1o8/OINtE49wwNeWuynCu0kme1r4RI3VXVrHr4odVDG7h7mTnw1WXXfN5Il+c25QOnrdL2y56USfxkA==",
      "license": "Apache-2.0",
      "dependencies": {
        "@smithy/middleware-serde": "^4.1.1",
        "@smithy/protocol-http": "^5.2.1",
        "@smithy/types": "^4.5.0",
        "@smithy/util-base64": "^4.1.0",
        "@smithy/util-body-length-browser": "^4.1.0",
        "@smithy/util-middleware": "^4.1.1",
        "@smithy/util-stream": "^4.3.1",
        "@smithy/util-utf8": "^4.1.0",
        "@types/uuid": "^9.0.1",
        "tslib": "^2.6.2",
        "uuid": "^9.0.1"
      },
      "engines": {
        "node": ">=18.0.0"
      }
    },
    "node_modules/@smithy/fetch-http-handler": {
      "version": "5.2.1",
      "resolved": "https://registry.npmjs.org/@smithy/fetch-http-handler/-/fetch-http-handler-5.2.1.tgz",
      "integrity": "sha512-5/3wxKNtV3wO/hk1is+CZUhL8a1yy/U+9u9LKQ9kZTkMsHaQjJhc3stFfiujtMnkITjzWfndGA2f7g9Uh9vKng==",
      "license": "Apache-2.0",
      "dependencies": {
        "@smithy/protocol-http": "^5.2.1",
        "@smithy/querystring-builder": "^4.1.1",
        "@smithy/types": "^4.5.0",
        "@smithy/util-base64": "^4.1.0",
        "tslib": "^2.6.2"
      },
      "engines": {
        "node": ">=18.0.0"
      }
    },
    "node_modules/@smithy/is-array-buffer": {
      "version": "4.1.0",
      "resolved": "https://registry.npmjs.org/@smithy/is-array-buffer/-/is-array-buffer-4.1.0.tgz",
      "integrity": "sha512-ePTYUOV54wMogio+he4pBybe8fwg4sDvEVDBU8ZlHOZXbXK3/C0XfJgUCu6qAZcawv05ZhZzODGUerFBPsPUDQ==",
      "license": "Apache-2.0",
      "dependencies": {
        "tslib": "^2.6.2"
      },
      "engines": {
        "node": ">=18.0.0"
      }
    },
    "node_modules/@smithy/middleware-endpoint": {
      "version": "4.2.2",
      "resolved": "https://registry.npmjs.org/@smithy/middleware-endpoint/-/middleware-endpoint-4.2.2.tgz",
      "integrity": "sha512-M51KcwD+UeSOFtpALGf5OijWt915aQT5eJhqnMKJt7ZTfDfNcvg2UZgIgTZUoiORawb6o5lk4n3rv7vnzQXgsA==",
      "license": "Apache-2.0",
      "dependencies": {
        "@smithy/core": "^3.11.0",
        "@smithy/middleware-serde": "^4.1.1",
        "@smithy/node-config-provider": "^4.2.2",
        "@smithy/shared-ini-file-loader": "^4.2.0",
        "@smithy/types": "^4.5.0",
        "@smithy/url-parser": "^4.1.1",
        "@smithy/util-middleware": "^4.1.1",
        "tslib": "^2.6.2"
      },
      "engines": {
        "node": ">=18.0.0"
      }
    },
    "node_modules/@smithy/middleware-serde": {
      "version": "4.1.1",
      "resolved": "https://registry.npmjs.org/@smithy/middleware-serde/-/middleware-serde-4.1.1.tgz",
      "integrity": "sha512-lh48uQdbCoj619kRouev5XbWhCwRKLmphAif16c4J6JgJ4uXjub1PI6RL38d3BLliUvSso6klyB/LTNpWSNIyg==",
      "license": "Apache-2.0",
      "dependencies": {
        "@smithy/protocol-http": "^5.2.1",
        "@smithy/types": "^4.5.0",
        "tslib": "^2.6.2"
      },
      "engines": {
        "node": ">=18.0.0"
      }
    },
    "node_modules/@smithy/middleware-stack": {
      "version": "4.1.1",
      "resolved": "https://registry.npmjs.org/@smithy/middleware-stack/-/middleware-stack-4.1.1.tgz",
      "integrity": "sha512-ygRnniqNcDhHzs6QAPIdia26M7e7z9gpkIMUe/pK0RsrQ7i5MblwxY8078/QCnGq6AmlUUWgljK2HlelsKIb/A==",
      "license": "Apache-2.0",
      "dependencies": {
        "@smithy/types": "^4.5.0",
        "tslib": "^2.6.2"
      },
      "engines": {
        "node": ">=18.0.0"
      }
    },
    "node_modules/@smithy/node-config-provider": {
      "version": "4.2.2",
      "resolved": "https://registry.npmjs.org/@smithy/node-config-provider/-/node-config-provider-4.2.2.tgz",
      "integrity": "sha512-SYGTKyPvyCfEzIN5rD8q/bYaOPZprYUPD2f5g9M7OjaYupWOoQFYJ5ho+0wvxIRf471i2SR4GoiZ2r94Jq9h6A==",
      "license": "Apache-2.0",
      "dependencies": {
        "@smithy/property-provider": "^4.1.1",
        "@smithy/shared-ini-file-loader": "^4.2.0",
        "@smithy/types": "^4.5.0",
        "tslib": "^2.6.2"
      },
      "engines": {
        "node": ">=18.0.0"
      }
    },
    "node_modules/@smithy/node-http-handler": {
      "version": "4.2.1",
      "resolved": "https://registry.npmjs.org/@smithy/node-http-handler/-/node-http-handler-4.2.1.tgz",
      "integrity": "sha512-REyybygHlxo3TJICPF89N2pMQSf+p+tBJqpVe1+77Cfi9HBPReNjTgtZ1Vg73exq24vkqJskKDpfF74reXjxfw==",
      "license": "Apache-2.0",
      "dependencies": {
        "@smithy/abort-controller": "^4.1.1",
        "@smithy/protocol-http": "^5.2.1",
        "@smithy/querystring-builder": "^4.1.1",
        "@smithy/types": "^4.5.0",
        "tslib": "^2.6.2"
      },
      "engines": {
        "node": ">=18.0.0"
      }
    },
    "node_modules/@smithy/property-provider": {
      "version": "4.1.1",
      "resolved": "https://registry.npmjs.org/@smithy/property-provider/-/property-provider-4.1.1.tgz",
      "integrity": "sha512-gm3ZS7DHxUbzC2wr8MUCsAabyiXY0gaj3ROWnhSx/9sPMc6eYLMM4rX81w1zsMaObj2Lq3PZtNCC1J6lpEY7zg==",
      "license": "Apache-2.0",
      "dependencies": {
        "@smithy/types": "^4.5.0",
        "tslib": "^2.6.2"
      },
      "engines": {
        "node": ">=18.0.0"
      }
    },
    "node_modules/@smithy/protocol-http": {
      "version": "5.2.1",
      "resolved": "https://registry.npmjs.org/@smithy/protocol-http/-/protocol-http-5.2.1.tgz",
      "integrity": "sha512-T8SlkLYCwfT/6m33SIU/JOVGNwoelkrvGjFKDSDtVvAXj/9gOT78JVJEas5a+ETjOu4SVvpCstKgd0PxSu/aHw==",
      "license": "Apache-2.0",
      "dependencies": {
        "@smithy/types": "^4.5.0",
        "tslib": "^2.6.2"
      },
      "engines": {
        "node": ">=18.0.0"
      }
    },
    "node_modules/@smithy/querystring-builder": {
      "version": "4.1.1",
      "resolved": "https://registry.npmjs.org/@smithy/querystring-builder/-/querystring-builder-4.1.1.tgz",
      "integrity": "sha512-J9b55bfimP4z/Jg1gNo+AT84hr90p716/nvxDkPGCD4W70MPms0h8KF50RDRgBGZeL83/u59DWNqJv6tEP/DHA==",
      "license": "Apache-2.0",
      "dependencies": {
        "@smithy/types": "^4.5.0",
        "@smithy/util-uri-escape": "^4.1.0",
        "tslib": "^2.6.2"
      },
      "engines": {
        "node": ">=18.0.0"
      }
    },
    "node_modules/@smithy/querystring-parser": {
      "version": "4.1.1",
      "resolved": "https://registry.npmjs.org/@smithy/querystring-parser/-/querystring-parser-4.1.1.tgz",
      "integrity": "sha512-63TEp92YFz0oQ7Pj9IuI3IgnprP92LrZtRAkE3c6wLWJxfy/yOPRt39IOKerVr0JS770olzl0kGafXlAXZ1vng==",
      "license": "Apache-2.0",
      "dependencies": {
        "@smithy/types": "^4.5.0",
        "tslib": "^2.6.2"
      },
      "engines": {
        "node": ">=18.0.0"
      }
    },
    "node_modules/@smithy/shared-ini-file-loader": {
      "version": "4.2.0",
      "resolved": "https://registry.npmjs.org/@smithy/shared-ini-file-loader/-/shared-ini-file-loader-4.2.0.tgz",
      "integrity": "sha512-OQTfmIEp2LLuWdxa8nEEPhZmiOREO6bcB6pjs0AySf4yiZhl6kMOfqmcwcY8BaBPX+0Tb+tG7/Ia/6mwpoZ7Pw==",
      "license": "Apache-2.0",
      "dependencies": {
        "@smithy/types": "^4.5.0",
        "tslib": "^2.6.2"
      },
      "engines": {
        "node": ">=18.0.0"
      }
    },
    "node_modules/@smithy/signature-v4": {
      "version": "5.2.1",
      "resolved": "https://registry.npmjs.org/@smithy/signature-v4/-/signature-v4-5.2.1.tgz",
      "integrity": "sha512-M9rZhWQLjlQVCCR37cSjHfhriGRN+FQ8UfgrYNufv66TJgk+acaggShl3KS5U/ssxivvZLlnj7QH2CUOKlxPyA==",
      "license": "Apache-2.0",
      "dependencies": {
        "@smithy/is-array-buffer": "^4.1.0",
        "@smithy/protocol-http": "^5.2.1",
        "@smithy/types": "^4.5.0",
        "@smithy/util-hex-encoding": "^4.1.0",
        "@smithy/util-middleware": "^4.1.1",
        "@smithy/util-uri-escape": "^4.1.0",
        "@smithy/util-utf8": "^4.1.0",
        "tslib": "^2.6.2"
      },
      "engines": {
        "node": ">=18.0.0"
      }
    },
    "node_modules/@smithy/smithy-client": {
      "version": "4.6.2",
      "resolved": "https://registry.npmjs.org/@smithy/smithy-client/-/smithy-client-4.6.2.tgz",
      "integrity": "sha512-u82cjh/x7MlMat76Z38TRmEcG6JtrrxN4N2CSNG5o2v2S3hfLAxRgSgFqf0FKM3dglH41Evknt/HOX+7nfzZ3g==",
      "license": "Apache-2.0",
      "dependencies": {
        "@smithy/core": "^3.11.0",
        "@smithy/middleware-endpoint": "^4.2.2",
        "@smithy/middleware-stack": "^4.1.1",
        "@smithy/protocol-http": "^5.2.1",
        "@smithy/types": "^4.5.0",
        "@smithy/util-stream": "^4.3.1",
        "tslib": "^2.6.2"
      },
      "engines": {
        "node": ">=18.0.0"
      }
    },
    "node_modules/@smithy/types": {
      "version": "4.5.0",
      "resolved": "https://registry.npmjs.org/@smithy/types/-/types-4.5.0.tgz",
      "integrity": "sha512-RkUpIOsVlAwUIZXO1dsz8Zm+N72LClFfsNqf173catVlvRZiwPy0x2u0JLEA4byreOPKDZPGjmPDylMoP8ZJRg==",
      "license": "Apache-2.0",
      "dependencies": {
        "tslib": "^2.6.2"
      },
      "engines": {
        "node": ">=18.0.0"
      }
    },
    "node_modules/@smithy/url-parser": {
      "version": "4.1.1",
      "resolved": "https://registry.npmjs.org/@smithy/url-parser/-/url-parser-4.1.1.tgz",
      "integrity": "sha512-bx32FUpkhcaKlEoOMbScvc93isaSiRM75pQ5IgIBaMkT7qMlIibpPRONyx/0CvrXHzJLpOn/u6YiDX2hcvs7Dg==",
      "license": "Apache-2.0",
      "dependencies": {
        "@smithy/querystring-parser": "^4.1.1",
        "@smithy/types": "^4.5.0",
        "tslib": "^2.6.2"
      },
      "engines": {
        "node": ">=18.0.0"
      }
    },
    "node_modules/@smithy/util-base64": {
      "version": "4.1.0",
      "resolved": "https://registry.npmjs.org/@smithy/util-base64/-/util-base64-4.1.0.tgz",
      "integrity": "sha512-RUGd4wNb8GeW7xk+AY5ghGnIwM96V0l2uzvs/uVHf+tIuVX2WSvynk5CxNoBCsM2rQRSZElAo9rt3G5mJ/gktQ==",
      "license": "Apache-2.0",
      "dependencies": {
        "@smithy/util-buffer-from": "^4.1.0",
        "@smithy/util-utf8": "^4.1.0",
        "tslib": "^2.6.2"
      },
      "engines": {
        "node": ">=18.0.0"
      }
    },
    "node_modules/@smithy/util-body-length-browser": {
      "version": "4.1.0",
      "resolved": "https://registry.npmjs.org/@smithy/util-body-length-browser/-/util-body-length-browser-4.1.0.tgz",
      "integrity": "sha512-V2E2Iez+bo6bUMOTENPr6eEmepdY8Hbs+Uc1vkDKgKNA/brTJqOW/ai3JO1BGj9GbCeLqw90pbbH7HFQyFotGQ==",
      "license": "Apache-2.0",
      "dependencies": {
        "tslib": "^2.6.2"
      },
      "engines": {
        "node": ">=18.0.0"
      }
    },
    "node_modules/@smithy/util-buffer-from": {
      "version": "4.1.0",
      "resolved": "https://registry.npmjs.org/@smithy/util-buffer-from/-/util-buffer-from-4.1.0.tgz",
      "integrity": "sha512-N6yXcjfe/E+xKEccWEKzK6M+crMrlwaCepKja0pNnlSkm6SjAeLKKA++er5Ba0I17gvKfN/ThV+ZOx/CntKTVw==",
      "license": "Apache-2.0",
      "dependencies": {
        "@smithy/is-array-buffer": "^4.1.0",
        "tslib": "^2.6.2"
      },
      "engines": {
        "node": ">=18.0.0"
      }
    },
    "node_modules/@smithy/util-config-provider": {
      "version": "4.1.0",
      "resolved": "https://registry.npmjs.org/@smithy/util-config-provider/-/util-config-provider-4.1.0.tgz",
      "integrity": "sha512-swXz2vMjrP1ZusZWVTB/ai5gK+J8U0BWvP10v9fpcFvg+Xi/87LHvHfst2IgCs1i0v4qFZfGwCmeD/KNCdJZbQ==",
      "license": "Apache-2.0",
      "dependencies": {
        "tslib": "^2.6.2"
      },
      "engines": {
        "node": ">=18.0.0"
      }
    },
    "node_modules/@smithy/util-hex-encoding": {
      "version": "4.1.0",
      "resolved": "https://registry.npmjs.org/@smithy/util-hex-encoding/-/util-hex-encoding-4.1.0.tgz",
      "integrity": "sha512-1LcueNN5GYC4tr8mo14yVYbh/Ur8jHhWOxniZXii+1+ePiIbsLZ5fEI0QQGtbRRP5mOhmooos+rLmVASGGoq5w==",
      "license": "Apache-2.0",
      "dependencies": {
        "tslib": "^2.6.2"
      },
      "engines": {
        "node": ">=18.0.0"
      }
    },
    "node_modules/@smithy/util-middleware": {
      "version": "4.1.1",
      "resolved": "https://registry.npmjs.org/@smithy/util-middleware/-/util-middleware-4.1.1.tgz",
      "integrity": "sha512-CGmZ72mL29VMfESz7S6dekqzCh8ZISj3B+w0g1hZFXaOjGTVaSqfAEFAq8EGp8fUL+Q2l8aqNmt8U1tglTikeg==",
      "license": "Apache-2.0",
      "dependencies": {
        "@smithy/types": "^4.5.0",
        "tslib": "^2.6.2"
      },
      "engines": {
        "node": ">=18.0.0"
      }
    },
    "node_modules/@smithy/util-stream": {
      "version": "4.3.1",
      "resolved": "https://registry.npmjs.org/@smithy/util-stream/-/util-stream-4.3.1.tgz",
      "integrity": "sha512-khKkW/Jqkgh6caxMWbMuox9+YfGlsk9OnHOYCGVEdYQb/XVzcORXHLYUubHmmda0pubEDncofUrPNniS9d+uAA==",
      "license": "Apache-2.0",
      "dependencies": {
        "@smithy/fetch-http-handler": "^5.2.1",
        "@smithy/node-http-handler": "^4.2.1",
        "@smithy/types": "^4.5.0",
        "@smithy/util-base64": "^4.1.0",
        "@smithy/util-buffer-from": "^4.1.0",
        "@smithy/util-hex-encoding": "^4.1.0",
        "@smithy/util-utf8": "^4.1.0",
        "tslib": "^2.6.2"
      },
      "engines": {
        "node": ">=18.0.0"
      }
    },
    "node_modules/@smithy/util-uri-escape": {
      "version": "4.1.0",
      "resolved": "https://registry.npmjs.org/@smithy/util-uri-escape/-/util-uri-escape-4.1.0.tgz",
      "integrity": "sha512-b0EFQkq35K5NHUYxU72JuoheM6+pytEVUGlTwiFxWFpmddA+Bpz3LgsPRIpBk8lnPE47yT7AF2Egc3jVnKLuPg==",
      "license": "Apache-2.0",
      "dependencies": {
        "tslib": "^2.6.2"
      },
      "engines": {
        "node": ">=18.0.0"
      }
    },
    "node_modules/@smithy/util-utf8": {
      "version": "4.1.0",
      "resolved": "https://registry.npmjs.org/@smithy/util-utf8/-/util-utf8-4.1.0.tgz",
      "integrity": "sha512-mEu1/UIXAdNYuBcyEPbjScKi/+MQVXNIuY/7Cm5XLIWe319kDrT5SizBE95jqtmEXoDbGoZxKLCMttdZdqTZKQ==",
      "license": "Apache-2.0",
      "dependencies": {
        "@smithy/util-buffer-from": "^4.1.0",
        "tslib": "^2.6.2"
      },
      "engines": {
        "node": ">=18.0.0"
      }
    },
    "node_modules/@types/uuid": {
      "version": "9.0.8",
      "resolved": "https://registry.npmjs.org/@types/uuid/-/uuid-9.0.8.tgz",
      "integrity": "sha512-jg+97EGIcY9AGHJJRaaPVgetKDsrTgbRjQ5Msgjh/DQKEFl0DtyRr/VCOyD1T2R1MNeWPK/u7JoGhlDZnKBAfA==",
      "license": "MIT"
    },
    "node_modules/ansi-regex": {
      "version": "5.0.1",
      "resolved": "https://registry.npmjs.org/ansi-regex/-/ansi-regex-5.0.1.tgz",
      "integrity": "sha512-quJQXlTSUGL2LH9SUXo8VwsY4soanhgo6LNSm84E1LBcE8s3O0wpdiRzyR9z/ZZJMlMWv37qOOb9pdJlMUEKFQ==",
      "license": "MIT",
      "engines": {
        "node": ">=8"
      }
    },
    "node_modules/ansi-styles": {
      "version": "4.3.0",
      "resolved": "https://registry.npmjs.org/ansi-styles/-/ansi-styles-4.3.0.tgz",
      "integrity": "sha512-zbB9rCJAT1rbjiVDb2hqKFHNYLxgtk8NURxZ3IZwD3F6NtxbXZQCnnSi1Lkx+IDohdPlFp222wVALIheZJQSEg==",
      "license": "MIT",
      "dependencies": {
        "color-convert": "^2.0.1"
      },
      "engines": {
        "node": ">=8"
      },
      "funding": {
        "url": "https://github.com/chalk/ansi-styles?sponsor=1"
      }
    },
    "node_modules/aws-s3-shim": {
      "resolved": "../aws-s3-shim",
      "link": true
    },
    "node_modules/cliui": {
      "version": "8.0.1",
      "resolved": "https://registry.npmjs.org/cliui/-/cliui-8.0.1.tgz",
      "integrity": "sha512-BSeNnyus75C4//NQ9gQt1/csTXyo/8Sb+afLAkzAptFuMsod9HFokGNudZpi/oQV73hnVK+sR+5PVRMd+Dr7YQ==",
      "license": "ISC",
      "dependencies": {
        "string-width": "^4.2.0",
        "strip-ansi": "^6.0.1",
        "wrap-ansi": "^7.0.0"
      },
      "engines": {
        "node": ">=12"
      }
    },
    "node_modules/color-convert": {
      "version": "2.0.1",
      "resolved": "https://registry.npmjs.org/color-convert/-/color-convert-2.0.1.tgz",
      "integrity": "sha512-RRECPsj7iu/xb5oKYcsFHSppFNnsj/52OVTRKb4zP5onXwVF3zVmmToNcOfGC+CRDpfK/U584fMg38ZHCaElKQ==",
      "license": "MIT",
      "dependencies": {
        "color-name": "~1.1.4"
      },
      "engines": {
        "node": ">=7.0.0"
      }
    },
    "node_modules/color-name": {
      "version": "1.1.4",
      "resolved": "https://registry.npmjs.org/color-name/-/color-name-1.1.4.tgz",
      "integrity": "sha512-dOy+3AuW3a2wNbZHIuMZpTcgjGuLU/uBL/ubcZF9OXbDo8ff4O8yVp5Bf0efS8uEoYo5q4Fx7dY9OgQGXgAsQA==",
      "license": "MIT"
    },
    "node_modules/emoji-regex": {
      "version": "8.0.0",
      "resolved": "https://registry.npmjs.org/emoji-regex/-/emoji-regex-8.0.0.tgz",
      "integrity": "sha512-MSjYzcWNOA0ewAHpz0MxpYFvwg6yjy1NG3xteoqz644VCo/RPgnr1/GGt+ic3iJTzQ8Eu3TdM14SawnVUmGE6A==",
      "license": "MIT"
    },
    "node_modules/escalade": {
      "version": "3.2.0",
      "resolved": "https://registry.npmjs.org/escalade/-/escalade-3.2.0.tgz",
      "integrity": "sha512-WUj2qlxaQtO4g6Pq5c29GTcWGDyd8itL8zTlipgECz3JesAiiOKotd8JU6otB3PACgG6xkJUyVhboMS+bje/jA==",
      "license": "MIT",
      "engines": {
        "node": ">=6"
      }
    },
    "node_modules/fast-xml-parser": {
      "version": "5.2.5",
      "resolved": "https://registry.npmjs.org/fast-xml-parser/-/fast-xml-parser-5.2.5.tgz",
      "integrity": "sha512-pfX9uG9Ki0yekDHx2SiuRIyFdyAr1kMIMitPvb0YBo8SUfKvia7w7FIyd/l6av85pFYRhZscS75MwMnbvY+hcQ==",
      "funding": [
        {
          "type": "github",
          "url": "https://github.com/sponsors/NaturalIntelligence"
        }
      ],
      "license": "MIT",
      "dependencies": {
        "strnum": "^2.1.0"
      },
      "bin": {
        "fxparser": "src/cli/cli.js"
      }
    },
    "node_modules/get-caller-file": {
      "version": "2.0.5",
      "resolved": "https://registry.npmjs.org/get-caller-file/-/get-caller-file-2.0.5.tgz",
      "integrity": "sha512-DyFP3BM/3YHTQOCUL/w0OZHR0lpKeGrxotcHWcqNEdnltqFwXVfhEBQ94eIo34AfQpo0rGki4cyIiftY06h2Fg==",
      "license": "ISC",
      "engines": {
        "node": "6.* || 8.* || >= 10.*"
      }
    },
    "node_modules/is-fullwidth-code-point": {
      "version": "3.0.0",
      "resolved": "https://registry.npmjs.org/is-fullwidth-code-point/-/is-fullwidth-code-point-3.0.0.tgz",
      "integrity": "sha512-zymm5+u+sCsSWyD9qNaejV3DFvhCKclKdizYaJUuHA83RLjb7nSuGnddCHGv0hk+KY7BMAlsWeK4Ueg6EV6XQg==",
      "license": "MIT",
      "engines": {
        "node": ">=8"
      }
    },
    "node_modules/mediainfo.js": {
      "version": "0.1.9",
      "resolved": "https://registry.npmjs.org/mediainfo.js/-/mediainfo.js-0.1.9.tgz",
      "integrity": "sha512-RxTWC5cvfl+TMDM4cG+G7VFIdYfg1X/FLNLujqRERtKMr48Hbmno94fS0A8VP3zANDRXJn88DPWAUFDbcgzIrQ==",
      "license": "BSD-2-Clause",
      "dependencies": {
        "yargs": "^17.6.2"
      },
      "bin": {
        "mediainfo.js": "dist/cli.js"
      }
    },
    "node_modules/punycode": {
      "version": "2.3.1",
      "resolved": "https://registry.npmjs.org/punycode/-/punycode-2.3.1.tgz",
      "integrity": "sha512-vYt7UD1U9Wg6138shLtLOvdAu+8DsC/ilFtEVHcH+wydcSpNE20AfSOduf6MkRFahL5FY7X1oU7nKVZFtfq8Fg==",
      "license": "MIT",
      "engines": {
        "node": ">=6"
      }
    },
    "node_modules/require-directory": {
      "version": "2.1.1",
      "resolved": "https://registry.npmjs.org/require-directory/-/require-directory-2.1.1.tgz",
      "integrity": "sha512-fGxEI7+wsG9xrvdjsrlmL22OMTTiHRwAMroiEeMgq8gzoLC/PQr7RsRDSTLUg/bZAZtF+TVIkHc6/4RIKrui+Q==",
      "license": "MIT",
      "engines": {
        "node": ">=0.10.0"
      }
    },
    "node_modules/string-width": {
      "version": "4.2.3",
      "resolved": "https://registry.npmjs.org/string-width/-/string-width-4.2.3.tgz",
      "integrity": "sha512-wKyQRQpjJ0sIp62ErSZdGsjMJWsap5oRNihHhu6G7JVO/9jIB6UyevL+tXuOqrng8j/cxKTWyWUwvSTriiZz/g==",
      "license": "MIT",
      "dependencies": {
        "emoji-regex": "^8.0.0",
        "is-fullwidth-code-point": "^3.0.0",
        "strip-ansi": "^6.0.1"
      },
      "engines": {
        "node": ">=8"
      }
    },
    "node_modules/strip-ansi": {
      "version": "6.0.1",
      "resolved": "https://registry.npmjs.org/strip-ansi/-/strip-ansi-6.0.1.tgz",
      "integrity": "sha512-Y38VPSHcqkFrCpFnQ9vuSXmquuv5oXOKpGeT6aGrr3o3Gc9AlVa6JBfUSOCnbxGGZF+/0ooI7KrPuUSztUdU5A==",
      "license": "MIT",
      "dependencies": {
        "ansi-regex": "^5.0.1"
      },
      "engines": {
        "node": ">=8"
      }
    },
    "node_modules/strnum": {
      "version": "2.1.1",
      "resolved": "https://registry.npmjs.org/strnum/-/strnum-2.1.1.tgz",
      "integrity": "sha512-7ZvoFTiCnGxBtDqJ//Cu6fWtZtc7Y3x+QOirG15wztbdngGSkht27o2pyGWrVy0b4WAy3jbKmnoK6g5VlVNUUw==",
      "funding": [
        {
          "type": "github",
          "url": "https://github.com/sponsors/NaturalIntelligence"
        }
      ],
      "license": "MIT"
    },
    "node_modules/tslib": {
      "version": "2.8.1",
      "resolved": "https://registry.npmjs.org/tslib/-/tslib-2.8.1.tgz",
      "integrity": "sha512-oJFu94HQb+KVduSUQL7wnpmqnfmLsOA/nAh6b6EH0wCEoK0/mPeXU6c3wKDV83MkOuHPRHtSXKKU99IBazS/2w==",
      "license": "0BSD"
    },
    "node_modules/uri-js": {
      "version": "4.4.1",
      "resolved": "https://registry.npmjs.org/uri-js/-/uri-js-4.4.1.tgz",
      "integrity": "sha512-7rKUyy33Q1yc98pQ1DAmLtwX109F7TIfWlW1Ydo8Wl1ii1SeHieeh0HHfPeL2fMXK6z0s8ecKs9frCuLJvndBg==",
      "license": "BSD-2-Clause",
      "dependencies": {
        "punycode": "^2.1.0"
      }
    },
    "node_modules/uuid": {
      "version": "9.0.1",
      "resolved": "https://registry.npmjs.org/uuid/-/uuid-9.0.1.tgz",
      "integrity": "sha512-b+1eJOlsR9K8HJpow9Ok3fiWOWSIcIzXodvv0rQjVoOVNpWMpxf1wZNpt4y9h10odCNrqnYp1OBzRktckBe3sA==",
      "funding": [
        "https://github.com/sponsors/broofa",
        "https://github.com/sponsors/ctavan"
      ],
      "license": "MIT",
      "bin": {
        "uuid": "dist/bin/uuid"
      }
    },
    "node_modules/wrap-ansi": {
      "version": "7.0.0",
      "resolved": "https://registry.npmjs.org/wrap-ansi/-/wrap-ansi-7.0.0.tgz",
      "integrity": "sha512-YVGIj2kamLSTxw6NsZjoBxfSwsn0ycdesmc4p+Q21c5zPuZ1pl+NfxVdxPtdHvmNVOQ6XSYG4AUtyt/Fi7D16Q==",
      "license": "MIT",
      "dependencies": {
        "ansi-styles": "^4.0.0",
        "string-width": "^4.1.0",
        "strip-ansi": "^6.0.0"
      },
      "engines": {
        "node": ">=10"
      },
      "funding": {
        "url": "https://github.com/chalk/wrap-ansi?sponsor=1"
      }
    },
    "node_modules/y18n": {
      "version": "5.0.8",
      "resolved": "https://registry.npmjs.org/y18n/-/y18n-5.0.8.tgz",
      "integrity": "sha512-0pfFzegeDWJHJIAmTLRP2DwHjdF5s7jo9tuztdQxAhINCdvS+3nGINqPd00AphqJR/0LhANUS6/+7SCb98YOfA==",
      "license": "ISC",
      "engines": {
        "node": ">=10"
      }
    },
    "node_modules/yargs": {
      "version": "17.7.2",
      "resolved": "https://registry.npmjs.org/yargs/-/yargs-17.7.2.tgz",
      "integrity": "sha512-7dSzzRQ++CKnNI/krKnYRV7JKKPUXMEh61soaHKg9mrWEhzFWhFnxPxGl+69cD1Ou63C13NUPCnmIcrvqCuM6w==",
      "license": "MIT",
      "dependencies": {
        "cliui": "^8.0.1",
        "escalade": "^3.1.1",
        "get-caller-file": "^2.0.5",
        "require-directory": "^2.1.1",
        "string-width": "^4.2.3",
        "y18n": "^5.0.5",
        "yargs-parser": "^21.1.1"
      },
      "engines": {
        "node": ">=12"
      }
    },
    "node_modules/yargs-parser": {
      "version": "21.1.1",
      "resolved": "https://registry.npmjs.org/yargs-parser/-/yargs-parser-21.1.1.tgz",
      "integrity": "sha512-tVpsJW7DdjecAiFpbIB1e3qxIQsE6NoPc5/eTdrbbIC4h0LVsWhnoa3g+m2HclBIujHzsxZ4VJVA+GUuc2/LBw==",
      "license": "ISC",
      "engines": {
        "node": ">=12"
      }
    }
  }
}
