{
  "name": "digest-lambda",
  "version": "0.1.0",
  "lockfileVersion": 3,
  "requires": true,
  "packages": {
    "": {
      "name": "digest-lambda",
      "version": "0.1.0",
      "license": "Apache2",
      "dependencies": {
        "aws-s3-shim": "file:../aws-s3-shim"
      }
    },
    "../aws-s3-shim": {
      "name": "aws-shim",
      "version": "0.1.0",
      "license": "Apache2",
      "devDependencies": {
        "@aws-sdk/client-s3": "^3.421.0"
      }
    },
    "node_modules/aws-s3-shim": {
      "resolved": "../aws-s3-shim",
      "link": true
    }
  }
}
