# THIS IS AN AUTOGENERATED FILE. DO NOT EDIT THIS FILE DIRECTLY.
# yarn lockfile v1


lodash@*:
  version "4.17.21"
  resolved "https://registry.yarnpkg.com/lodash/-/lodash-4.17.21.tgz#679591c564c3bffaae8454cf0b3df370c3d6911c"
  integrity sha512-v2kDEe57lecTulaDIuNTPy3Ry4gLGJ6Z1O3vE1krgXZNrsQ+LFTGHVxVjcXPs17LhbZVGedAJv8XZ1tvj5FvSg==

require-hook@^0.1.2:
  version "0.1.2"
  resolved "https://registry.yarnpkg.com/require-hook/-/require-hook-0.1.2.tgz#533715a7b5d84f809fdd4aa81fb0dcd77781fdd5"
  integrity sha1-UzcVp7XYT4Cf3UqoH7Dc13eB/dU=
  dependencies:
    lodash "*"
